[0m[1mdata.azurerm_client_config.current: Reading...[0m[0m
[0m[1mdata.azurerm_client_config.current: Read complete after 0s [id=Y2xpZW50Q29uZmlncy9jbGllbnRJZD0wNGIwNzc5NS04ZGRiLTQ2MWEtYmJlZS0wMmY5ZTFiZjdiNDY7b2JqZWN0SWQ9MTUxZWEwMzAtNTc5OC00MmEwLWEzNWQtNWU3NTk2YzFiZDZlO3N1YnNjcmlwdGlvbklkPTU3ODRiNmE1LWRlM2YtNGZhNC04YjhmLWU1YmI3MGZmNmIyNTt0ZW5hbnRJZD00NTBiYjliZC1mYWY0LTRhN2YtOWZjMS1mNjIxZjM1ZmNlYTg=][0m

Terraform used the selected providers to generate the following execution
plan. Resource actions are indicated with the following symbols:
  [32m+[0m create[0m
 [36m<=[0m read (data resources)[0m

Terraform will perform the following actions:

[1m  # azapi_resource.dev_workspace_to_dev_registry_outbound_rule[0m will be created
[0m  [32m+[0m[0m resource "azapi_resource" "dev_workspace_to_dev_registry_outbound_rule" {
      [32m+[0m[0m body                      = {
          [32m+[0m[0m properties = {
              [32m+[0m[0m category    = "UserDefined"
              [32m+[0m[0m destination = {
                  [32m+[0m[0m serviceResourceId = (known after apply)
                  [32m+[0m[0m subresourceTarget = "amlregistry"
                }
              [32m+[0m[0m type        = "PrivateEndpoint"
            }
        }
      [32m+[0m[0m id                        = (known after apply)
      [32m+[0m[0m ignore_casing             = false
      [32m+[0m[0m ignore_missing_property   = true
      [32m+[0m[0m location                  = (known after apply)
      [32m+[0m[0m name                      = "AllowDevRegistryAccess"
      [32m+[0m[0m output                    = (known after apply)
      [32m+[0m[0m parent_id                 = (known after apply)
      [32m+[0m[0m schema_validation_enabled = true
      [32m+[0m[0m tags                      = (known after apply)
      [32m+[0m[0m type                      = "Microsoft.MachineLearningServices/workspaces/outboundRules@2024-10-01-preview"
    }

[1m  # azapi_resource.prod_workspace_to_dev_registry_outbound_rule[0m will be created
[0m  [32m+[0m[0m resource "azapi_resource" "prod_workspace_to_dev_registry_outbound_rule" {
      [32m+[0m[0m body                      = {
          [32m+[0m[0m properties = {
              [32m+[0m[0m category    = "UserDefined"
              [32m+[0m[0m destination = {
                  [32m+[0m[0m serviceResourceId = (known after apply)
                  [32m+[0m[0m subresourceTarget = "amlregistry"
                }
              [32m+[0m[0m type        = "PrivateEndpoint"
            }
        }
      [32m+[0m[0m id                        = (known after apply)
      [32m+[0m[0m ignore_casing             = false
      [32m+[0m[0m ignore_missing_property   = true
      [32m+[0m[0m location                  = (known after apply)
      [32m+[0m[0m name                      = "AllowDevRegistryAccess"
      [32m+[0m[0m output                    = (known after apply)
      [32m+[0m[0m parent_id                 = (known after apply)
      [32m+[0m[0m schema_validation_enabled = true
      [32m+[0m[0m tags                      = (known after apply)
      [32m+[0m[0m type                      = "Microsoft.MachineLearningServices/workspaces/outboundRules@2024-10-01-preview"
    }

[1m  # azapi_resource.prod_workspace_to_prod_registry_outbound_rule[0m will be created
[0m  [32m+[0m[0m resource "azapi_resource" "prod_workspace_to_prod_registry_outbound_rule" {
      [32m+[0m[0m body                      = {
          [32m+[0m[0m properties = {
              [32m+[0m[0m category    = "UserDefined"
              [32m+[0m[0m destination = {
                  [32m+[0m[0m serviceResourceId = (known after apply)
                  [32m+[0m[0m subresourceTarget = "amlregistry"
                }
              [32m+[0m[0m type        = "PrivateEndpoint"
            }
        }
      [32m+[0m[0m id                        = (known after apply)
      [32m+[0m[0m ignore_casing             = false
      [32m+[0m[0m ignore_missing_property   = true
      [32m+[0m[0m location                  = (known after apply)
      [32m+[0m[0m name                      = "AllowProdRegistryAccess"
      [32m+[0m[0m output                    = (known after apply)
      [32m+[0m[0m parent_id                 = (known after apply)
      [32m+[0m[0m schema_validation_enabled = true
      [32m+[0m[0m tags                      = (known after apply)
      [32m+[0m[0m type                      = "Microsoft.MachineLearningServices/workspaces/outboundRules@2024-10-01-preview"
    }

[1m  # azuread_application.deployment_sp_app[0m will be created
[0m  [32m+[0m[0m resource "azuread_application" "deployment_sp_app" {
      [32m+[0m[0m app_role_ids                = (known after apply)
      [32m+[0m[0m client_id                   = (known after apply)
      [32m+[0m[0m description                 = "Service Principal for Azure ML platform deployment automation (all environments)"
      [32m+[0m[0m disabled_by_microsoft       = (known after apply)
      [32m+[0m[0m display_name                = "sp-aml-deployment-platform"
      [32m+[0m[0m id                          = (known after apply)
      [32m+[0m[0m logo_url                    = (known after apply)
      [32m+[0m[0m oauth2_permission_scope_ids = (known after apply)
      [32m+[0m[0m object_id                   = (known after apply)
      [32m+[0m[0m owners                      = [
          [32m+[0m[0m "151ea030-5798-42a0-a35d-5e7596c1bd6e",
        ]
      [32m+[0m[0m prevent_duplicate_names     = false
      [32m+[0m[0m publisher_domain            = (known after apply)
      [32m+[0m[0m sign_in_audience            = "AzureADMyOrg"
      [32m+[0m[0m tags                        = [
          [32m+[0m[0m "ManagedBy:Terraform",
          [32m+[0m[0m "Purpose:MLOps-Deployment",
          [32m+[0m[0m "Scope:AllEnvironments",
        ]
      [32m+[0m[0m template_id                 = (known after apply)

      [32m+[0m[0m feature_tags (known after apply)
    }

[1m  # azuread_application_password.deployment_sp_secret[0m will be created
[0m  [32m+[0m[0m resource "azuread_application_password" "deployment_sp_secret" {
      [32m+[0m[0m application_id = (known after apply)
      [32m+[0m[0m display_name   = "Terraform Deployment Secret - Platform"
      [32m+[0m[0m end_date       = (known after apply)
      [32m+[0m[0m id             = (known after apply)
      [32m+[0m[0m key_id         = (known after apply)
      [32m+[0m[0m start_date     = (known after apply)
      [32m+[0m[0m value          = (sensitive value)
    }

[1m  # azuread_service_principal.deployment_sp[0m will be created
[0m  [32m+[0m[0m resource "azuread_service_principal" "deployment_sp" {
      [32m+[0m[0m account_enabled              = true
      [32m+[0m[0m app_role_assignment_required = false
      [32m+[0m[0m app_role_ids                 = (known after apply)
      [32m+[0m[0m app_roles                    = (known after apply)
      [32m+[0m[0m application_tenant_id        = (known after apply)
      [32m+[0m[0m client_id                    = (known after apply)
      [32m+[0m[0m description                  = "Service Principal for Azure ML platform deployment via Terraform (all environments)"
      [32m+[0m[0m display_name                 = (known after apply)
      [32m+[0m[0m homepage_url                 = (known after apply)
      [32m+[0m[0m id                           = (known after apply)
      [32m+[0m[0m logout_url                   = (known after apply)
      [32m+[0m[0m oauth2_permission_scope_ids  = (known after apply)
      [32m+[0m[0m oauth2_permission_scopes     = (known after apply)
      [32m+[0m[0m object_id                    = (known after apply)
      [32m+[0m[0m owners                       = [
          [32m+[0m[0m "151ea030-5798-42a0-a35d-5e7596c1bd6e",
        ]
      [32m+[0m[0m redirect_uris                = (known after apply)
      [32m+[0m[0m saml_metadata_url            = (known after apply)
      [32m+[0m[0m service_principal_names      = (known after apply)
      [32m+[0m[0m sign_in_audience             = (known after apply)
      [32m+[0m[0m tags                         = [
          [32m+[0m[0m "ManagedBy:Terraform",
          [32m+[0m[0m "Purpose:MLOps-Deployment",
          [32m+[0m[0m "Scope:AllEnvironments",
        ]
      [32m+[0m[0m type                         = (known after apply)

      [32m+[0m[0m feature_tags (known after apply)

      [32m+[0m[0m features (known after apply)
    }

[1m  # azurerm_bastion_host.prod[0m will be created
[0m  [32m+[0m[0m resource "azurerm_bastion_host" "prod" {
      [32m+[0m[0m copy_paste_enabled        = true
      [32m+[0m[0m dns_name                  = (known after apply)
      [32m+[0m[0m file_copy_enabled         = false
      [32m+[0m[0m id                        = (known after apply)
      [32m+[0m[0m ip_connect_enabled        = false
      [32m+[0m[0m kerberos_enabled          = false
      [32m+[0m[0m location                  = "canadacentral"
      [32m+[0m[0m name                      = "bas-aml-prod-cc03"
      [32m+[0m[0m resource_group_name       = "rg-aml-vnet-prod-cc-03"
      [32m+[0m[0m scale_units               = 2
      [32m+[0m[0m session_recording_enabled = false
      [32m+[0m[0m shareable_link_enabled    = false
      [32m+[0m[0m sku                       = "Standard"
      [32m+[0m[0m tags                      = {
          [32m+[0m[0m "component"   = "bastion"
          [32m+[0m[0m "created_by"  = "terraform"
          [32m+[0m[0m "deployment"  = "flat-vnet-bastion"
          [32m+[0m[0m "environment" = "production"
          [32m+[0m[0m "owner"       = "ml-team"
          [32m+[0m[0m "project"     = "ml-platform"
          [32m+[0m[0m "purpose"     = "prod"
        }
      [32m+[0m[0m tunneling_enabled         = false

      [32m+[0m[0m ip_configuration {
          [32m+[0m[0m name                 = "configuration"
          [32m+[0m[0m public_ip_address_id = (known after apply)
          [32m+[0m[0m subnet_id            = (known after apply)
        }
    }

[1m  # azurerm_log_analytics_workspace.dev_logs[0m will be created
[0m  [32m+[0m[0m resource "azurerm_log_analytics_workspace" "dev_logs" {
      [32m+[0m[0m allow_resource_only_permissions = true
      [32m+[0m[0m daily_quota_gb                  = -1
      [32m+[0m[0m id                              = (known after apply)
      [32m+[0m[0m internet_ingestion_enabled      = true
      [32m+[0m[0m internet_query_enabled          = true
      [32m+[0m[0m local_authentication_disabled   = false
      [32m+[0m[0m location                        = "canadacentral"
      [32m+[0m[0m name                            = "log-aml-dev-cc03"
      [32m+[0m[0m primary_shared_key              = (sensitive value)
      [32m+[0m[0m resource_group_name             = "rg-aml-ws-dev-cc-03"
      [32m+[0m[0m retention_in_days               = 30
      [32m+[0m[0m secondary_shared_key            = (sensitive value)
      [32m+[0m[0m sku                             = "PerGB2018"
      [32m+[0m[0m tags                            = {
          [32m+[0m[0m "created_by"  = "terraform"
          [32m+[0m[0m "deployment"  = "flat-vnet-bastion"
          [32m+[0m[0m "environment" = "development"
          [32m+[0m[0m "owner"       = "ml-team"
          [32m+[0m[0m "project"     = "ml-platform"
          [32m+[0m[0m "purpose"     = "logs"
        }
      [32m+[0m[0m workspace_id                    = (known after apply)
    }

[1m  # azurerm_log_analytics_workspace.prod_logs[0m will be created
[0m  [32m+[0m[0m resource "azurerm_log_analytics_workspace" "prod_logs" {
      [32m+[0m[0m allow_resource_only_permissions = true
      [32m+[0m[0m daily_quota_gb                  = -1
      [32m+[0m[0m id                              = (known after apply)
      [32m+[0m[0m internet_ingestion_enabled      = true
      [32m+[0m[0m internet_query_enabled          = true
      [32m+[0m[0m local_authentication_disabled   = false
      [32m+[0m[0m location                        = "canadacentral"
      [32m+[0m[0m name                            = "log-aml-prod-cc03"
      [32m+[0m[0m primary_shared_key              = (sensitive value)
      [32m+[0m[0m resource_group_name             = "rg-aml-ws-prod-cc-03"
      [32m+[0m[0m retention_in_days               = 30
      [32m+[0m[0m secondary_shared_key            = (sensitive value)
      [32m+[0m[0m sku                             = "PerGB2018"
      [32m+[0m[0m tags                            = {
          [32m+[0m[0m "created_by"  = "terraform"
          [32m+[0m[0m "deployment"  = "flat-vnet-bastion"
          [32m+[0m[0m "environment" = "production"
          [32m+[0m[0m "owner"       = "ml-team"
          [32m+[0m[0m "project"     = "ml-platform"
          [32m+[0m[0m "purpose"     = "logs"
        }
      [32m+[0m[0m workspace_id                    = (known after apply)
    }

[1m  # azurerm_network_interface.prod_vm_nic[0m will be created
[0m  [32m+[0m[0m resource "azurerm_network_interface" "prod_vm_nic" {
      [32m+[0m[0m accelerated_networking_enabled = false
      [32m+[0m[0m applied_dns_servers            = (known after apply)
      [32m+[0m[0m id                             = (known after apply)
      [32m+[0m[0m internal_domain_name_suffix    = (known after apply)
      [32m+[0m[0m ip_forwarding_enabled          = false
      [32m+[0m[0m location                       = "canadacentral"
      [32m+[0m[0m mac_address                    = (known after apply)
      [32m+[0m[0m name                           = "nic-aml-vm-prod-cc03"
      [32m+[0m[0m private_ip_address             = (known after apply)
      [32m+[0m[0m private_ip_addresses           = (known after apply)
      [32m+[0m[0m resource_group_name            = "rg-aml-vnet-prod-cc-03"
      [32m+[0m[0m tags                           = {
          [32m+[0m[0m "component"   = "vm"
          [32m+[0m[0m "created_by"  = "terraform"
          [32m+[0m[0m "deployment"  = "flat-vnet-bastion"
          [32m+[0m[0m "environment" = "production"
          [32m+[0m[0m "owner"       = "ml-team"
          [32m+[0m[0m "project"     = "ml-platform"
          [32m+[0m[0m "purpose"     = "prod"
        }
      [32m+[0m[0m virtual_machine_id             = (known after apply)

      [32m+[0m[0m ip_configuration {
          [32m+[0m[0m gateway_load_balancer_frontend_ip_configuration_id = (known after apply)
          [32m+[0m[0m name                                               = "ipconfig1"
          [32m+[0m[0m primary                                            = (known after apply)
          [32m+[0m[0m private_ip_address                                 = (known after apply)
          [32m+[0m[0m private_ip_address_allocation                      = "Dynamic"
          [32m+[0m[0m private_ip_address_version                         = "IPv4"
          [32m+[0m[0m subnet_id                                          = (known after apply)
        }
    }

[1m  # azurerm_network_security_group.prod_vm_nsg[0m will be created
[0m  [32m+[0m[0m resource "azurerm_network_security_group" "prod_vm_nsg" {
      [32m+[0m[0m id                  = (known after apply)
      [32m+[0m[0m location            = "canadacentral"
      [32m+[0m[0m name                = "nsg-aml-vm-prod-cc03"
      [32m+[0m[0m resource_group_name = "rg-aml-vnet-prod-cc-03"
      [32m+[0m[0m security_rule       = [
          [32m+[0m[0m {
              [32m+[0m[0m access                                     = "Allow"
              [32m+[0m[0m destination_address_prefix                 = "*"
              [32m+[0m[0m destination_address_prefixes               = []
              [32m+[0m[0m destination_application_security_group_ids = []
              [32m+[0m[0m destination_port_range                     = "3389"
              [32m+[0m[0m destination_port_ranges                    = []
              [32m+[0m[0m direction                                  = "Inbound"
              [32m+[0m[0m name                                       = "allow-bastion-rdp"
              [32m+[0m[0m priority                                   = 200
              [32m+[0m[0m protocol                                   = "Tcp"
              [32m+[0m[0m source_address_prefix                      = "10.2.2.0/26"
              [32m+[0m[0m source_address_prefixes                    = []
              [32m+[0m[0m source_application_security_group_ids      = []
              [32m+[0m[0m source_port_range                          = "*"
              [32m+[0m[0m source_port_ranges                         = []
                [90m# (1 unchanged attribute hidden)[0m[0m
            },
          [32m+[0m[0m {
              [32m+[0m[0m access                                     = "Allow"
              [32m+[0m[0m destination_address_prefix                 = "Internet"
              [32m+[0m[0m destination_address_prefixes               = []
              [32m+[0m[0m destination_application_security_group_ids = []
              [32m+[0m[0m destination_port_range                     = "*"
              [32m+[0m[0m destination_port_ranges                    = []
              [32m+[0m[0m direction                                  = "Outbound"
              [32m+[0m[0m name                                       = "allow-outbound-internet"
              [32m+[0m[0m priority                                   = 100
              [32m+[0m[0m protocol                                   = "*"
              [32m+[0m[0m source_address_prefix                      = "*"
              [32m+[0m[0m source_address_prefixes                    = []
              [32m+[0m[0m source_application_security_group_ids      = []
              [32m+[0m[0m source_port_range                          = "*"
              [32m+[0m[0m source_port_ranges                         = []
                [90m# (1 unchanged attribute hidden)[0m[0m
            },
          [32m+[0m[0m {
              [32m+[0m[0m access                                     = "Deny"
              [32m+[0m[0m destination_address_prefix                 = "*"
              [32m+[0m[0m destination_address_prefixes               = []
              [32m+[0m[0m destination_application_security_group_ids = []
              [32m+[0m[0m destination_port_range                     = "*"
              [32m+[0m[0m destination_port_ranges                    = []
              [32m+[0m[0m direction                                  = "Inbound"
              [32m+[0m[0m name                                       = "deny-inbound-all"
              [32m+[0m[0m priority                                   = 4096
              [32m+[0m[0m protocol                                   = "*"
              [32m+[0m[0m source_address_prefix                      = "*"
              [32m+[0m[0m source_address_prefixes                    = []
              [32m+[0m[0m source_application_security_group_ids      = []
              [32m+[0m[0m source_port_range                          = "*"
              [32m+[0m[0m source_port_ranges                         = []
                [90m# (1 unchanged attribute hidden)[0m[0m
            },
        ]
      [32m+[0m[0m tags                = {
          [32m+[0m[0m "component"   = "vm"
          [32m+[0m[0m "created_by"  = "terraform"
          [32m+[0m[0m "deployment"  = "flat-vnet-bastion"
          [32m+[0m[0m "environment" = "production"
          [32m+[0m[0m "owner"       = "ml-team"
          [32m+[0m[0m "project"     = "ml-platform"
          [32m+[0m[0m "purpose"     = "prod"
        }
    }

[1m  # azurerm_private_dns_a_record.shared_aml_instances_wildcard[0m will be created
[0m  [32m+[0m[0m resource "azurerm_private_dns_a_record" "shared_aml_instances_wildcard" {
      [32m+[0m[0m fqdn                = (known after apply)
      [32m+[0m[0m id                  = (known after apply)
      [32m+[0m[0m name                = "*.canadacentral"
      [32m+[0m[0m records             = (known after apply)
      [32m+[0m[0m resource_group_name = "rg-aml-dns-shared-cc-03"
      [32m+[0m[0m ttl                 = 10
      [32m+[0m[0m zone_name           = "instances.azureml.ms"
    }

[1m  # azurerm_private_dns_zone.shared_acr[0m will be created
[0m  [32m+[0m[0m resource "azurerm_private_dns_zone" "shared_acr" {
      [32m+[0m[0m id                                                    = (known after apply)
      [32m+[0m[0m max_number_of_record_sets                             = (known after apply)
      [32m+[0m[0m max_number_of_virtual_network_links                   = (known after apply)
      [32m+[0m[0m max_number_of_virtual_network_links_with_registration = (known after apply)
      [32m+[0m[0m name                                                  = "privatelink.azurecr.io"
      [32m+[0m[0m number_of_record_sets                                 = (known after apply)
      [32m+[0m[0m resource_group_name                                   = "rg-aml-dns-shared-cc-03"
      [32m+[0m[0m tags                                                  = {
          [32m+[0m[0m "created_by"  = "terraform"
          [32m+[0m[0m "deployment"  = "flat-vnet-bastion"
          [32m+[0m[0m "environment" = "shared"
          [32m+[0m[0m "owner"       = "ml-team"
          [32m+[0m[0m "project"     = "ml-platform"
          [32m+[0m[0m "scope"       = "acr"
        }

      [32m+[0m[0m soa_record (known after apply)
    }

[1m  # azurerm_private_dns_zone.shared_aml_api[0m will be created
[0m  [32m+[0m[0m resource "azurerm_private_dns_zone" "shared_aml_api" {
      [32m+[0m[0m id                                                    = (known after apply)
      [32m+[0m[0m max_number_of_record_sets                             = (known after apply)
      [32m+[0m[0m max_number_of_virtual_network_links                   = (known after apply)
      [32m+[0m[0m max_number_of_virtual_network_links_with_registration = (known after apply)
      [32m+[0m[0m name                                                  = "privatelink.api.azureml.ms"
      [32m+[0m[0m number_of_record_sets                                 = (known after apply)
      [32m+[0m[0m resource_group_name                                   = "rg-aml-dns-shared-cc-03"
      [32m+[0m[0m tags                                                  = {
          [32m+[0m[0m "created_by"  = "terraform"
          [32m+[0m[0m "deployment"  = "flat-vnet-bastion"
          [32m+[0m[0m "environment" = "shared"
          [32m+[0m[0m "owner"       = "ml-team"
          [32m+[0m[0m "project"     = "ml-platform"
          [32m+[0m[0m "scope"       = "aml-api"
        }

      [32m+[0m[0m soa_record (known after apply)
    }

[1m  # azurerm_private_dns_zone.shared_aml_instances[0m will be created
[0m  [32m+[0m[0m resource "azurerm_private_dns_zone" "shared_aml_instances" {
      [32m+[0m[0m id                                                    = (known after apply)
      [32m+[0m[0m max_number_of_record_sets                             = (known after apply)
      [32m+[0m[0m max_number_of_virtual_network_links                   = (known after apply)
      [32m+[0m[0m max_number_of_virtual_network_links_with_registration = (known after apply)
      [32m+[0m[0m name                                                  = "instances.azureml.ms"
      [32m+[0m[0m number_of_record_sets                                 = (known after apply)
      [32m+[0m[0m resource_group_name                                   = "rg-aml-dns-shared-cc-03"
      [32m+[0m[0m tags                                                  = {
          [32m+[0m[0m "created_by"  = "terraform"
          [32m+[0m[0m "deployment"  = "flat-vnet-bastion"
          [32m+[0m[0m "environment" = "shared"
          [32m+[0m[0m "owner"       = "ml-team"
          [32m+[0m[0m "project"     = "ml-platform"
          [32m+[0m[0m "scope"       = "aml-instances"
        }

      [32m+[0m[0m soa_record (known after apply)
    }

[1m  # azurerm_private_dns_zone.shared_aml_notebooks[0m will be created
[0m  [32m+[0m[0m resource "azurerm_private_dns_zone" "shared_aml_notebooks" {
      [32m+[0m[0m id                                                    = (known after apply)
      [32m+[0m[0m max_number_of_record_sets                             = (known after apply)
      [32m+[0m[0m max_number_of_virtual_network_links                   = (known after apply)
      [32m+[0m[0m max_number_of_virtual_network_links_with_registration = (known after apply)
      [32m+[0m[0m name                                                  = "privatelink.notebooks.azure.net"
      [32m+[0m[0m number_of_record_sets                                 = (known after apply)
      [32m+[0m[0m resource_group_name                                   = "rg-aml-dns-shared-cc-03"
      [32m+[0m[0m tags                                                  = {
          [32m+[0m[0m "created_by"  = "terraform"
          [32m+[0m[0m "deployment"  = "flat-vnet-bastion"
          [32m+[0m[0m "environment" = "shared"
          [32m+[0m[0m "owner"       = "ml-team"
          [32m+[0m[0m "project"     = "ml-platform"
          [32m+[0m[0m "scope"       = "aml-notebooks"
        }

      [32m+[0m[0m soa_record (known after apply)
    }

[1m  # azurerm_private_dns_zone.shared_blob[0m will be created
[0m  [32m+[0m[0m resource "azurerm_private_dns_zone" "shared_blob" {
      [32m+[0m[0m id                                                    = (known after apply)
      [32m+[0m[0m max_number_of_record_sets                             = (known after apply)
      [32m+[0m[0m max_number_of_virtual_network_links                   = (known after apply)
      [32m+[0m[0m max_number_of_virtual_network_links_with_registration = (known after apply)
      [32m+[0m[0m name                                                  = "privatelink.blob.core.windows.net"
      [32m+[0m[0m number_of_record_sets                                 = (known after apply)
      [32m+[0m[0m resource_group_name                                   = "rg-aml-dns-shared-cc-03"
      [32m+[0m[0m tags                                                  = {
          [32m+[0m[0m "created_by"  = "terraform"
          [32m+[0m[0m "deployment"  = "flat-vnet-bastion"
          [32m+[0m[0m "environment" = "shared"
          [32m+[0m[0m "owner"       = "ml-team"
          [32m+[0m[0m "project"     = "ml-platform"
          [32m+[0m[0m "scope"       = "blob"
        }

      [32m+[0m[0m soa_record (known after apply)
    }

[1m  # azurerm_private_dns_zone.shared_file[0m will be created
[0m  [32m+[0m[0m resource "azurerm_private_dns_zone" "shared_file" {
      [32m+[0m[0m id                                                    = (known after apply)
      [32m+[0m[0m max_number_of_record_sets                             = (known after apply)
      [32m+[0m[0m max_number_of_virtual_network_links                   = (known after apply)
      [32m+[0m[0m max_number_of_virtual_network_links_with_registration = (known after apply)
      [32m+[0m[0m name                                                  = "privatelink.file.core.windows.net"
      [32m+[0m[0m number_of_record_sets                                 = (known after apply)
      [32m+[0m[0m resource_group_name                                   = "rg-aml-dns-shared-cc-03"
      [32m+[0m[0m tags                                                  = {
          [32m+[0m[0m "created_by"  = "terraform"
          [32m+[0m[0m "deployment"  = "flat-vnet-bastion"
          [32m+[0m[0m "environment" = "shared"
          [32m+[0m[0m "owner"       = "ml-team"
          [32m+[0m[0m "project"     = "ml-platform"
          [32m+[0m[0m "scope"       = "file"
        }

      [32m+[0m[0m soa_record (known after apply)
    }

[1m  # azurerm_private_dns_zone.shared_queue[0m will be created
[0m  [32m+[0m[0m resource "azurerm_private_dns_zone" "shared_queue" {
      [32m+[0m[0m id                                                    = (known after apply)
      [32m+[0m[0m max_number_of_record_sets                             = (known after apply)
      [32m+[0m[0m max_number_of_virtual_network_links                   = (known after apply)
      [32m+[0m[0m max_number_of_virtual_network_links_with_registration = (known after apply)
      [32m+[0m[0m name                                                  = "privatelink.queue.core.windows.net"
      [32m+[0m[0m number_of_record_sets                                 = (known after apply)
      [32m+[0m[0m resource_group_name                                   = "rg-aml-dns-shared-cc-03"
      [32m+[0m[0m tags                                                  = {
          [32m+[0m[0m "created_by"  = "terraform"
          [32m+[0m[0m "deployment"  = "flat-vnet-bastion"
          [32m+[0m[0m "environment" = "shared"
          [32m+[0m[0m "owner"       = "ml-team"
          [32m+[0m[0m "project"     = "ml-platform"
          [32m+[0m[0m "scope"       = "queue"
        }

      [32m+[0m[0m soa_record (known after apply)
    }

[1m  # azurerm_private_dns_zone.shared_table[0m will be created
[0m  [32m+[0m[0m resource "azurerm_private_dns_zone" "shared_table" {
      [32m+[0m[0m id                                                    = (known after apply)
      [32m+[0m[0m max_number_of_record_sets                             = (known after apply)
      [32m+[0m[0m max_number_of_virtual_network_links                   = (known after apply)
      [32m+[0m[0m max_number_of_virtual_network_links_with_registration = (known after apply)
      [32m+[0m[0m name                                                  = "privatelink.table.core.windows.net"
      [32m+[0m[0m number_of_record_sets                                 = (known after apply)
      [32m+[0m[0m resource_group_name                                   = "rg-aml-dns-shared-cc-03"
      [32m+[0m[0m tags                                                  = {
          [32m+[0m[0m "created_by"  = "terraform"
          [32m+[0m[0m "deployment"  = "flat-vnet-bastion"
          [32m+[0m[0m "environment" = "shared"
          [32m+[0m[0m "owner"       = "ml-team"
          [32m+[0m[0m "project"     = "ml-platform"
          [32m+[0m[0m "scope"       = "table"
        }

      [32m+[0m[0m soa_record (known after apply)
    }

[1m  # azurerm_private_dns_zone.shared_vault[0m will be created
[0m  [32m+[0m[0m resource "azurerm_private_dns_zone" "shared_vault" {
      [32m+[0m[0m id                                                    = (known after apply)
      [32m+[0m[0m max_number_of_record_sets                             = (known after apply)
      [32m+[0m[0m max_number_of_virtual_network_links                   = (known after apply)
      [32m+[0m[0m max_number_of_virtual_network_links_with_registration = (known after apply)
      [32m+[0m[0m name                                                  = "privatelink.vaultcore.azure.net"
      [32m+[0m[0m number_of_record_sets                                 = (known after apply)
      [32m+[0m[0m resource_group_name                                   = "rg-aml-dns-shared-cc-03"
      [32m+[0m[0m tags                                                  = {
          [32m+[0m[0m "created_by"  = "terraform"
          [32m+[0m[0m "deployment"  = "flat-vnet-bastion"
          [32m+[0m[0m "environment" = "shared"
          [32m+[0m[0m "owner"       = "ml-team"
          [32m+[0m[0m "project"     = "ml-platform"
          [32m+[0m[0m "scope"       = "vaultcore"
        }

      [32m+[0m[0m soa_record (known after apply)
    }

[1m  # azurerm_private_dns_zone_virtual_network_link.shared_dev_acr[0m will be created
[0m  [32m+[0m[0m resource "azurerm_private_dns_zone_virtual_network_link" "shared_dev_acr" {
      [32m+[0m[0m id                    = (known after apply)
      [32m+[0m[0m name                  = "dev-shared-acr"
      [32m+[0m[0m private_dns_zone_name = "privatelink.azurecr.io"
      [32m+[0m[0m registration_enabled  = false
      [32m+[0m[0m resource_group_name   = "rg-aml-dns-shared-cc-03"
      [32m+[0m[0m tags                  = {
          [32m+[0m[0m "created_by"  = "terraform"
          [32m+[0m[0m "deployment"  = "flat-vnet-bastion"
          [32m+[0m[0m "environment" = "development"
          [32m+[0m[0m "owner"       = "ml-team"
          [32m+[0m[0m "project"     = "ml-platform"
          [32m+[0m[0m "scope"       = "dev-acr-shared"
        }
      [32m+[0m[0m virtual_network_id    = (known after apply)
    }

[1m  # azurerm_private_dns_zone_virtual_network_link.shared_dev_api[0m will be created
[0m  [32m+[0m[0m resource "azurerm_private_dns_zone_virtual_network_link" "shared_dev_api" {
      [32m+[0m[0m id                    = (known after apply)
      [32m+[0m[0m name                  = "dev-shared-aml-api"
      [32m+[0m[0m private_dns_zone_name = "privatelink.api.azureml.ms"
      [32m+[0m[0m registration_enabled  = false
      [32m+[0m[0m resource_group_name   = "rg-aml-dns-shared-cc-03"
      [32m+[0m[0m tags                  = {
          [32m+[0m[0m "created_by"  = "terraform"
          [32m+[0m[0m "deployment"  = "flat-vnet-bastion"
          [32m+[0m[0m "environment" = "development"
          [32m+[0m[0m "owner"       = "ml-team"
          [32m+[0m[0m "project"     = "ml-platform"
          [32m+[0m[0m "scope"       = "dev-aml-api-shared"
        }
      [32m+[0m[0m virtual_network_id    = (known after apply)
    }

[1m  # azurerm_private_dns_zone_virtual_network_link.shared_dev_blob[0m will be created
[0m  [32m+[0m[0m resource "azurerm_private_dns_zone_virtual_network_link" "shared_dev_blob" {
      [32m+[0m[0m id                    = (known after apply)
      [32m+[0m[0m name                  = "dev-shared-blob"
      [32m+[0m[0m private_dns_zone_name = "privatelink.blob.core.windows.net"
      [32m+[0m[0m registration_enabled  = false
      [32m+[0m[0m resource_group_name   = "rg-aml-dns-shared-cc-03"
      [32m+[0m[0m tags                  = {
          [32m+[0m[0m "created_by"  = "terraform"
          [32m+[0m[0m "deployment"  = "flat-vnet-bastion"
          [32m+[0m[0m "environment" = "development"
          [32m+[0m[0m "owner"       = "ml-team"
          [32m+[0m[0m "project"     = "ml-platform"
          [32m+[0m[0m "scope"       = "dev-blob-shared"
        }
      [32m+[0m[0m virtual_network_id    = (known after apply)
    }

[1m  # azurerm_private_dns_zone_virtual_network_link.shared_dev_file[0m will be created
[0m  [32m+[0m[0m resource "azurerm_private_dns_zone_virtual_network_link" "shared_dev_file" {
      [32m+[0m[0m id                    = (known after apply)
      [32m+[0m[0m name                  = "dev-shared-file"
      [32m+[0m[0m private_dns_zone_name = "privatelink.file.core.windows.net"
      [32m+[0m[0m registration_enabled  = false
      [32m+[0m[0m resource_group_name   = "rg-aml-dns-shared-cc-03"
      [32m+[0m[0m tags                  = {
          [32m+[0m[0m "created_by"  = "terraform"
          [32m+[0m[0m "deployment"  = "flat-vnet-bastion"
          [32m+[0m[0m "environment" = "development"
          [32m+[0m[0m "owner"       = "ml-team"
          [32m+[0m[0m "project"     = "ml-platform"
          [32m+[0m[0m "scope"       = "dev-file-shared"
        }
      [32m+[0m[0m virtual_network_id    = (known after apply)
    }

[1m  # azurerm_private_dns_zone_virtual_network_link.shared_dev_instances[0m will be created
[0m  [32m+[0m[0m resource "azurerm_private_dns_zone_virtual_network_link" "shared_dev_instances" {
      [32m+[0m[0m id                    = (known after apply)
      [32m+[0m[0m name                  = "dev-shared-aml-instances"
      [32m+[0m[0m private_dns_zone_name = "instances.azureml.ms"
      [32m+[0m[0m registration_enabled  = false
      [32m+[0m[0m resource_group_name   = "rg-aml-dns-shared-cc-03"
      [32m+[0m[0m tags                  = {
          [32m+[0m[0m "created_by"  = "terraform"
          [32m+[0m[0m "deployment"  = "flat-vnet-bastion"
          [32m+[0m[0m "environment" = "development"
          [32m+[0m[0m "owner"       = "ml-team"
          [32m+[0m[0m "project"     = "ml-platform"
          [32m+[0m[0m "scope"       = "dev-aml-instances-shared"
        }
      [32m+[0m[0m virtual_network_id    = (known after apply)
    }

[1m  # azurerm_private_dns_zone_virtual_network_link.shared_dev_notebooks[0m will be created
[0m  [32m+[0m[0m resource "azurerm_private_dns_zone_virtual_network_link" "shared_dev_notebooks" {
      [32m+[0m[0m id                    = (known after apply)
      [32m+[0m[0m name                  = "dev-shared-aml-notebooks"
      [32m+[0m[0m private_dns_zone_name = "privatelink.notebooks.azure.net"
      [32m+[0m[0m registration_enabled  = false
      [32m+[0m[0m resource_group_name   = "rg-aml-dns-shared-cc-03"
      [32m+[0m[0m tags                  = {
          [32m+[0m[0m "created_by"  = "terraform"
          [32m+[0m[0m "deployment"  = "flat-vnet-bastion"
          [32m+[0m[0m "environment" = "development"
          [32m+[0m[0m "owner"       = "ml-team"
          [32m+[0m[0m "project"     = "ml-platform"
          [32m+[0m[0m "scope"       = "dev-aml-notebooks-shared"
        }
      [32m+[0m[0m virtual_network_id    = (known after apply)
    }

[1m  # azurerm_private_dns_zone_virtual_network_link.shared_dev_queue[0m will be created
[0m  [32m+[0m[0m resource "azurerm_private_dns_zone_virtual_network_link" "shared_dev_queue" {
      [32m+[0m[0m id                    = (known after apply)
      [32m+[0m[0m name                  = "dev-shared-queue"
      [32m+[0m[0m private_dns_zone_name = "privatelink.queue.core.windows.net"
      [32m+[0m[0m registration_enabled  = false
      [32m+[0m[0m resource_group_name   = "rg-aml-dns-shared-cc-03"
      [32m+[0m[0m tags                  = {
          [32m+[0m[0m "created_by"  = "terraform"
          [32m+[0m[0m "deployment"  = "flat-vnet-bastion"
          [32m+[0m[0m "environment" = "development"
          [32m+[0m[0m "owner"       = "ml-team"
          [32m+[0m[0m "project"     = "ml-platform"
          [32m+[0m[0m "scope"       = "dev-queue-shared"
        }
      [32m+[0m[0m virtual_network_id    = (known after apply)
    }

[1m  # azurerm_private_dns_zone_virtual_network_link.shared_dev_table[0m will be created
[0m  [32m+[0m[0m resource "azurerm_private_dns_zone_virtual_network_link" "shared_dev_table" {
      [32m+[0m[0m id                    = (known after apply)
      [32m+[0m[0m name                  = "dev-shared-table"
      [32m+[0m[0m private_dns_zone_name = "privatelink.table.core.windows.net"
      [32m+[0m[0m registration_enabled  = false
      [32m+[0m[0m resource_group_name   = "rg-aml-dns-shared-cc-03"
      [32m+[0m[0m tags                  = {
          [32m+[0m[0m "created_by"  = "terraform"
          [32m+[0m[0m "deployment"  = "flat-vnet-bastion"
          [32m+[0m[0m "environment" = "development"
          [32m+[0m[0m "owner"       = "ml-team"
          [32m+[0m[0m "project"     = "ml-platform"
          [32m+[0m[0m "scope"       = "dev-table-shared"
        }
      [32m+[0m[0m virtual_network_id    = (known after apply)
    }

[1m  # azurerm_private_dns_zone_virtual_network_link.shared_dev_vault[0m will be created
[0m  [32m+[0m[0m resource "azurerm_private_dns_zone_virtual_network_link" "shared_dev_vault" {
      [32m+[0m[0m id                    = (known after apply)
      [32m+[0m[0m name                  = "dev-shared-vault"
      [32m+[0m[0m private_dns_zone_name = "privatelink.vaultcore.azure.net"
      [32m+[0m[0m registration_enabled  = false
      [32m+[0m[0m resource_group_name   = "rg-aml-dns-shared-cc-03"
      [32m+[0m[0m tags                  = {
          [32m+[0m[0m "created_by"  = "terraform"
          [32m+[0m[0m "deployment"  = "flat-vnet-bastion"
          [32m+[0m[0m "environment" = "development"
          [32m+[0m[0m "owner"       = "ml-team"
          [32m+[0m[0m "project"     = "ml-platform"
          [32m+[0m[0m "scope"       = "dev-vault-shared"
        }
      [32m+[0m[0m virtual_network_id    = (known after apply)
    }

[1m  # azurerm_private_dns_zone_virtual_network_link.shared_prod_acr[0m will be created
[0m  [32m+[0m[0m resource "azurerm_private_dns_zone_virtual_network_link" "shared_prod_acr" {
      [32m+[0m[0m id                    = (known after apply)
      [32m+[0m[0m name                  = "prod-shared-acr"
      [32m+[0m[0m private_dns_zone_name = "privatelink.azurecr.io"
      [32m+[0m[0m registration_enabled  = false
      [32m+[0m[0m resource_group_name   = "rg-aml-dns-shared-cc-03"
      [32m+[0m[0m tags                  = {
          [32m+[0m[0m "created_by"  = "terraform"
          [32m+[0m[0m "deployment"  = "flat-vnet-bastion"
          [32m+[0m[0m "environment" = "production"
          [32m+[0m[0m "owner"       = "ml-team"
          [32m+[0m[0m "project"     = "ml-platform"
          [32m+[0m[0m "scope"       = "prod-acr-shared"
        }
      [32m+[0m[0m virtual_network_id    = (known after apply)
    }

[1m  # azurerm_private_dns_zone_virtual_network_link.shared_prod_api[0m will be created
[0m  [32m+[0m[0m resource "azurerm_private_dns_zone_virtual_network_link" "shared_prod_api" {
      [32m+[0m[0m id                    = (known after apply)
      [32m+[0m[0m name                  = "prod-shared-aml-api"
      [32m+[0m[0m private_dns_zone_name = "privatelink.api.azureml.ms"
      [32m+[0m[0m registration_enabled  = false
      [32m+[0m[0m resource_group_name   = "rg-aml-dns-shared-cc-03"
      [32m+[0m[0m tags                  = {
          [32m+[0m[0m "created_by"  = "terraform"
          [32m+[0m[0m "deployment"  = "flat-vnet-bastion"
          [32m+[0m[0m "environment" = "production"
          [32m+[0m[0m "owner"       = "ml-team"
          [32m+[0m[0m "project"     = "ml-platform"
          [32m+[0m[0m "scope"       = "prod-aml-api-shared"
        }
      [32m+[0m[0m virtual_network_id    = (known after apply)
    }

[1m  # azurerm_private_dns_zone_virtual_network_link.shared_prod_blob[0m will be created
[0m  [32m+[0m[0m resource "azurerm_private_dns_zone_virtual_network_link" "shared_prod_blob" {
      [32m+[0m[0m id                    = (known after apply)
      [32m+[0m[0m name                  = "prod-shared-blob"
      [32m+[0m[0m private_dns_zone_name = "privatelink.blob.core.windows.net"
      [32m+[0m[0m registration_enabled  = false
      [32m+[0m[0m resource_group_name   = "rg-aml-dns-shared-cc-03"
      [32m+[0m[0m tags                  = {
          [32m+[0m[0m "created_by"  = "terraform"
          [32m+[0m[0m "deployment"  = "flat-vnet-bastion"
          [32m+[0m[0m "environment" = "production"
          [32m+[0m[0m "owner"       = "ml-team"
          [32m+[0m[0m "project"     = "ml-platform"
          [32m+[0m[0m "scope"       = "prod-blob-shared"
        }
      [32m+[0m[0m virtual_network_id    = (known after apply)
    }

[1m  # azurerm_private_dns_zone_virtual_network_link.shared_prod_file[0m will be created
[0m  [32m+[0m[0m resource "azurerm_private_dns_zone_virtual_network_link" "shared_prod_file" {
      [32m+[0m[0m id                    = (known after apply)
      [32m+[0m[0m name                  = "prod-shared-file"
      [32m+[0m[0m private_dns_zone_name = "privatelink.file.core.windows.net"
      [32m+[0m[0m registration_enabled  = false
      [32m+[0m[0m resource_group_name   = "rg-aml-dns-shared-cc-03"
      [32m+[0m[0m tags                  = {
          [32m+[0m[0m "created_by"  = "terraform"
          [32m+[0m[0m "deployment"  = "flat-vnet-bastion"
          [32m+[0m[0m "environment" = "production"
          [32m+[0m[0m "owner"       = "ml-team"
          [32m+[0m[0m "project"     = "ml-platform"
          [32m+[0m[0m "scope"       = "prod-file-shared"
        }
      [32m+[0m[0m virtual_network_id    = (known after apply)
    }

[1m  # azurerm_private_dns_zone_virtual_network_link.shared_prod_instances[0m will be created
[0m  [32m+[0m[0m resource "azurerm_private_dns_zone_virtual_network_link" "shared_prod_instances" {
      [32m+[0m[0m id                    = (known after apply)
      [32m+[0m[0m name                  = "prod-shared-aml-instances"
      [32m+[0m[0m private_dns_zone_name = "instances.azureml.ms"
      [32m+[0m[0m registration_enabled  = false
      [32m+[0m[0m resource_group_name   = "rg-aml-dns-shared-cc-03"
      [32m+[0m[0m tags                  = {
          [32m+[0m[0m "created_by"  = "terraform"
          [32m+[0m[0m "deployment"  = "flat-vnet-bastion"
          [32m+[0m[0m "environment" = "production"
          [32m+[0m[0m "owner"       = "ml-team"
          [32m+[0m[0m "project"     = "ml-platform"
          [32m+[0m[0m "scope"       = "prod-aml-instances-shared"
        }
      [32m+[0m[0m virtual_network_id    = (known after apply)
    }

[1m  # azurerm_private_dns_zone_virtual_network_link.shared_prod_notebooks[0m will be created
[0m  [32m+[0m[0m resource "azurerm_private_dns_zone_virtual_network_link" "shared_prod_notebooks" {
      [32m+[0m[0m id                    = (known after apply)
      [32m+[0m[0m name                  = "prod-shared-aml-notebooks"
      [32m+[0m[0m private_dns_zone_name = "privatelink.notebooks.azure.net"
      [32m+[0m[0m registration_enabled  = false
      [32m+[0m[0m resource_group_name   = "rg-aml-dns-shared-cc-03"
      [32m+[0m[0m tags                  = {
          [32m+[0m[0m "created_by"  = "terraform"
          [32m+[0m[0m "deployment"  = "flat-vnet-bastion"
          [32m+[0m[0m "environment" = "production"
          [32m+[0m[0m "owner"       = "ml-team"
          [32m+[0m[0m "project"     = "ml-platform"
          [32m+[0m[0m "scope"       = "prod-aml-notebooks-shared"
        }
      [32m+[0m[0m virtual_network_id    = (known after apply)
    }

[1m  # azurerm_private_dns_zone_virtual_network_link.shared_prod_queue[0m will be created
[0m  [32m+[0m[0m resource "azurerm_private_dns_zone_virtual_network_link" "shared_prod_queue" {
      [32m+[0m[0m id                    = (known after apply)
      [32m+[0m[0m name                  = "prod-shared-queue"
      [32m+[0m[0m private_dns_zone_name = "privatelink.queue.core.windows.net"
      [32m+[0m[0m registration_enabled  = false
      [32m+[0m[0m resource_group_name   = "rg-aml-dns-shared-cc-03"
      [32m+[0m[0m tags                  = {
          [32m+[0m[0m "created_by"  = "terraform"
          [32m+[0m[0m "deployment"  = "flat-vnet-bastion"
          [32m+[0m[0m "environment" = "production"
          [32m+[0m[0m "owner"       = "ml-team"
          [32m+[0m[0m "project"     = "ml-platform"
          [32m+[0m[0m "scope"       = "prod-queue-shared"
        }
      [32m+[0m[0m virtual_network_id    = (known after apply)
    }

[1m  # azurerm_private_dns_zone_virtual_network_link.shared_prod_table[0m will be created
[0m  [32m+[0m[0m resource "azurerm_private_dns_zone_virtual_network_link" "shared_prod_table" {
      [32m+[0m[0m id                    = (known after apply)
      [32m+[0m[0m name                  = "prod-shared-table"
      [32m+[0m[0m private_dns_zone_name = "privatelink.table.core.windows.net"
      [32m+[0m[0m registration_enabled  = false
      [32m+[0m[0m resource_group_name   = "rg-aml-dns-shared-cc-03"
      [32m+[0m[0m tags                  = {
          [32m+[0m[0m "created_by"  = "terraform"
          [32m+[0m[0m "deployment"  = "flat-vnet-bastion"
          [32m+[0m[0m "environment" = "production"
          [32m+[0m[0m "owner"       = "ml-team"
          [32m+[0m[0m "project"     = "ml-platform"
          [32m+[0m[0m "scope"       = "prod-table-shared"
        }
      [32m+[0m[0m virtual_network_id    = (known after apply)
    }

[1m  # azurerm_private_dns_zone_virtual_network_link.shared_prod_vault[0m will be created
[0m  [32m+[0m[0m resource "azurerm_private_dns_zone_virtual_network_link" "shared_prod_vault" {
      [32m+[0m[0m id                    = (known after apply)
      [32m+[0m[0m name                  = "prod-shared-vault"
      [32m+[0m[0m private_dns_zone_name = "privatelink.vaultcore.azure.net"
      [32m+[0m[0m registration_enabled  = false
      [32m+[0m[0m resource_group_name   = "rg-aml-dns-shared-cc-03"
      [32m+[0m[0m tags                  = {
          [32m+[0m[0m "created_by"  = "terraform"
          [32m+[0m[0m "deployment"  = "flat-vnet-bastion"
          [32m+[0m[0m "environment" = "production"
          [32m+[0m[0m "owner"       = "ml-team"
          [32m+[0m[0m "project"     = "ml-platform"
          [32m+[0m[0m "scope"       = "prod-vault-shared"
        }
      [32m+[0m[0m virtual_network_id    = (known after apply)
    }

[1m  # azurerm_public_ip.bastion_pip[0m will be created
[0m  [32m+[0m[0m resource "azurerm_public_ip" "bastion_pip" {
      [32m+[0m[0m allocation_method       = "Static"
      [32m+[0m[0m ddos_protection_mode    = "VirtualNetworkInherited"
      [32m+[0m[0m fqdn                    = (known after apply)
      [32m+[0m[0m id                      = (known after apply)
      [32m+[0m[0m idle_timeout_in_minutes = 4
      [32m+[0m[0m ip_address              = (known after apply)
      [32m+[0m[0m ip_version              = "IPv4"
      [32m+[0m[0m location                = "canadacentral"
      [32m+[0m[0m name                    = "pip-aml-bastion-prod-cc03"
      [32m+[0m[0m resource_group_name     = "rg-aml-vnet-prod-cc-03"
      [32m+[0m[0m sku                     = "Standard"
      [32m+[0m[0m sku_tier                = "Regional"
      [32m+[0m[0m tags                    = {
          [32m+[0m[0m "component"   = "bastion"
          [32m+[0m[0m "created_by"  = "terraform"
          [32m+[0m[0m "deployment"  = "flat-vnet-bastion"
          [32m+[0m[0m "environment" = "production"
          [32m+[0m[0m "owner"       = "ml-team"
          [32m+[0m[0m "project"     = "ml-platform"
          [32m+[0m[0m "purpose"     = "prod"
        }
    }

[1m  # azurerm_resource_group.dev_registry_rg[0m will be created
[0m  [32m+[0m[0m resource "azurerm_resource_group" "dev_registry_rg" {
      [32m+[0m[0m id       = (known after apply)
      [32m+[0m[0m location = "canadacentral"
      [32m+[0m[0m name     = "rg-aml-reg-dev-cc-03"
      [32m+[0m[0m tags     = {
          [32m+[0m[0m "component"   = "registry"
          [32m+[0m[0m "created_by"  = "terraform"
          [32m+[0m[0m "deployment"  = "flat-vnet-bastion"
          [32m+[0m[0m "environment" = "development"
          [32m+[0m[0m "owner"       = "ml-team"
          [32m+[0m[0m "project"     = "ml-platform"
          [32m+[0m[0m "purpose"     = "dev"
        }
    }

[1m  # azurerm_resource_group.dev_vnet_rg[0m will be created
[0m  [32m+[0m[0m resource "azurerm_resource_group" "dev_vnet_rg" {
      [32m+[0m[0m id       = (known after apply)
      [32m+[0m[0m location = "canadacentral"
      [32m+[0m[0m name     = "rg-aml-vnet-dev-cc-03"
      [32m+[0m[0m tags     = {
          [32m+[0m[0m "component"   = "vnet"
          [32m+[0m[0m "created_by"  = "terraform"
          [32m+[0m[0m "deployment"  = "flat-vnet-bastion"
          [32m+[0m[0m "environment" = "development"
          [32m+[0m[0m "owner"       = "ml-team"
          [32m+[0m[0m "project"     = "ml-platform"
          [32m+[0m[0m "purpose"     = "dev"
        }
    }

[1m  # azurerm_resource_group.dev_workspace_rg[0m will be created
[0m  [32m+[0m[0m resource "azurerm_resource_group" "dev_workspace_rg" {
      [32m+[0m[0m id       = (known after apply)
      [32m+[0m[0m location = "canadacentral"
      [32m+[0m[0m name     = "rg-aml-ws-dev-cc-03"
      [32m+[0m[0m tags     = {
          [32m+[0m[0m "component"   = "workspace"
          [32m+[0m[0m "created_by"  = "terraform"
          [32m+[0m[0m "deployment"  = "flat-vnet-bastion"
          [32m+[0m[0m "environment" = "development"
          [32m+[0m[0m "owner"       = "ml-team"
          [32m+[0m[0m "project"     = "ml-platform"
          [32m+[0m[0m "purpose"     = "dev"
        }
    }

[1m  # azurerm_resource_group.prod_registry_rg[0m will be created
[0m  [32m+[0m[0m resource "azurerm_resource_group" "prod_registry_rg" {
      [32m+[0m[0m id       = (known after apply)
      [32m+[0m[0m location = "canadacentral"
      [32m+[0m[0m name     = "rg-aml-reg-prod-cc-03"
      [32m+[0m[0m tags     = {
          [32m+[0m[0m "component"   = "registry"
          [32m+[0m[0m "created_by"  = "terraform"
          [32m+[0m[0m "deployment"  = "flat-vnet-bastion"
          [32m+[0m[0m "environment" = "production"
          [32m+[0m[0m "owner"       = "ml-team"
          [32m+[0m[0m "project"     = "ml-platform"
          [32m+[0m[0m "purpose"     = "prod"
        }
    }

[1m  # azurerm_resource_group.prod_vnet_rg[0m will be created
[0m  [32m+[0m[0m resource "azurerm_resource_group" "prod_vnet_rg" {
      [32m+[0m[0m id       = (known after apply)
      [32m+[0m[0m location = "canadacentral"
      [32m+[0m[0m name     = "rg-aml-vnet-prod-cc-03"
      [32m+[0m[0m tags     = {
          [32m+[0m[0m "component"   = "vnet"
          [32m+[0m[0m "created_by"  = "terraform"
          [32m+[0m[0m "deployment"  = "flat-vnet-bastion"
          [32m+[0m[0m "environment" = "production"
          [32m+[0m[0m "owner"       = "ml-team"
          [32m+[0m[0m "project"     = "ml-platform"
          [32m+[0m[0m "purpose"     = "prod"
        }
    }

[1m  # azurerm_resource_group.prod_workspace_rg[0m will be created
[0m  [32m+[0m[0m resource "azurerm_resource_group" "prod_workspace_rg" {
      [32m+[0m[0m id       = (known after apply)
      [32m+[0m[0m location = "canadacentral"
      [32m+[0m[0m name     = "rg-aml-ws-prod-cc-03"
      [32m+[0m[0m tags     = {
          [32m+[0m[0m "component"   = "workspace"
          [32m+[0m[0m "created_by"  = "terraform"
          [32m+[0m[0m "deployment"  = "flat-vnet-bastion"
          [32m+[0m[0m "environment" = "production"
          [32m+[0m[0m "owner"       = "ml-team"
          [32m+[0m[0m "project"     = "ml-platform"
          [32m+[0m[0m "purpose"     = "prod"
        }
    }

[1m  # azurerm_resource_group.shared_dns_rg[0m will be created
[0m  [32m+[0m[0m resource "azurerm_resource_group" "shared_dns_rg" {
      [32m+[0m[0m id       = (known after apply)
      [32m+[0m[0m location = "canadacentral"
      [32m+[0m[0m name     = "rg-aml-dns-shared-cc-03"
      [32m+[0m[0m tags     = {
          [32m+[0m[0m "component"   = "shared-dns"
          [32m+[0m[0m "created_by"  = "terraform"
          [32m+[0m[0m "deployment"  = "flat-vnet-bastion"
          [32m+[0m[0m "environment" = "shared"
          [32m+[0m[0m "owner"       = "ml-team"
          [32m+[0m[0m "project"     = "ml-platform"
          [32m+[0m[0m "purpose"     = "dns"
        }
    }

[1m  # azurerm_role_assignment.dev_compute_to_dev_registry[0m will be created
[0m  [32m+[0m[0m resource "azurerm_role_assignment" "dev_compute_to_dev_registry" {
      [32m+[0m[0m condition_version                = (known after apply)
      [32m+[0m[0m id                               = (known after apply)
      [32m+[0m[0m name                             = (known after apply)
      [32m+[0m[0m principal_id                     = (known after apply)
      [32m+[0m[0m principal_type                   = (known after apply)
      [32m+[0m[0m role_definition_id               = (known after apply)
      [32m+[0m[0m role_definition_name             = "AzureML Registry User"
      [32m+[0m[0m scope                            = (known after apply)
      [32m+[0m[0m skip_service_principal_aad_check = (known after apply)
    }

[1m  # azurerm_role_assignment.dev_workspace_network_connection_approver[0m will be created
[0m  [32m+[0m[0m resource "azurerm_role_assignment" "dev_workspace_network_connection_approver" {
      [32m+[0m[0m condition_version                = (known after apply)
      [32m+[0m[0m id                               = (known after apply)
      [32m+[0m[0m name                             = (known after apply)
      [32m+[0m[0m principal_id                     = (known after apply)
      [32m+[0m[0m principal_type                   = (known after apply)
      [32m+[0m[0m role_definition_id               = (known after apply)
      [32m+[0m[0m role_definition_name             = "Azure AI Enterprise Network Connection Approver"
      [32m+[0m[0m scope                            = (known after apply)
      [32m+[0m[0m skip_service_principal_aad_check = (known after apply)
    }

[1m  # azurerm_role_assignment.prod_compute_to_dev_registry[0m will be created
[0m  [32m+[0m[0m resource "azurerm_role_assignment" "prod_compute_to_dev_registry" {
      [32m+[0m[0m condition_version                = (known after apply)
      [32m+[0m[0m id                               = (known after apply)
      [32m+[0m[0m name                             = (known after apply)
      [32m+[0m[0m principal_id                     = (known after apply)
      [32m+[0m[0m principal_type                   = (known after apply)
      [32m+[0m[0m role_definition_id               = (known after apply)
      [32m+[0m[0m role_definition_name             = "AzureML Registry User"
      [32m+[0m[0m scope                            = (known after apply)
      [32m+[0m[0m skip_service_principal_aad_check = (known after apply)
    }

[1m  # azurerm_role_assignment.prod_compute_to_prod_registry[0m will be created
[0m  [32m+[0m[0m resource "azurerm_role_assignment" "prod_compute_to_prod_registry" {
      [32m+[0m[0m condition_version                = (known after apply)
      [32m+[0m[0m id                               = (known after apply)
      [32m+[0m[0m name                             = (known after apply)
      [32m+[0m[0m principal_id                     = (known after apply)
      [32m+[0m[0m principal_type                   = (known after apply)
      [32m+[0m[0m role_definition_id               = (known after apply)
      [32m+[0m[0m role_definition_name             = "AzureML Registry User"
      [32m+[0m[0m scope                            = (known after apply)
      [32m+[0m[0m skip_service_principal_aad_check = (known after apply)
    }

[1m  # azurerm_role_assignment.prod_workspace_network_connection_approver[0m will be created
[0m  [32m+[0m[0m resource "azurerm_role_assignment" "prod_workspace_network_connection_approver" {
      [32m+[0m[0m condition_version                = (known after apply)
      [32m+[0m[0m id                               = (known after apply)
      [32m+[0m[0m name                             = (known after apply)
      [32m+[0m[0m principal_id                     = (known after apply)
      [32m+[0m[0m principal_type                   = (known after apply)
      [32m+[0m[0m role_definition_id               = (known after apply)
      [32m+[0m[0m role_definition_name             = "Azure AI Enterprise Network Connection Approver"
      [32m+[0m[0m scope                            = (known after apply)
      [32m+[0m[0m skip_service_principal_aad_check = (known after apply)
    }

[1m  # azurerm_role_assignment.prod_workspace_to_prod_registry_network_approver[0m will be created
[0m  [32m+[0m[0m resource "azurerm_role_assignment" "prod_workspace_to_prod_registry_network_approver" {
      [32m+[0m[0m condition_version                = (known after apply)
      [32m+[0m[0m id                               = (known after apply)
      [32m+[0m[0m name                             = (known after apply)
      [32m+[0m[0m principal_id                     = (known after apply)
      [32m+[0m[0m principal_type                   = (known after apply)
      [32m+[0m[0m role_definition_id               = (known after apply)
      [32m+[0m[0m role_definition_name             = "Azure AI Enterprise Network Connection Approver"
      [32m+[0m[0m scope                            = (known after apply)
      [32m+[0m[0m skip_service_principal_aad_check = (known after apply)
    }

[1m  # azurerm_role_assignment.sp_dev_registry_contributor[0m will be created
[0m  [32m+[0m[0m resource "azurerm_role_assignment" "sp_dev_registry_contributor" {
      [32m+[0m[0m condition_version                = (known after apply)
      [32m+[0m[0m id                               = (known after apply)
      [32m+[0m[0m name                             = (known after apply)
      [32m+[0m[0m principal_id                     = (known after apply)
      [32m+[0m[0m principal_type                   = (known after apply)
      [32m+[0m[0m role_definition_id               = (known after apply)
      [32m+[0m[0m role_definition_name             = "Contributor"
      [32m+[0m[0m scope                            = (known after apply)
      [32m+[0m[0m skip_service_principal_aad_check = (known after apply)
    }

[1m  # azurerm_role_assignment.sp_dev_registry_network_contributor[0m will be created
[0m  [32m+[0m[0m resource "azurerm_role_assignment" "sp_dev_registry_network_contributor" {
      [32m+[0m[0m condition_version                = (known after apply)
      [32m+[0m[0m id                               = (known after apply)
      [32m+[0m[0m name                             = (known after apply)
      [32m+[0m[0m principal_id                     = (known after apply)
      [32m+[0m[0m principal_type                   = (known after apply)
      [32m+[0m[0m role_definition_id               = (known after apply)
      [32m+[0m[0m role_definition_name             = "Network Contributor"
      [32m+[0m[0m scope                            = (known after apply)
      [32m+[0m[0m skip_service_principal_aad_check = (known after apply)
    }

[1m  # azurerm_role_assignment.sp_dev_registry_user_access_admin[0m will be created
[0m  [32m+[0m[0m resource "azurerm_role_assignment" "sp_dev_registry_user_access_admin" {
      [32m+[0m[0m condition_version                = (known after apply)
      [32m+[0m[0m id                               = (known after apply)
      [32m+[0m[0m name                             = (known after apply)
      [32m+[0m[0m principal_id                     = (known after apply)
      [32m+[0m[0m principal_type                   = (known after apply)
      [32m+[0m[0m role_definition_id               = (known after apply)
      [32m+[0m[0m role_definition_name             = "User Access Administrator"
      [32m+[0m[0m scope                            = (known after apply)
      [32m+[0m[0m skip_service_principal_aad_check = (known after apply)
    }

[1m  # azurerm_role_assignment.sp_dev_vnet_contributor[0m will be created
[0m  [32m+[0m[0m resource "azurerm_role_assignment" "sp_dev_vnet_contributor" {
      [32m+[0m[0m condition_version                = (known after apply)
      [32m+[0m[0m id                               = (known after apply)
      [32m+[0m[0m name                             = (known after apply)
      [32m+[0m[0m principal_id                     = (known after apply)
      [32m+[0m[0m principal_type                   = (known after apply)
      [32m+[0m[0m role_definition_id               = (known after apply)
      [32m+[0m[0m role_definition_name             = "Contributor"
      [32m+[0m[0m scope                            = (known after apply)
      [32m+[0m[0m skip_service_principal_aad_check = (known after apply)
    }

[1m  # azurerm_role_assignment.sp_dev_vnet_network_contributor[0m will be created
[0m  [32m+[0m[0m resource "azurerm_role_assignment" "sp_dev_vnet_network_contributor" {
      [32m+[0m[0m condition_version                = (known after apply)
      [32m+[0m[0m id                               = (known after apply)
      [32m+[0m[0m name                             = (known after apply)
      [32m+[0m[0m principal_id                     = (known after apply)
      [32m+[0m[0m principal_type                   = (known after apply)
      [32m+[0m[0m role_definition_id               = (known after apply)
      [32m+[0m[0m role_definition_name             = "Network Contributor"
      [32m+[0m[0m scope                            = (known after apply)
      [32m+[0m[0m skip_service_principal_aad_check = (known after apply)
    }

[1m  # azurerm_role_assignment.sp_dev_vnet_user_access_admin[0m will be created
[0m  [32m+[0m[0m resource "azurerm_role_assignment" "sp_dev_vnet_user_access_admin" {
      [32m+[0m[0m condition_version                = (known after apply)
      [32m+[0m[0m id                               = (known after apply)
      [32m+[0m[0m name                             = (known after apply)
      [32m+[0m[0m principal_id                     = (known after apply)
      [32m+[0m[0m principal_type                   = (known after apply)
      [32m+[0m[0m role_definition_id               = (known after apply)
      [32m+[0m[0m role_definition_name             = "User Access Administrator"
      [32m+[0m[0m scope                            = (known after apply)
      [32m+[0m[0m skip_service_principal_aad_check = (known after apply)
    }

[1m  # azurerm_role_assignment.sp_dev_workspace_contributor[0m will be created
[0m  [32m+[0m[0m resource "azurerm_role_assignment" "sp_dev_workspace_contributor" {
      [32m+[0m[0m condition_version                = (known after apply)
      [32m+[0m[0m id                               = (known after apply)
      [32m+[0m[0m name                             = (known after apply)
      [32m+[0m[0m principal_id                     = (known after apply)
      [32m+[0m[0m principal_type                   = (known after apply)
      [32m+[0m[0m role_definition_id               = (known after apply)
      [32m+[0m[0m role_definition_name             = "Contributor"
      [32m+[0m[0m scope                            = (known after apply)
      [32m+[0m[0m skip_service_principal_aad_check = (known after apply)
    }

[1m  # azurerm_role_assignment.sp_dev_workspace_network_contributor[0m will be created
[0m  [32m+[0m[0m resource "azurerm_role_assignment" "sp_dev_workspace_network_contributor" {
      [32m+[0m[0m condition_version                = (known after apply)
      [32m+[0m[0m id                               = (known after apply)
      [32m+[0m[0m name                             = (known after apply)
      [32m+[0m[0m principal_id                     = (known after apply)
      [32m+[0m[0m principal_type                   = (known after apply)
      [32m+[0m[0m role_definition_id               = (known after apply)
      [32m+[0m[0m role_definition_name             = "Network Contributor"
      [32m+[0m[0m scope                            = (known after apply)
      [32m+[0m[0m skip_service_principal_aad_check = (known after apply)
    }

[1m  # azurerm_role_assignment.sp_dev_workspace_user_access_admin[0m will be created
[0m  [32m+[0m[0m resource "azurerm_role_assignment" "sp_dev_workspace_user_access_admin" {
      [32m+[0m[0m condition_version                = (known after apply)
      [32m+[0m[0m id                               = (known after apply)
      [32m+[0m[0m name                             = (known after apply)
      [32m+[0m[0m principal_id                     = (known after apply)
      [32m+[0m[0m principal_type                   = (known after apply)
      [32m+[0m[0m role_definition_id               = (known after apply)
      [32m+[0m[0m role_definition_name             = "User Access Administrator"
      [32m+[0m[0m scope                            = (known after apply)
      [32m+[0m[0m skip_service_principal_aad_check = (known after apply)
    }

[1m  # azurerm_role_assignment.sp_prod_registry_contributor[0m will be created
[0m  [32m+[0m[0m resource "azurerm_role_assignment" "sp_prod_registry_contributor" {
      [32m+[0m[0m condition_version                = (known after apply)
      [32m+[0m[0m id                               = (known after apply)
      [32m+[0m[0m name                             = (known after apply)
      [32m+[0m[0m principal_id                     = (known after apply)
      [32m+[0m[0m principal_type                   = (known after apply)
      [32m+[0m[0m role_definition_id               = (known after apply)
      [32m+[0m[0m role_definition_name             = "Contributor"
      [32m+[0m[0m scope                            = (known after apply)
      [32m+[0m[0m skip_service_principal_aad_check = (known after apply)
    }

[1m  # azurerm_role_assignment.sp_prod_registry_network_contributor[0m will be created
[0m  [32m+[0m[0m resource "azurerm_role_assignment" "sp_prod_registry_network_contributor" {
      [32m+[0m[0m condition_version                = (known after apply)
      [32m+[0m[0m id                               = (known after apply)
      [32m+[0m[0m name                             = (known after apply)
      [32m+[0m[0m principal_id                     = (known after apply)
      [32m+[0m[0m principal_type                   = (known after apply)
      [32m+[0m[0m role_definition_id               = (known after apply)
      [32m+[0m[0m role_definition_name             = "Network Contributor"
      [32m+[0m[0m scope                            = (known after apply)
      [32m+[0m[0m skip_service_principal_aad_check = (known after apply)
    }

[1m  # azurerm_role_assignment.sp_prod_registry_user_access_admin[0m will be created
[0m  [32m+[0m[0m resource "azurerm_role_assignment" "sp_prod_registry_user_access_admin" {
      [32m+[0m[0m condition_version                = (known after apply)
      [32m+[0m[0m id                               = (known after apply)
      [32m+[0m[0m name                             = (known after apply)
      [32m+[0m[0m principal_id                     = (known after apply)
      [32m+[0m[0m principal_type                   = (known after apply)
      [32m+[0m[0m role_definition_id               = (known after apply)
      [32m+[0m[0m role_definition_name             = "User Access Administrator"
      [32m+[0m[0m scope                            = (known after apply)
      [32m+[0m[0m skip_service_principal_aad_check = (known after apply)
    }

[1m  # azurerm_role_assignment.sp_prod_vnet_contributor[0m will be created
[0m  [32m+[0m[0m resource "azurerm_role_assignment" "sp_prod_vnet_contributor" {
      [32m+[0m[0m condition_version                = (known after apply)
      [32m+[0m[0m id                               = (known after apply)
      [32m+[0m[0m name                             = (known after apply)
      [32m+[0m[0m principal_id                     = (known after apply)
      [32m+[0m[0m principal_type                   = (known after apply)
      [32m+[0m[0m role_definition_id               = (known after apply)
      [32m+[0m[0m role_definition_name             = "Contributor"
      [32m+[0m[0m scope                            = (known after apply)
      [32m+[0m[0m skip_service_principal_aad_check = (known after apply)
    }

[1m  # azurerm_role_assignment.sp_prod_vnet_network_contributor[0m will be created
[0m  [32m+[0m[0m resource "azurerm_role_assignment" "sp_prod_vnet_network_contributor" {
      [32m+[0m[0m condition_version                = (known after apply)
      [32m+[0m[0m id                               = (known after apply)
      [32m+[0m[0m name                             = (known after apply)
      [32m+[0m[0m principal_id                     = (known after apply)
      [32m+[0m[0m principal_type                   = (known after apply)
      [32m+[0m[0m role_definition_id               = (known after apply)
      [32m+[0m[0m role_definition_name             = "Network Contributor"
      [32m+[0m[0m scope                            = (known after apply)
      [32m+[0m[0m skip_service_principal_aad_check = (known after apply)
    }

[1m  # azurerm_role_assignment.sp_prod_vnet_user_access_admin[0m will be created
[0m  [32m+[0m[0m resource "azurerm_role_assignment" "sp_prod_vnet_user_access_admin" {
      [32m+[0m[0m condition_version                = (known after apply)
      [32m+[0m[0m id                               = (known after apply)
      [32m+[0m[0m name                             = (known after apply)
      [32m+[0m[0m principal_id                     = (known after apply)
      [32m+[0m[0m principal_type                   = (known after apply)
      [32m+[0m[0m role_definition_id               = (known after apply)
      [32m+[0m[0m role_definition_name             = "User Access Administrator"
      [32m+[0m[0m scope                            = (known after apply)
      [32m+[0m[0m skip_service_principal_aad_check = (known after apply)
    }

[1m  # azurerm_role_assignment.sp_prod_workspace_contributor[0m will be created
[0m  [32m+[0m[0m resource "azurerm_role_assignment" "sp_prod_workspace_contributor" {
      [32m+[0m[0m condition_version                = (known after apply)
      [32m+[0m[0m id                               = (known after apply)
      [32m+[0m[0m name                             = (known after apply)
      [32m+[0m[0m principal_id                     = (known after apply)
      [32m+[0m[0m principal_type                   = (known after apply)
      [32m+[0m[0m role_definition_id               = (known after apply)
      [32m+[0m[0m role_definition_name             = "Contributor"
      [32m+[0m[0m scope                            = (known after apply)
      [32m+[0m[0m skip_service_principal_aad_check = (known after apply)
    }

[1m  # azurerm_role_assignment.sp_prod_workspace_network_contributor[0m will be created
[0m  [32m+[0m[0m resource "azurerm_role_assignment" "sp_prod_workspace_network_contributor" {
      [32m+[0m[0m condition_version                = (known after apply)
      [32m+[0m[0m id                               = (known after apply)
      [32m+[0m[0m name                             = (known after apply)
      [32m+[0m[0m principal_id                     = (known after apply)
      [32m+[0m[0m principal_type                   = (known after apply)
      [32m+[0m[0m role_definition_id               = (known after apply)
      [32m+[0m[0m role_definition_name             = "Network Contributor"
      [32m+[0m[0m scope                            = (known after apply)
      [32m+[0m[0m skip_service_principal_aad_check = (known after apply)
    }

[1m  # azurerm_role_assignment.sp_prod_workspace_user_access_admin[0m will be created
[0m  [32m+[0m[0m resource "azurerm_role_assignment" "sp_prod_workspace_user_access_admin" {
      [32m+[0m[0m condition_version                = (known after apply)
      [32m+[0m[0m id                               = (known after apply)
      [32m+[0m[0m name                             = (known after apply)
      [32m+[0m[0m principal_id                     = (known after apply)
      [32m+[0m[0m principal_type                   = (known after apply)
      [32m+[0m[0m role_definition_id               = (known after apply)
      [32m+[0m[0m role_definition_name             = "User Access Administrator"
      [32m+[0m[0m scope                            = (known after apply)
      [32m+[0m[0m skip_service_principal_aad_check = (known after apply)
    }

[1m  # azurerm_role_assignment.user_dev_kv_admin[0][0m will be created
[0m  [32m+[0m[0m resource "azurerm_role_assignment" "user_dev_kv_admin" {
      [32m+[0m[0m condition_version                = (known after apply)
      [32m+[0m[0m id                               = (known after apply)
      [32m+[0m[0m name                             = (known after apply)
      [32m+[0m[0m principal_id                     = "151ea030-5798-42a0-a35d-5e7596c1bd6e"
      [32m+[0m[0m principal_type                   = (known after apply)
      [32m+[0m[0m role_definition_id               = (known after apply)
      [32m+[0m[0m role_definition_name             = "Key Vault Administrator"
      [32m+[0m[0m scope                            = (known after apply)
      [32m+[0m[0m skip_service_principal_aad_check = (known after apply)
    }

[1m  # azurerm_role_assignment.user_dev_registry_user[0][0m will be created
[0m  [32m+[0m[0m resource "azurerm_role_assignment" "user_dev_registry_user" {
      [32m+[0m[0m condition_version                = (known after apply)
      [32m+[0m[0m id                               = (known after apply)
      [32m+[0m[0m name                             = (known after apply)
      [32m+[0m[0m principal_id                     = "151ea030-5798-42a0-a35d-5e7596c1bd6e"
      [32m+[0m[0m principal_type                   = (known after apply)
      [32m+[0m[0m role_definition_id               = (known after apply)
      [32m+[0m[0m role_definition_name             = "AzureML Registry User"
      [32m+[0m[0m scope                            = (known after apply)
      [32m+[0m[0m skip_service_principal_aad_check = (known after apply)
    }

[1m  # azurerm_role_assignment.user_dev_rg_reader[0][0m will be created
[0m  [32m+[0m[0m resource "azurerm_role_assignment" "user_dev_rg_reader" {
      [32m+[0m[0m condition_version                = (known after apply)
      [32m+[0m[0m id                               = (known after apply)
      [32m+[0m[0m name                             = (known after apply)
      [32m+[0m[0m principal_id                     = "151ea030-5798-42a0-a35d-5e7596c1bd6e"
      [32m+[0m[0m principal_type                   = (known after apply)
      [32m+[0m[0m role_definition_id               = (known after apply)
      [32m+[0m[0m role_definition_name             = "Reader"
      [32m+[0m[0m scope                            = (known after apply)
      [32m+[0m[0m skip_service_principal_aad_check = (known after apply)
    }

[1m  # azurerm_role_assignment.user_dev_storage_blob_contributor[0][0m will be created
[0m  [32m+[0m[0m resource "azurerm_role_assignment" "user_dev_storage_blob_contributor" {
      [32m+[0m[0m condition_version                = (known after apply)
      [32m+[0m[0m id                               = (known after apply)
      [32m+[0m[0m name                             = (known after apply)
      [32m+[0m[0m principal_id                     = "151ea030-5798-42a0-a35d-5e7596c1bd6e"
      [32m+[0m[0m principal_type                   = (known after apply)
      [32m+[0m[0m role_definition_id               = (known after apply)
      [32m+[0m[0m role_definition_name             = "Storage Blob Data Contributor"
      [32m+[0m[0m scope                            = (known after apply)
      [32m+[0m[0m skip_service_principal_aad_check = (known after apply)
    }

[1m  # azurerm_role_assignment.user_dev_storage_file_privileged_contributor[0][0m will be created
[0m  [32m+[0m[0m resource "azurerm_role_assignment" "user_dev_storage_file_privileged_contributor" {
      [32m+[0m[0m condition_version                = (known after apply)
      [32m+[0m[0m id                               = (known after apply)
      [32m+[0m[0m name                             = (known after apply)
      [32m+[0m[0m principal_id                     = "151ea030-5798-42a0-a35d-5e7596c1bd6e"
      [32m+[0m[0m principal_type                   = (known after apply)
      [32m+[0m[0m role_definition_id               = (known after apply)
      [32m+[0m[0m role_definition_name             = "Storage File Data Privileged Contributor"
      [32m+[0m[0m scope                            = (known after apply)
      [32m+[0m[0m skip_service_principal_aad_check = (known after apply)
    }

[1m  # azurerm_role_assignment.user_dev_workspace_ai_developer[0][0m will be created
[0m  [32m+[0m[0m resource "azurerm_role_assignment" "user_dev_workspace_ai_developer" {
      [32m+[0m[0m condition_version                = (known after apply)
      [32m+[0m[0m id                               = (known after apply)
      [32m+[0m[0m name                             = (known after apply)
      [32m+[0m[0m principal_id                     = "151ea030-5798-42a0-a35d-5e7596c1bd6e"
      [32m+[0m[0m principal_type                   = (known after apply)
      [32m+[0m[0m role_definition_id               = (known after apply)
      [32m+[0m[0m role_definition_name             = "Azure AI Developer"
      [32m+[0m[0m scope                            = (known after apply)
      [32m+[0m[0m skip_service_principal_aad_check = (known after apply)
    }

[1m  # azurerm_role_assignment.user_dev_workspace_compute_operator[0][0m will be created
[0m  [32m+[0m[0m resource "azurerm_role_assignment" "user_dev_workspace_compute_operator" {
      [32m+[0m[0m condition_version                = (known after apply)
      [32m+[0m[0m id                               = (known after apply)
      [32m+[0m[0m name                             = (known after apply)
      [32m+[0m[0m principal_id                     = "151ea030-5798-42a0-a35d-5e7596c1bd6e"
      [32m+[0m[0m principal_type                   = (known after apply)
      [32m+[0m[0m role_definition_id               = (known after apply)
      [32m+[0m[0m role_definition_name             = "AzureML Compute Operator"
      [32m+[0m[0m scope                            = (known after apply)
      [32m+[0m[0m skip_service_principal_aad_check = (known after apply)
    }

[1m  # azurerm_role_assignment.user_dev_workspace_data_scientist[0][0m will be created
[0m  [32m+[0m[0m resource "azurerm_role_assignment" "user_dev_workspace_data_scientist" {
      [32m+[0m[0m condition_version                = (known after apply)
      [32m+[0m[0m id                               = (known after apply)
      [32m+[0m[0m name                             = (known after apply)
      [32m+[0m[0m principal_id                     = "151ea030-5798-42a0-a35d-5e7596c1bd6e"
      [32m+[0m[0m principal_type                   = (known after apply)
      [32m+[0m[0m role_definition_id               = (known after apply)
      [32m+[0m[0m role_definition_name             = "AzureML Data Scientist"
      [32m+[0m[0m scope                            = (known after apply)
      [32m+[0m[0m skip_service_principal_aad_check = (known after apply)
    }

[1m  # azurerm_role_assignment.user_prod_kv_admin[0][0m will be created
[0m  [32m+[0m[0m resource "azurerm_role_assignment" "user_prod_kv_admin" {
      [32m+[0m[0m condition_version                = (known after apply)
      [32m+[0m[0m id                               = (known after apply)
      [32m+[0m[0m name                             = (known after apply)
      [32m+[0m[0m principal_id                     = "151ea030-5798-42a0-a35d-5e7596c1bd6e"
      [32m+[0m[0m principal_type                   = (known after apply)
      [32m+[0m[0m role_definition_id               = (known after apply)
      [32m+[0m[0m role_definition_name             = "Key Vault Administrator"
      [32m+[0m[0m scope                            = (known after apply)
      [32m+[0m[0m skip_service_principal_aad_check = (known after apply)
    }

[1m  # azurerm_role_assignment.user_prod_registry_user[0][0m will be created
[0m  [32m+[0m[0m resource "azurerm_role_assignment" "user_prod_registry_user" {
      [32m+[0m[0m condition_version                = (known after apply)
      [32m+[0m[0m id                               = (known after apply)
      [32m+[0m[0m name                             = (known after apply)
      [32m+[0m[0m principal_id                     = "151ea030-5798-42a0-a35d-5e7596c1bd6e"
      [32m+[0m[0m principal_type                   = (known after apply)
      [32m+[0m[0m role_definition_id               = (known after apply)
      [32m+[0m[0m role_definition_name             = "AzureML Registry User"
      [32m+[0m[0m scope                            = (known after apply)
      [32m+[0m[0m skip_service_principal_aad_check = (known after apply)
    }

[1m  # azurerm_role_assignment.user_prod_rg_reader[0][0m will be created
[0m  [32m+[0m[0m resource "azurerm_role_assignment" "user_prod_rg_reader" {
      [32m+[0m[0m condition_version                = (known after apply)
      [32m+[0m[0m id                               = (known after apply)
      [32m+[0m[0m name                             = (known after apply)
      [32m+[0m[0m principal_id                     = "151ea030-5798-42a0-a35d-5e7596c1bd6e"
      [32m+[0m[0m principal_type                   = (known after apply)
      [32m+[0m[0m role_definition_id               = (known after apply)
      [32m+[0m[0m role_definition_name             = "Reader"
      [32m+[0m[0m scope                            = (known after apply)
      [32m+[0m[0m skip_service_principal_aad_check = (known after apply)
    }

[1m  # azurerm_role_assignment.user_prod_storage_blob_contributor[0][0m will be created
[0m  [32m+[0m[0m resource "azurerm_role_assignment" "user_prod_storage_blob_contributor" {
      [32m+[0m[0m condition_version                = (known after apply)
      [32m+[0m[0m id                               = (known after apply)
      [32m+[0m[0m name                             = (known after apply)
      [32m+[0m[0m principal_id                     = "151ea030-5798-42a0-a35d-5e7596c1bd6e"
      [32m+[0m[0m principal_type                   = (known after apply)
      [32m+[0m[0m role_definition_id               = (known after apply)
      [32m+[0m[0m role_definition_name             = "Storage Blob Data Contributor"
      [32m+[0m[0m scope                            = (known after apply)
      [32m+[0m[0m skip_service_principal_aad_check = (known after apply)
    }

[1m  # azurerm_role_assignment.user_prod_storage_file_privileged_contributor[0][0m will be created
[0m  [32m+[0m[0m resource "azurerm_role_assignment" "user_prod_storage_file_privileged_contributor" {
      [32m+[0m[0m condition_version                = (known after apply)
      [32m+[0m[0m id                               = (known after apply)
      [32m+[0m[0m name                             = (known after apply)
      [32m+[0m[0m principal_id                     = "151ea030-5798-42a0-a35d-5e7596c1bd6e"
      [32m+[0m[0m principal_type                   = (known after apply)
      [32m+[0m[0m role_definition_id               = (known after apply)
      [32m+[0m[0m role_definition_name             = "Storage File Data Privileged Contributor"
      [32m+[0m[0m scope                            = (known after apply)
      [32m+[0m[0m skip_service_principal_aad_check = (known after apply)
    }

[1m  # azurerm_role_assignment.user_prod_workspace_ai_developer[0][0m will be created
[0m  [32m+[0m[0m resource "azurerm_role_assignment" "user_prod_workspace_ai_developer" {
      [32m+[0m[0m condition_version                = (known after apply)
      [32m+[0m[0m id                               = (known after apply)
      [32m+[0m[0m name                             = (known after apply)
      [32m+[0m[0m principal_id                     = "151ea030-5798-42a0-a35d-5e7596c1bd6e"
      [32m+[0m[0m principal_type                   = (known after apply)
      [32m+[0m[0m role_definition_id               = (known after apply)
      [32m+[0m[0m role_definition_name             = "Azure AI Developer"
      [32m+[0m[0m scope                            = (known after apply)
      [32m+[0m[0m skip_service_principal_aad_check = (known after apply)
    }

[1m  # azurerm_role_assignment.user_prod_workspace_compute_operator[0][0m will be created
[0m  [32m+[0m[0m resource "azurerm_role_assignment" "user_prod_workspace_compute_operator" {
      [32m+[0m[0m condition_version                = (known after apply)
      [32m+[0m[0m id                               = (known after apply)
      [32m+[0m[0m name                             = (known after apply)
      [32m+[0m[0m principal_id                     = "151ea030-5798-42a0-a35d-5e7596c1bd6e"
      [32m+[0m[0m principal_type                   = (known after apply)
      [32m+[0m[0m role_definition_id               = (known after apply)
      [32m+[0m[0m role_definition_name             = "AzureML Compute Operator"
      [32m+[0m[0m scope                            = (known after apply)
      [32m+[0m[0m skip_service_principal_aad_check = (known after apply)
    }

[1m  # azurerm_role_assignment.user_prod_workspace_data_scientist[0][0m will be created
[0m  [32m+[0m[0m resource "azurerm_role_assignment" "user_prod_workspace_data_scientist" {
      [32m+[0m[0m condition_version                = (known after apply)
      [32m+[0m[0m id                               = (known after apply)
      [32m+[0m[0m name                             = (known after apply)
      [32m+[0m[0m principal_id                     = "151ea030-5798-42a0-a35d-5e7596c1bd6e"
      [32m+[0m[0m principal_type                   = (known after apply)
      [32m+[0m[0m role_definition_id               = (known after apply)
      [32m+[0m[0m role_definition_name             = "AzureML Data Scientist"
      [32m+[0m[0m scope                            = (known after apply)
      [32m+[0m[0m skip_service_principal_aad_check = (known after apply)
    }

[1m  # azurerm_subnet.dev_pe[0m will be created
[0m  [32m+[0m[0m resource "azurerm_subnet" "dev_pe" {
      [32m+[0m[0m address_prefixes                              = [
          [32m+[0m[0m "10.1.1.0/24",
        ]
      [32m+[0m[0m default_outbound_access_enabled               = true
      [32m+[0m[0m id                                            = (known after apply)
      [32m+[0m[0m name                                          = "snet-aml-pe-dev-cc03"
      [32m+[0m[0m private_endpoint_network_policies             = "Disabled"
      [32m+[0m[0m private_link_service_network_policies_enabled = true
      [32m+[0m[0m resource_group_name                           = "rg-aml-vnet-dev-cc-03"
      [32m+[0m[0m virtual_network_name                          = "vnet-aml-dev-cc-03"
    }

[1m  # azurerm_subnet.prod_bastion[0m will be created
[0m  [32m+[0m[0m resource "azurerm_subnet" "prod_bastion" {
      [32m+[0m[0m address_prefixes                              = [
          [32m+[0m[0m "10.2.2.0/26",
        ]
      [32m+[0m[0m default_outbound_access_enabled               = true
      [32m+[0m[0m id                                            = (known after apply)
      [32m+[0m[0m name                                          = "AzureBastionSubnet"
      [32m+[0m[0m private_endpoint_network_policies             = "Disabled"
      [32m+[0m[0m private_link_service_network_policies_enabled = true
      [32m+[0m[0m resource_group_name                           = "rg-aml-vnet-prod-cc-03"
      [32m+[0m[0m virtual_network_name                          = "vnet-aml-prod-cc-03"
    }

[1m  # azurerm_subnet.prod_pe[0m will be created
[0m  [32m+[0m[0m resource "azurerm_subnet" "prod_pe" {
      [32m+[0m[0m address_prefixes                              = [
          [32m+[0m[0m "10.2.1.0/24",
        ]
      [32m+[0m[0m default_outbound_access_enabled               = true
      [32m+[0m[0m id                                            = (known after apply)
      [32m+[0m[0m name                                          = "snet-aml-pe-prod-cc03"
      [32m+[0m[0m private_endpoint_network_policies             = "Disabled"
      [32m+[0m[0m private_link_service_network_policies_enabled = true
      [32m+[0m[0m resource_group_name                           = "rg-aml-vnet-prod-cc-03"
      [32m+[0m[0m virtual_network_name                          = "vnet-aml-prod-cc-03"
    }

[1m  # azurerm_subnet.prod_vm[0m will be created
[0m  [32m+[0m[0m resource "azurerm_subnet" "prod_vm" {
      [32m+[0m[0m address_prefixes                              = [
          [32m+[0m[0m "10.2.3.0/24",
        ]
      [32m+[0m[0m default_outbound_access_enabled               = true
      [32m+[0m[0m id                                            = (known after apply)
      [32m+[0m[0m name                                          = "snet-aml-vm-prod-cc03"
      [32m+[0m[0m private_endpoint_network_policies             = "Disabled"
      [32m+[0m[0m private_link_service_network_policies_enabled = true
      [32m+[0m[0m resource_group_name                           = "rg-aml-vnet-prod-cc-03"
      [32m+[0m[0m virtual_network_name                          = "vnet-aml-prod-cc-03"
    }

[1m  # azurerm_subnet_network_security_group_association.prod_vm_nsg_assoc[0m will be created
[0m  [32m+[0m[0m resource "azurerm_subnet_network_security_group_association" "prod_vm_nsg_assoc" {
      [32m+[0m[0m id                        = (known after apply)
      [32m+[0m[0m network_security_group_id = (known after apply)
      [32m+[0m[0m subnet_id                 = (known after apply)
    }

[1m  # azurerm_user_assigned_identity.dev_cc[0m will be created
[0m  [32m+[0m[0m resource "azurerm_user_assigned_identity" "dev_cc" {
      [32m+[0m[0m client_id           = (known after apply)
      [32m+[0m[0m id                  = (known after apply)
      [32m+[0m[0m location            = "canadacentral"
      [32m+[0m[0m name                = "dev-mi-compute"
      [32m+[0m[0m principal_id        = (known after apply)
      [32m+[0m[0m resource_group_name = "rg-aml-vnet-dev-cc-03"
      [32m+[0m[0m tags                = {
          [32m+[0m[0m "component"   = "compute-mi"
          [32m+[0m[0m "created_by"  = "terraform"
          [32m+[0m[0m "deployment"  = "flat-vnet-bastion"
          [32m+[0m[0m "environment" = "development"
          [32m+[0m[0m "owner"       = "ml-team"
          [32m+[0m[0m "project"     = "ml-platform"
          [32m+[0m[0m "purpose"     = "dev"
        }
      [32m+[0m[0m tenant_id           = (known after apply)
    }

[1m  # azurerm_user_assigned_identity.prod_cc[0m will be created
[0m  [32m+[0m[0m resource "azurerm_user_assigned_identity" "prod_cc" {
      [32m+[0m[0m client_id           = (known after apply)
      [32m+[0m[0m id                  = (known after apply)
      [32m+[0m[0m location            = "canadacentral"
      [32m+[0m[0m name                = "prod-mi-compute"
      [32m+[0m[0m principal_id        = (known after apply)
      [32m+[0m[0m resource_group_name = "rg-aml-vnet-prod-cc-03"
      [32m+[0m[0m tags                = {
          [32m+[0m[0m "component"   = "compute-mi"
          [32m+[0m[0m "created_by"  = "terraform"
          [32m+[0m[0m "deployment"  = "flat-vnet-bastion"
          [32m+[0m[0m "environment" = "production"
          [32m+[0m[0m "owner"       = "ml-team"
          [32m+[0m[0m "project"     = "ml-platform"
          [32m+[0m[0m "purpose"     = "prod"
        }
      [32m+[0m[0m tenant_id           = (known after apply)
    }

[1m  # azurerm_virtual_network.dev_vnet[0m will be created
[0m  [32m+[0m[0m resource "azurerm_virtual_network" "dev_vnet" {
      [32m+[0m[0m address_space                  = [
          [32m+[0m[0m "10.1.0.0/16",
        ]
      [32m+[0m[0m dns_servers                    = [
          [32m+[0m[0m "168.63.129.16",
        ]
      [32m+[0m[0m guid                           = (known after apply)
      [32m+[0m[0m id                             = (known after apply)
      [32m+[0m[0m location                       = "canadacentral"
      [32m+[0m[0m name                           = "vnet-aml-dev-cc-03"
      [32m+[0m[0m private_endpoint_vnet_policies = "Disabled"
      [32m+[0m[0m resource_group_name            = "rg-aml-vnet-dev-cc-03"
      [32m+[0m[0m subnet                         = (known after apply)
      [32m+[0m[0m tags                           = {
          [32m+[0m[0m "component"   = "vnet"
          [32m+[0m[0m "created_by"  = "terraform"
          [32m+[0m[0m "deployment"  = "flat-vnet-bastion"
          [32m+[0m[0m "environment" = "development"
          [32m+[0m[0m "owner"       = "ml-team"
          [32m+[0m[0m "project"     = "ml-platform"
          [32m+[0m[0m "purpose"     = "dev"
        }
    }

[1m  # azurerm_virtual_network.prod_vnet[0m will be created
[0m  [32m+[0m[0m resource "azurerm_virtual_network" "prod_vnet" {
      [32m+[0m[0m address_space                  = [
          [32m+[0m[0m "10.2.0.0/16",
        ]
      [32m+[0m[0m dns_servers                    = [
          [32m+[0m[0m "168.63.129.16",
        ]
      [32m+[0m[0m guid                           = (known after apply)
      [32m+[0m[0m id                             = (known after apply)
      [32m+[0m[0m location                       = "canadacentral"
      [32m+[0m[0m name                           = "vnet-aml-prod-cc-03"
      [32m+[0m[0m private_endpoint_vnet_policies = "Disabled"
      [32m+[0m[0m resource_group_name            = "rg-aml-vnet-prod-cc-03"
      [32m+[0m[0m subnet                         = (known after apply)
      [32m+[0m[0m tags                           = {
          [32m+[0m[0m "component"   = "vnet"
          [32m+[0m[0m "created_by"  = "terraform"
          [32m+[0m[0m "deployment"  = "flat-vnet-bastion"
          [32m+[0m[0m "environment" = "production"
          [32m+[0m[0m "owner"       = "ml-team"
          [32m+[0m[0m "project"     = "ml-platform"
          [32m+[0m[0m "purpose"     = "prod"
        }
    }

[1m  # azurerm_virtual_network_peering.dev_to_prod[0m will be created
[0m  [32m+[0m[0m resource "azurerm_virtual_network_peering" "dev_to_prod" {
      [32m+[0m[0m allow_forwarded_traffic                = true
      [32m+[0m[0m allow_gateway_transit                  = false
      [32m+[0m[0m allow_virtual_network_access           = true
      [32m+[0m[0m id                                     = (known after apply)
      [32m+[0m[0m name                                   = "dev-to-prod"
      [32m+[0m[0m peer_complete_virtual_networks_enabled = true
      [32m+[0m[0m remote_virtual_network_id              = (known after apply)
      [32m+[0m[0m resource_group_name                    = "rg-aml-vnet-dev-cc-03"
      [32m+[0m[0m use_remote_gateways                    = false
      [32m+[0m[0m virtual_network_name                   = "vnet-aml-dev-cc-03"
    }

[1m  # azurerm_virtual_network_peering.prod_to_dev[0m will be created
[0m  [32m+[0m[0m resource "azurerm_virtual_network_peering" "prod_to_dev" {
      [32m+[0m[0m allow_forwarded_traffic                = true
      [32m+[0m[0m allow_gateway_transit                  = false
      [32m+[0m[0m allow_virtual_network_access           = true
      [32m+[0m[0m id                                     = (known after apply)
      [32m+[0m[0m name                                   = "prod-to-dev"
      [32m+[0m[0m peer_complete_virtual_networks_enabled = true
      [32m+[0m[0m remote_virtual_network_id              = (known after apply)
      [32m+[0m[0m resource_group_name                    = "rg-aml-vnet-prod-cc-03"
      [32m+[0m[0m use_remote_gateways                    = false
      [32m+[0m[0m virtual_network_name                   = "vnet-aml-prod-cc-03"
    }

[1m  # azurerm_windows_virtual_machine.jumpbox[0m will be created
[0m  [32m+[0m[0m resource "azurerm_windows_virtual_machine" "jumpbox" {
      [32m+[0m[0m admin_password                                         = (sensitive value)
      [32m+[0m[0m admin_username                                         = "mlopsuser"
      [32m+[0m[0m allow_extension_operations                             = true
      [32m+[0m[0m bypass_platform_safety_checks_on_user_schedule_enabled = false
      [32m+[0m[0m computer_name                                          = "jumpbox"
      [32m+[0m[0m disk_controller_type                                   = (known after apply)
      [32m+[0m[0m enable_automatic_updates                               = true
      [32m+[0m[0m extensions_time_budget                                 = "PT1H30M"
      [32m+[0m[0m hotpatching_enabled                                    = false
      [32m+[0m[0m id                                                     = (known after apply)
      [32m+[0m[0m location                                               = "canadacentral"
      [32m+[0m[0m max_bid_price                                          = -1
      [32m+[0m[0m name                                                   = "vm-aml-jumpbox-prod-cc03"
      [32m+[0m[0m network_interface_ids                                  = (known after apply)
      [32m+[0m[0m patch_assessment_mode                                  = "ImageDefault"
      [32m+[0m[0m patch_mode                                             = "AutomaticByOS"
      [32m+[0m[0m platform_fault_domain                                  = -1
      [32m+[0m[0m priority                                               = "Regular"
      [32m+[0m[0m private_ip_address                                     = (known after apply)
      [32m+[0m[0m private_ip_addresses                                   = (known after apply)
      [32m+[0m[0m provision_vm_agent                                     = true
      [32m+[0m[0m public_ip_address                                      = (known after apply)
      [32m+[0m[0m public_ip_addresses                                    = (known after apply)
      [32m+[0m[0m resource_group_name                                    = "rg-aml-vnet-prod-cc-03"
      [32m+[0m[0m size                                                   = "Standard_DS4_v2"
      [32m+[0m[0m tags                                                   = {
          [32m+[0m[0m "component"   = "vm"
          [32m+[0m[0m "created_by"  = "terraform"
          [32m+[0m[0m "deployment"  = "flat-vnet-bastion"
          [32m+[0m[0m "environment" = "production"
          [32m+[0m[0m "owner"       = "ml-team"
          [32m+[0m[0m "project"     = "ml-platform"
          [32m+[0m[0m "purpose"     = "prod"
        }
      [32m+[0m[0m virtual_machine_id                                     = (known after apply)
      [32m+[0m[0m vm_agent_platform_updates_enabled                      = (known after apply)

      [32m+[0m[0m boot_diagnostics {}

      [32m+[0m[0m os_disk {
          [32m+[0m[0m caching                   = "ReadWrite"
          [32m+[0m[0m disk_size_gb              = (known after apply)
          [32m+[0m[0m id                        = (known after apply)
          [32m+[0m[0m name                      = (known after apply)
          [32m+[0m[0m storage_account_type      = "Premium_LRS"
          [32m+[0m[0m write_accelerator_enabled = false
        }

      [32m+[0m[0m source_image_reference {
          [32m+[0m[0m offer     = "dsvm-win-2022"
          [32m+[0m[0m publisher = "microsoft-dsvm"
          [32m+[0m[0m sku       = "winserver-2022"
          [32m+[0m[0m version   = "latest"
        }

      [32m+[0m[0m termination_notification (known after apply)
    }

[1m  # null_resource.deployment_complete[0m will be created
[0m  [32m+[0m[0m resource "null_resource" "deployment_complete" {
      [32m+[0m[0m id = (known after apply)
    }

[1m  # module.dev_managed_umi.data.azurerm_client_config.current[0m will be read during apply
  # (depends on a resource or a module with changes pending)
[0m [36m<=[0m[0m data "azurerm_client_config" "current" {
      [32m+[0m[0m client_id       = (known after apply)
      [32m+[0m[0m id              = (known after apply)
      [32m+[0m[0m object_id       = (known after apply)
      [32m+[0m[0m subscription_id = (known after apply)
      [32m+[0m[0m tenant_id       = (known after apply)
    }

[1m  # module.dev_managed_umi.data.azurerm_client_config.identity_config[0m will be read during apply
  # (depends on a resource or a module with changes pending)
[0m [36m<=[0m[0m data "azurerm_client_config" "identity_config" {
      [32m+[0m[0m client_id       = (known after apply)
      [32m+[0m[0m id              = (known after apply)
      [32m+[0m[0m object_id       = (known after apply)
      [32m+[0m[0m subscription_id = (known after apply)
      [32m+[0m[0m tenant_id       = (known after apply)
    }

[1m  # module.dev_managed_umi.data.azurerm_subscription.current[0m will be read during apply
  # (depends on a resource or a module with changes pending)
[0m [36m<=[0m[0m data "azurerm_subscription" "current" {
      [32m+[0m[0m display_name          = (known after apply)
      [32m+[0m[0m id                    = (known after apply)
      [32m+[0m[0m location_placement_id = (known after apply)
      [32m+[0m[0m quota_id              = (known after apply)
      [32m+[0m[0m spending_limit        = (known after apply)
      [32m+[0m[0m state                 = (known after apply)
      [32m+[0m[0m subscription_id       = (known after apply)
      [32m+[0m[0m tags                  = (known after apply)
      [32m+[0m[0m tenant_id             = (known after apply)
    }

[1m  # module.dev_managed_umi.azapi_resource.aml_workspace[0m will be created
[0m  [32m+[0m[0m resource "azapi_resource" "aml_workspace" {
      [32m+[0m[0m body                      = {
          [32m+[0m[0m identity   = {
              [32m+[0m[0m type                   = "UserAssigned"
              [32m+[0m[0m userAssignedIdentities = (known after apply)
            }
          [32m+[0m[0m kind       = "Default"
          [32m+[0m[0m properties = {
              [32m+[0m[0m allowRoleAssignmentOnRG     = true
              [32m+[0m[0m applicationInsights         = (known after apply)
              [32m+[0m[0m containerRegistry           = (known after apply)
              [32m+[0m[0m description                 = "Azure Machine Learning Workspace for testing"
              [32m+[0m[0m keyVault                    = (known after apply)
              [32m+[0m[0m managedNetwork              = {
                  [32m+[0m[0m firewallSku   = "Standard"
                  [32m+[0m[0m isolationMode = "AllowOnlyApprovedOutbound"
                  [32m+[0m[0m outboundRules = {
                      [32m+[0m[0m AllowAnacondaCom                = {
                          [32m+[0m[0m category    = "UserDefined"
                          [32m+[0m[0m destination = "anaconda.com"
                          [32m+[0m[0m type        = "FQDN"
                        }
                      [32m+[0m[0m AllowAnacondaComWildcard        = {
                          [32m+[0m[0m category    = "UserDefined"
                          [32m+[0m[0m destination = "*.anaconda.com"
                          [32m+[0m[0m type        = "FQDN"
                        }
                      [32m+[0m[0m AllowAnacondaOrgWildcard        = {
                          [32m+[0m[0m category    = "UserDefined"
                          [32m+[0m[0m destination = "*.anaconda.org"
                          [32m+[0m[0m type        = "FQDN"
                        }
                      [32m+[0m[0m AllowAzureMLApiWildcard         = {
                          [32m+[0m[0m category    = "UserDefined"
                          [32m+[0m[0m destination = "*.azureml.net"
                          [32m+[0m[0m type        = "FQDN"
                        }
                      [32m+[0m[0m AllowAzureMLStudioWildcard      = {
                          [32m+[0m[0m category    = "UserDefined"
                          [32m+[0m[0m destination = "*.azureml.ms"
                          [32m+[0m[0m type        = "FQDN"
                        }
                      [32m+[0m[0m AllowAzureMLWildcard            = {
                          [32m+[0m[0m category    = "UserDefined"
                          [32m+[0m[0m destination = "*.ml.azure.com"
                          [32m+[0m[0m type        = "FQDN"
                        }
                      [32m+[0m[0m AllowAzureResourceManager       = {
                          [32m+[0m[0m category    = "UserDefined"
                          [32m+[0m[0m destination = "management.azure.com"
                          [32m+[0m[0m type        = "FQDN"
                        }
                      [32m+[0m[0m AllowCdnAuth0Com                = {
                          [32m+[0m[0m category    = "UserDefined"
                          [32m+[0m[0m destination = "cdn.auth0.com"
                          [32m+[0m[0m type        = "FQDN"
                        }
                      [32m+[0m[0m AllowCdnHuggingFaceCo           = {
                          [32m+[0m[0m category    = "UserDefined"
                          [32m+[0m[0m destination = "cdn-lfs.huggingface.co"
                          [32m+[0m[0m type        = "FQDN"
                        }
                      [32m+[0m[0m AllowCodeVisualStudio           = {
                          [32m+[0m[0m category    = "UserDefined"
                          [32m+[0m[0m destination = "code.visualstudio.com"
                          [32m+[0m[0m type        = "FQDN"
                        }
                      [32m+[0m[0m AllowDefaultExpTas              = {
                          [32m+[0m[0m category    = "UserDefined"
                          [32m+[0m[0m destination = "default.exp-tas.com"
                          [32m+[0m[0m type        = "FQDN"
                        }
                      [32m+[0m[0m AllowDockerCloudFlareProduction = {
                          [32m+[0m[0m category    = "UserDefined"
                          [32m+[0m[0m destination = "production.cloudflare.docker.com"
                          [32m+[0m[0m type        = "FQDN"
                        }
                      [32m+[0m[0m AllowDockerComWildcard          = {
                          [32m+[0m[0m category    = "UserDefined"
                          [32m+[0m[0m destination = "*.docker.com"
                          [32m+[0m[0m type        = "FQDN"
                        }
                      [32m+[0m[0m AllowDockerIo                   = {
                          [32m+[0m[0m category    = "UserDefined"
                          [32m+[0m[0m destination = "docker.io"
                          [32m+[0m[0m type        = "FQDN"
                        }
                      [32m+[0m[0m AllowDockerIoWildcard           = {
                          [32m+[0m[0m category    = "UserDefined"
                          [32m+[0m[0m destination = "*.docker.io"
                          [32m+[0m[0m type        = "FQDN"
                        }
                      [32m+[0m[0m AllowGalleryCdnWildcard         = {
                          [32m+[0m[0m category    = "UserDefined"
                          [32m+[0m[0m destination = "*.gallerycdn.vsassets.io"
                          [32m+[0m[0m type        = "FQDN"
                        }
                      [32m+[0m[0m AllowMarketplaceVisualStudio    = {
                          [32m+[0m[0m category    = "UserDefined"
                          [32m+[0m[0m destination = "marketplace.visualstudio.com"
                          [32m+[0m[0m type        = "FQDN"
                        }
                      [32m+[0m[0m AllowPypi                       = {
                          [32m+[0m[0m category    = "UserDefined"
                          [32m+[0m[0m destination = "pypi.org"
                          [32m+[0m[0m type        = "FQDN"
                        }
                      [32m+[0m[0m AllowPythonHostedWildcard       = {
                          [32m+[0m[0m category    = "UserDefined"
                          [32m+[0m[0m destination = "*.pythonhosted.org"
                          [32m+[0m[0m type        = "FQDN"
                        }
                      [32m+[0m[0m AllowRawGithub                  = {
                          [32m+[0m[0m category    = "UserDefined"
                          [32m+[0m[0m destination = "raw.githubusercontent.com"
                          [32m+[0m[0m type        = "FQDN"
                        }
                      [32m+[0m[0m AllowUpdateCodeVisualStudio     = {
                          [32m+[0m[0m category    = "UserDefined"
                          [32m+[0m[0m destination = "update.code.visualstudio.com"
                          [32m+[0m[0m type        = "FQDN"
                        }
                      [32m+[0m[0m AllowVsCodeBlob                 = {
                          [32m+[0m[0m category    = "UserDefined"
                          [32m+[0m[0m destination = "vscode.blob.core.windows.net"
                          [32m+[0m[0m type        = "FQDN"
                        }
                      [32m+[0m[0m AllowVsCodeCndWildcard          = {
                          [32m+[0m[0m category    = "UserDefined"
                          [32m+[0m[0m destination = "*.vscode-cdn.net"
                          [32m+[0m[0m type        = "FQDN"
                        }
                      [32m+[0m[0m AllowVsCodeDevWildcard          = {
                          [32m+[0m[0m category    = "UserDefined"
                          [32m+[0m[0m destination = "*.vscode.dev"
                          [32m+[0m[0m type        = "FQDN"
                        }
                      [32m+[0m[0m AllowVsCodeDownload             = {
                          [32m+[0m[0m category    = "UserDefined"
                          [32m+[0m[0m destination = "vscode.download.prss.microsoft.com"
                          [32m+[0m[0m type        = "FQDN"
                        }
                      [32m+[0m[0m AllowVsCodeExperimentsWildcard  = {
                          [32m+[0m[0m category    = "UserDefined"
                          [32m+[0m[0m destination = "*.vscodeexperiments.azureedge.net"
                          [32m+[0m[0m type        = "FQDN"
                        }
                      [32m+[0m[0m AllowVsCodeUnpkWildcard         = {
                          [32m+[0m[0m category    = "UserDefined"
                          [32m+[0m[0m destination = "*.vscode-unpkg.net"
                          [32m+[0m[0m type        = "FQDN"
                        }
                      [32m+[0m[0m AllowVsMsecndNet                = {
                          [32m+[0m[0m category    = "UserDefined"
                          [32m+[0m[0m destination = "*.vo.msecnd.net"
                          [32m+[0m[0m type        = "FQDN"
                        }
                    }
                }
              [32m+[0m[0m managedNetworkKind          = "V1"
              [32m+[0m[0m primaryUserAssignedIdentity = (known after apply)
              [32m+[0m[0m provisionNetworkNow         = true
              [32m+[0m[0m publicNetworkAccess         = "disabled"
              [32m+[0m[0m storageAccount              = (known after apply)
              [32m+[0m[0m systemDatastoresAuthMode    = "identity"
            }
          [32m+[0m[0m tags       = {
              [32m+[0m[0m created_by  = "terraform"
              [32m+[0m[0m deployment  = "flat-vnet-bastion"
              [32m+[0m[0m environment = "development"
              [32m+[0m[0m owner       = "ml-team"
              [32m+[0m[0m project     = "ml-platform"
              [32m+[0m[0m purpose     = "dev"
            }
        }
      [32m+[0m[0m id                        = (known after apply)
      [32m+[0m[0m ignore_casing             = false
      [32m+[0m[0m ignore_missing_property   = true
      [32m+[0m[0m location                  = "canadacentral"
      [32m+[0m[0m name                      = "mlwdevcc03"
      [32m+[0m[0m output                    = (known after apply)
      [32m+[0m[0m parent_id                 = "/subscriptions/5784b6a5-de3f-4fa4-8b8f-e5bb70ff6b25/resourceGroups/rg-aml-ws-dev-cc-03"
      [32m+[0m[0m schema_validation_enabled = false
      [32m+[0m[0m tags                      = (known after apply)
      [32m+[0m[0m type                      = "Microsoft.MachineLearningServices/workspaces@2025-04-01-preview"
    }

[1m  # module.dev_managed_umi.azapi_resource.compute_cluster_uami[0m will be created
[0m  [32m+[0m[0m resource "azapi_resource" "compute_cluster_uami" {
      [32m+[0m[0m body                      = {
          [32m+[0m[0m identity   = {
              [32m+[0m[0m type                   = "UserAssigned"
              [32m+[0m[0m userAssignedIdentities = (known after apply)
            }
          [32m+[0m[0m properties = {
              [32m+[0m[0m computeType = "AmlCompute"
              [32m+[0m[0m description = "CPU compute cluster with user-assigned managed identity for ML training workloads"
              [32m+[0m[0m properties  = {
                  [32m+[0m[0m enableNodePublicIp          = false
                  [32m+[0m[0m isolatedNetwork             = false
                  [32m+[0m[0m osType                      = "Linux"
                  [32m+[0m[0m remoteLoginPortPublicAccess = "Disabled"
                  [32m+[0m[0m scaleSettings               = {
                      [32m+[0m[0m maxNodeCount                = 4
                      [32m+[0m[0m minNodeCount                = 2
                      [32m+[0m[0m nodeIdleTimeBeforeScaleDown = "PT2M"
                    }
                  [32m+[0m[0m vmSize                      = "Standard_F8s_v2"
                }
            }
        }
      [32m+[0m[0m id                        = (known after apply)
      [32m+[0m[0m ignore_casing             = false
      [32m+[0m[0m ignore_missing_property   = true
      [32m+[0m[0m location                  = "canadacentral"
      [32m+[0m[0m name                      = "amlcc-dev-cc03"
      [32m+[0m[0m output                    = (known after apply)
      [32m+[0m[0m parent_id                 = (known after apply)
      [32m+[0m[0m schema_validation_enabled = true
      [32m+[0m[0m tags                      = {
          [32m+[0m[0m "created_by"  = "terraform"
          [32m+[0m[0m "deployment"  = "flat-vnet-bastion"
          [32m+[0m[0m "environment" = "development"
          [32m+[0m[0m "owner"       = "ml-team"
          [32m+[0m[0m "project"     = "ml-platform"
          [32m+[0m[0m "purpose"     = "dev"
        }
      [32m+[0m[0m type                      = "Microsoft.MachineLearningServices/workspaces/computes@2024-10-01"
    }

[1m  # module.dev_managed_umi.azapi_resource.compute_instance_uami[0m will be created
[0m  [32m+[0m[0m resource "azapi_resource" "compute_instance_uami" {
      [32m+[0m[0m body                      = {
          [32m+[0m[0m identity   = {
              [32m+[0m[0m type                   = "UserAssigned"
              [32m+[0m[0m userAssignedIdentities = (known after apply)
            }
          [32m+[0m[0m properties = {
              [32m+[0m[0m computeType = "ComputeInstance"
              [32m+[0m[0m description = "Personal compute instance with user-assigned managed identity for interactive ML development"
              [32m+[0m[0m properties  = {
                  [32m+[0m[0m applicationSharingPolicy         = "Personal"
                  [32m+[0m[0m computeInstanceAuthorizationType = "personal"
                  [32m+[0m[0m enableNodePublicIp               = false
                  [32m+[0m[0m personalComputeInstanceSettings  = {
                      [32m+[0m[0m assignedUser = {
                          [32m+[0m[0m objectId = (known after apply)
                          [32m+[0m[0m tenantId = (known after apply)
                        }
                    }
                  [32m+[0m[0m sshSettings                      = {
                      [32m+[0m[0m sshPublicAccess = "Disabled"
                    }
                  [32m+[0m[0m vmSize                           = "Standard_F8s_v2"
                }
            }
        }
      [32m+[0m[0m id                        = (known after apply)
      [32m+[0m[0m ignore_casing             = false
      [32m+[0m[0m ignore_missing_property   = true
      [32m+[0m[0m location                  = "canadacentral"
      [32m+[0m[0m name                      = "amli-dev-cc03"
      [32m+[0m[0m output                    = (known after apply)
      [32m+[0m[0m parent_id                 = (known after apply)
      [32m+[0m[0m schema_validation_enabled = true
      [32m+[0m[0m tags                      = {
          [32m+[0m[0m "created_by"  = "terraform"
          [32m+[0m[0m "deployment"  = "flat-vnet-bastion"
          [32m+[0m[0m "environment" = "development"
          [32m+[0m[0m "owner"       = "ml-team"
          [32m+[0m[0m "project"     = "ml-platform"
          [32m+[0m[0m "purpose"     = "dev"
        }
      [32m+[0m[0m type                      = "Microsoft.MachineLearningServices/workspaces/computes@2024-10-01"
    }

[1m  # module.dev_managed_umi.azapi_update_resource.workspace_image_build_config[0m will be created
[0m  [32m+[0m[0m resource "azapi_update_resource" "workspace_image_build_config" {
      [32m+[0m[0m body                    = {
          [32m+[0m[0m properties = {
              [32m+[0m[0m imageBuildCompute = "amlcc-dev-cc03"
            }
        }
      [32m+[0m[0m id                      = (known after apply)
      [32m+[0m[0m ignore_casing           = false
      [32m+[0m[0m ignore_missing_property = true
      [32m+[0m[0m name                    = (known after apply)
      [32m+[0m[0m output                  = (known after apply)
      [32m+[0m[0m parent_id               = (known after apply)
      [32m+[0m[0m resource_id             = (known after apply)
      [32m+[0m[0m type                    = "Microsoft.MachineLearningServices/workspaces@2025-04-01-preview"
    }

[1m  # module.dev_managed_umi.azurerm_application_insights.aml-appins[0m will be created
[0m  [32m+[0m[0m resource "azurerm_application_insights" "aml-appins" {
      [32m+[0m[0m app_id                              = (known after apply)
      [32m+[0m[0m application_type                    = "other"
      [32m+[0m[0m connection_string                   = (sensitive value)
      [32m+[0m[0m daily_data_cap_in_gb                = 100
      [32m+[0m[0m disable_ip_masking                  = false
      [32m+[0m[0m force_customer_storage_for_profiler = false
      [32m+[0m[0m id                                  = (known after apply)
      [32m+[0m[0m instrumentation_key                 = (sensitive value)
      [32m+[0m[0m internet_ingestion_enabled          = true
      [32m+[0m[0m internet_query_enabled              = true
      [32m+[0m[0m local_authentication_disabled       = false
      [32m+[0m[0m location                            = "canadacentral"
      [32m+[0m[0m name                                = "mlwindevcc03"
      [32m+[0m[0m resource_group_name                 = "rg-aml-ws-dev-cc-03"
      [32m+[0m[0m retention_in_days                   = 90
      [32m+[0m[0m sampling_percentage                 = 100
      [32m+[0m[0m workspace_id                        = (known after apply)
    }

[1m  # module.dev_managed_umi.azurerm_monitor_diagnostic_setting.appinsights_diagnostics[0m will be created
[0m  [32m+[0m[0m resource "azurerm_monitor_diagnostic_setting" "appinsights_diagnostics" {
      [32m+[0m[0m id                             = (known after apply)
      [32m+[0m[0m log_analytics_destination_type = (known after apply)
      [32m+[0m[0m log_analytics_workspace_id     = (known after apply)
      [32m+[0m[0m name                           = "mlwindevcc03-diagnostics-dev-03"
      [32m+[0m[0m target_resource_id             = (known after apply)

      [32m+[0m[0m enabled_log {
          [32m+[0m[0m category       = "AppAvailabilityResults"
            [90m# (1 unchanged attribute hidden)[0m[0m
        }
      [32m+[0m[0m enabled_log {
          [32m+[0m[0m category       = "AppBrowserTimings"
            [90m# (1 unchanged attribute hidden)[0m[0m
        }
      [32m+[0m[0m enabled_log {
          [32m+[0m[0m category       = "AppDependencies"
            [90m# (1 unchanged attribute hidden)[0m[0m
        }
      [32m+[0m[0m enabled_log {
          [32m+[0m[0m category       = "AppEvents"
            [90m# (1 unchanged attribute hidden)[0m[0m
        }
      [32m+[0m[0m enabled_log {
          [32m+[0m[0m category       = "AppExceptions"
            [90m# (1 unchanged attribute hidden)[0m[0m
        }
      [32m+[0m[0m enabled_log {
          [32m+[0m[0m category       = "AppMetrics"
            [90m# (1 unchanged attribute hidden)[0m[0m
        }
      [32m+[0m[0m enabled_log {
          [32m+[0m[0m category       = "AppPageViews"
            [90m# (1 unchanged attribute hidden)[0m[0m
        }
      [32m+[0m[0m enabled_log {
          [32m+[0m[0m category       = "AppPerformanceCounters"
            [90m# (1 unchanged attribute hidden)[0m[0m
        }
      [32m+[0m[0m enabled_log {
          [32m+[0m[0m category       = "AppRequests"
            [90m# (1 unchanged attribute hidden)[0m[0m
        }
      [32m+[0m[0m enabled_log {
          [32m+[0m[0m category       = "AppSystemEvents"
            [90m# (1 unchanged attribute hidden)[0m[0m
        }
      [32m+[0m[0m enabled_log {
          [32m+[0m[0m category       = "AppTraces"
            [90m# (1 unchanged attribute hidden)[0m[0m
        }

      [32m+[0m[0m enabled_metric {
          [32m+[0m[0m category = "AllMetrics"
        }

      [32m+[0m[0m metric (known after apply)
    }

[1m  # module.dev_managed_umi.azurerm_monitor_diagnostic_setting.ml_workspace_diagnostics[0m will be created
[0m  [32m+[0m[0m resource "azurerm_monitor_diagnostic_setting" "ml_workspace_diagnostics" {
      [32m+[0m[0m id                             = (known after apply)
      [32m+[0m[0m log_analytics_destination_type = (known after apply)
      [32m+[0m[0m log_analytics_workspace_id     = (known after apply)
      [32m+[0m[0m name                           = "mlwdevcc03-diagnostics-dev-03"
      [32m+[0m[0m target_resource_id             = (known after apply)

      [32m+[0m[0m enabled_log {
          [32m+[0m[0m category       = "AmlComputeClusterEvent"
            [90m# (1 unchanged attribute hidden)[0m[0m
        }
      [32m+[0m[0m enabled_log {
          [32m+[0m[0m category       = "AmlComputeClusterNodeEvent"
            [90m# (1 unchanged attribute hidden)[0m[0m
        }
      [32m+[0m[0m enabled_log {
          [32m+[0m[0m category       = "AmlComputeCpuGpuUtilization"
            [90m# (1 unchanged attribute hidden)[0m[0m
        }
      [32m+[0m[0m enabled_log {
          [32m+[0m[0m category       = "AmlComputeJobEvent"
            [90m# (1 unchanged attribute hidden)[0m[0m
        }
      [32m+[0m[0m enabled_log {
          [32m+[0m[0m category       = "AmlRunStatusChangedEvent"
            [90m# (1 unchanged attribute hidden)[0m[0m
        }
      [32m+[0m[0m enabled_log {
          [32m+[0m[0m category       = "ComputeInstanceEvent"
            [90m# (1 unchanged attribute hidden)[0m[0m
        }
      [32m+[0m[0m enabled_log {
          [32m+[0m[0m category       = "DataLabelChangeEvent"
            [90m# (1 unchanged attribute hidden)[0m[0m
        }
      [32m+[0m[0m enabled_log {
          [32m+[0m[0m category       = "DataLabelReadEvent"
            [90m# (1 unchanged attribute hidden)[0m[0m
        }
      [32m+[0m[0m enabled_log {
          [32m+[0m[0m category       = "DataSetChangeEvent"
            [90m# (1 unchanged attribute hidden)[0m[0m
        }
      [32m+[0m[0m enabled_log {
          [32m+[0m[0m category       = "DataSetReadEvent"
            [90m# (1 unchanged attribute hidden)[0m[0m
        }
      [32m+[0m[0m enabled_log {
          [32m+[0m[0m category       = "DataStoreChangeEvent"
            [90m# (1 unchanged attribute hidden)[0m[0m
        }
      [32m+[0m[0m enabled_log {
          [32m+[0m[0m category       = "DataStoreReadEvent"
            [90m# (1 unchanged attribute hidden)[0m[0m
        }
      [32m+[0m[0m enabled_log {
          [32m+[0m[0m category       = "DeploymentEventACI"
            [90m# (1 unchanged attribute hidden)[0m[0m
        }
      [32m+[0m[0m enabled_log {
          [32m+[0m[0m category       = "DeploymentEventAKS"
            [90m# (1 unchanged attribute hidden)[0m[0m
        }
      [32m+[0m[0m enabled_log {
          [32m+[0m[0m category       = "DeploymentReadEvent"
            [90m# (1 unchanged attribute hidden)[0m[0m
        }
      [32m+[0m[0m enabled_log {
          [32m+[0m[0m category       = "EnvironmentChangeEvent"
            [90m# (1 unchanged attribute hidden)[0m[0m
        }
      [32m+[0m[0m enabled_log {
          [32m+[0m[0m category       = "EnvironmentReadEvent"
            [90m# (1 unchanged attribute hidden)[0m[0m
        }
      [32m+[0m[0m enabled_log {
          [32m+[0m[0m category       = "InferencingOperationACI"
            [90m# (1 unchanged attribute hidden)[0m[0m
        }
      [32m+[0m[0m enabled_log {
          [32m+[0m[0m category       = "InferencingOperationAKS"
            [90m# (1 unchanged attribute hidden)[0m[0m
        }
      [32m+[0m[0m enabled_log {
          [32m+[0m[0m category       = "ModelsActionEvent"
            [90m# (1 unchanged attribute hidden)[0m[0m
        }
      [32m+[0m[0m enabled_log {
          [32m+[0m[0m category       = "ModelsChangeEvent"
            [90m# (1 unchanged attribute hidden)[0m[0m
        }
      [32m+[0m[0m enabled_log {
          [32m+[0m[0m category       = "ModelsReadEvent"
            [90m# (1 unchanged attribute hidden)[0m[0m
        }
      [32m+[0m[0m enabled_log {
          [32m+[0m[0m category       = "PipelineChangeEvent"
            [90m# (1 unchanged attribute hidden)[0m[0m
        }
      [32m+[0m[0m enabled_log {
          [32m+[0m[0m category       = "PipelineReadEvent"
            [90m# (1 unchanged attribute hidden)[0m[0m
        }
      [32m+[0m[0m enabled_log {
          [32m+[0m[0m category       = "RunEvent"
            [90m# (1 unchanged attribute hidden)[0m[0m
        }
      [32m+[0m[0m enabled_log {
          [32m+[0m[0m category       = "RunReadEvent"
            [90m# (1 unchanged attribute hidden)[0m[0m
        }

      [32m+[0m[0m enabled_metric {
          [32m+[0m[0m category = "AllMetrics"
        }

      [32m+[0m[0m metric (known after apply)
    }

[1m  # module.dev_managed_umi.azurerm_role_assignment.ai_administrator[0m will be created
[0m  [32m+[0m[0m resource "azurerm_role_assignment" "ai_administrator" {
      [32m+[0m[0m condition_version                = (known after apply)
      [32m+[0m[0m id                               = (known after apply)
      [32m+[0m[0m name                             = (known after apply)
      [32m+[0m[0m principal_id                     = (known after apply)
      [32m+[0m[0m principal_type                   = (known after apply)
      [32m+[0m[0m role_definition_id               = (known after apply)
      [32m+[0m[0m role_definition_name             = "Azure AI Administrator"
      [32m+[0m[0m scope                            = "/subscriptions/5784b6a5-de3f-4fa4-8b8f-e5bb70ff6b25/resourceGroups/rg-aml-ws-dev-cc-03"
      [32m+[0m[0m skip_service_principal_aad_check = (known after apply)
    }

[1m  # module.dev_managed_umi.azurerm_role_assignment.ai_network_connection_approver[0m will be created
[0m  [32m+[0m[0m resource "azurerm_role_assignment" "ai_network_connection_approver" {
      [32m+[0m[0m condition_version                = (known after apply)
      [32m+[0m[0m id                               = (known after apply)
      [32m+[0m[0m name                             = (known after apply)
      [32m+[0m[0m principal_id                     = (known after apply)
      [32m+[0m[0m principal_type                   = (known after apply)
      [32m+[0m[0m role_definition_id               = (known after apply)
      [32m+[0m[0m role_definition_name             = "Azure AI Enterprise Network Connection Approver"
      [32m+[0m[0m scope                            = "/subscriptions/5784b6a5-de3f-4fa4-8b8f-e5bb70ff6b25/resourceGroups/rg-aml-ws-dev-cc-03"
      [32m+[0m[0m skip_service_principal_aad_check = (known after apply)
    }

[1m  # module.dev_managed_umi.azurerm_role_assignment.compute_acr_pull[0m will be created
[0m  [32m+[0m[0m resource "azurerm_role_assignment" "compute_acr_pull" {
      [32m+[0m[0m condition_version                = (known after apply)
      [32m+[0m[0m id                               = (known after apply)
      [32m+[0m[0m name                             = (known after apply)
      [32m+[0m[0m principal_id                     = (known after apply)
      [32m+[0m[0m principal_type                   = (known after apply)
      [32m+[0m[0m role_definition_id               = (known after apply)
      [32m+[0m[0m role_definition_name             = "AcrPull"
      [32m+[0m[0m scope                            = (known after apply)
      [32m+[0m[0m skip_service_principal_aad_check = (known after apply)
    }

[1m  # module.dev_managed_umi.azurerm_role_assignment.compute_acr_push[0m will be created
[0m  [32m+[0m[0m resource "azurerm_role_assignment" "compute_acr_push" {
      [32m+[0m[0m condition_version                = (known after apply)
      [32m+[0m[0m id                               = (known after apply)
      [32m+[0m[0m name                             = (known after apply)
      [32m+[0m[0m principal_id                     = (known after apply)
      [32m+[0m[0m principal_type                   = (known after apply)
      [32m+[0m[0m role_definition_id               = (known after apply)
      [32m+[0m[0m role_definition_name             = "AcrPush"
      [32m+[0m[0m scope                            = (known after apply)
      [32m+[0m[0m skip_service_principal_aad_check = (known after apply)
    }

[1m  # module.dev_managed_umi.azurerm_role_assignment.compute_keyvault_secrets_user[0m will be created
[0m  [32m+[0m[0m resource "azurerm_role_assignment" "compute_keyvault_secrets_user" {
      [32m+[0m[0m condition_version                = (known after apply)
      [32m+[0m[0m id                               = (known after apply)
      [32m+[0m[0m name                             = (known after apply)
      [32m+[0m[0m principal_id                     = (known after apply)
      [32m+[0m[0m principal_type                   = (known after apply)
      [32m+[0m[0m role_definition_id               = (known after apply)
      [32m+[0m[0m role_definition_name             = "Key Vault Secrets User"
      [32m+[0m[0m scope                            = (known after apply)
      [32m+[0m[0m skip_service_principal_aad_check = (known after apply)
    }

[1m  # module.dev_managed_umi.azurerm_role_assignment.compute_ml_data_scientist[0m will be created
[0m  [32m+[0m[0m resource "azurerm_role_assignment" "compute_ml_data_scientist" {
      [32m+[0m[0m condition_version                = (known after apply)
      [32m+[0m[0m id                               = (known after apply)
      [32m+[0m[0m name                             = (known after apply)
      [32m+[0m[0m principal_id                     = (known after apply)
      [32m+[0m[0m principal_type                   = (known after apply)
      [32m+[0m[0m role_definition_id               = (known after apply)
      [32m+[0m[0m role_definition_name             = "AzureML Data Scientist"
      [32m+[0m[0m scope                            = (known after apply)
      [32m+[0m[0m skip_service_principal_aad_check = (known after apply)
    }

[1m  # module.dev_managed_umi.azurerm_role_assignment.compute_rg_reader[0m will be created
[0m  [32m+[0m[0m resource "azurerm_role_assignment" "compute_rg_reader" {
      [32m+[0m[0m condition_version                = (known after apply)
      [32m+[0m[0m id                               = (known after apply)
      [32m+[0m[0m name                             = (known after apply)
      [32m+[0m[0m principal_id                     = (known after apply)
      [32m+[0m[0m principal_type                   = (known after apply)
      [32m+[0m[0m role_definition_id               = (known after apply)
      [32m+[0m[0m role_definition_name             = "Reader"
      [32m+[0m[0m scope                            = "/subscriptions/5784b6a5-de3f-4fa4-8b8f-e5bb70ff6b25/resourceGroups/rg-aml-ws-dev-cc-03"
      [32m+[0m[0m skip_service_principal_aad_check = (known after apply)
    }

[1m  # module.dev_managed_umi.azurerm_role_assignment.compute_storage_blob_contributor[0m will be created
[0m  [32m+[0m[0m resource "azurerm_role_assignment" "compute_storage_blob_contributor" {
      [32m+[0m[0m condition_version                = (known after apply)
      [32m+[0m[0m id                               = (known after apply)
      [32m+[0m[0m name                             = (known after apply)
      [32m+[0m[0m principal_id                     = (known after apply)
      [32m+[0m[0m principal_type                   = (known after apply)
      [32m+[0m[0m role_definition_id               = (known after apply)
      [32m+[0m[0m role_definition_name             = "Storage Blob Data Contributor"
      [32m+[0m[0m scope                            = (known after apply)
      [32m+[0m[0m skip_service_principal_aad_check = (known after apply)
    }

[1m  # module.dev_managed_umi.azurerm_role_assignment.compute_storage_file_privileged_contributor[0m will be created
[0m  [32m+[0m[0m resource "azurerm_role_assignment" "compute_storage_file_privileged_contributor" {
      [32m+[0m[0m condition_version                = (known after apply)
      [32m+[0m[0m id                               = (known after apply)
      [32m+[0m[0m name                             = (known after apply)
      [32m+[0m[0m principal_id                     = (known after apply)
      [32m+[0m[0m principal_type                   = (known after apply)
      [32m+[0m[0m role_definition_id               = (known after apply)
      [32m+[0m[0m role_definition_name             = "Storage File Data Privileged Contributor"
      [32m+[0m[0m scope                            = (known after apply)
      [32m+[0m[0m skip_service_principal_aad_check = (known after apply)
    }

[1m  # module.dev_managed_umi.azurerm_role_assignment.compute_workspace_contributor[0m will be created
[0m  [32m+[0m[0m resource "azurerm_role_assignment" "compute_workspace_contributor" {
      [32m+[0m[0m condition_version                = (known after apply)
      [32m+[0m[0m id                               = (known after apply)
      [32m+[0m[0m name                             = (known after apply)
      [32m+[0m[0m principal_id                     = (known after apply)
      [32m+[0m[0m principal_type                   = (known after apply)
      [32m+[0m[0m role_definition_id               = (known after apply)
      [32m+[0m[0m role_definition_name             = "Contributor"
      [32m+[0m[0m scope                            = (known after apply)
      [32m+[0m[0m skip_service_principal_aad_check = (known after apply)
    }

[1m  # module.dev_managed_umi.azurerm_role_assignment.rg_reader[0m will be created
[0m  [32m+[0m[0m resource "azurerm_role_assignment" "rg_reader" {
      [32m+[0m[0m condition_version                = (known after apply)
      [32m+[0m[0m id                               = (known after apply)
      [32m+[0m[0m name                             = (known after apply)
      [32m+[0m[0m principal_id                     = (known after apply)
      [32m+[0m[0m principal_type                   = (known after apply)
      [32m+[0m[0m role_definition_id               = (known after apply)
      [32m+[0m[0m role_definition_name             = "Reader"
      [32m+[0m[0m scope                            = "/subscriptions/5784b6a5-de3f-4fa4-8b8f-e5bb70ff6b25/resourceGroups/rg-aml-ws-dev-cc-03"
      [32m+[0m[0m skip_service_principal_aad_check = (known after apply)
    }

[1m  # module.dev_managed_umi.azurerm_role_assignment.workspace_key_vault_reader[0m will be created
[0m  [32m+[0m[0m resource "azurerm_role_assignment" "workspace_key_vault_reader" {
      [32m+[0m[0m condition_version                = (known after apply)
      [32m+[0m[0m id                               = (known after apply)
      [32m+[0m[0m name                             = (known after apply)
      [32m+[0m[0m principal_id                     = (known after apply)
      [32m+[0m[0m principal_type                   = (known after apply)
      [32m+[0m[0m role_definition_id               = (known after apply)
      [32m+[0m[0m role_definition_name             = "Key Vault Reader"
      [32m+[0m[0m scope                            = (known after apply)
      [32m+[0m[0m skip_service_principal_aad_check = (known after apply)
    }

[1m  # module.dev_managed_umi.azurerm_role_assignment.workspace_key_vault_secrets_user[0m will be created
[0m  [32m+[0m[0m resource "azurerm_role_assignment" "workspace_key_vault_secrets_user" {
      [32m+[0m[0m condition_version                = (known after apply)
      [32m+[0m[0m id                               = (known after apply)
      [32m+[0m[0m name                             = (known after apply)
      [32m+[0m[0m principal_id                     = (known after apply)
      [32m+[0m[0m principal_type                   = (known after apply)
      [32m+[0m[0m role_definition_id               = (known after apply)
      [32m+[0m[0m role_definition_name             = "Key Vault Secrets User"
      [32m+[0m[0m scope                            = (known after apply)
      [32m+[0m[0m skip_service_principal_aad_check = (known after apply)
    }

[1m  # module.dev_managed_umi.azurerm_role_assignment.workspace_storage_blob_owner[0m will be created
[0m  [32m+[0m[0m resource "azurerm_role_assignment" "workspace_storage_blob_owner" {
      [32m+[0m[0m condition_version                = (known after apply)
      [32m+[0m[0m id                               = (known after apply)
      [32m+[0m[0m name                             = (known after apply)
      [32m+[0m[0m principal_id                     = (known after apply)
      [32m+[0m[0m principal_type                   = (known after apply)
      [32m+[0m[0m role_definition_id               = (known after apply)
      [32m+[0m[0m role_definition_name             = "Storage Blob Data Owner"
      [32m+[0m[0m scope                            = (known after apply)
      [32m+[0m[0m skip_service_principal_aad_check = (known after apply)
    }

[1m  # module.dev_managed_umi.azurerm_user_assigned_identity.workspace_identity[0m will be created
[0m  [32m+[0m[0m resource "azurerm_user_assigned_identity" "workspace_identity" {
      [32m+[0m[0m client_id           = (known after apply)
      [32m+[0m[0m id                  = (known after apply)
      [32m+[0m[0m location            = "canadacentral"
      [32m+[0m[0m name                = "dev-mi-workspace"
      [32m+[0m[0m principal_id        = (known after apply)
      [32m+[0m[0m resource_group_name = "rg-aml-ws-dev-cc-03"
      [32m+[0m[0m tags                = {
          [32m+[0m[0m "created_by"  = "terraform"
          [32m+[0m[0m "deployment"  = "flat-vnet-bastion"
          [32m+[0m[0m "environment" = "development"
          [32m+[0m[0m "owner"       = "ml-team"
          [32m+[0m[0m "project"     = "ml-platform"
          [32m+[0m[0m "purpose"     = "dev"
        }
      [32m+[0m[0m tenant_id           = (known after apply)
    }

[1m  # module.dev_managed_umi.time_sleep.wait_for_compute_resources[0m will be created
[0m  [32m+[0m[0m resource "time_sleep" "wait_for_compute_resources" {
      [32m+[0m[0m create_duration = "180s"
      [32m+[0m[0m id              = (known after apply)
    }

[1m  # module.dev_managed_umi.time_sleep.wait_rbac_role_propagation[0m will be created
[0m  [32m+[0m[0m resource "time_sleep" "wait_rbac_role_propagation" {
      [32m+[0m[0m create_duration = "90s"
      [32m+[0m[0m id              = (known after apply)
    }

[1m  # module.dev_managed_umi.time_sleep.wait_workspace_slot[0m will be created
[0m  [32m+[0m[0m resource "time_sleep" "wait_workspace_slot" {
      [32m+[0m[0m create_duration = "150s"
      [32m+[0m[0m id              = (known after apply)
    }

[1m  # module.dev_registry.data.azurerm_client_config.identity_config[0m will be read during apply
  # (depends on a resource or a module with changes pending)
[0m [36m<=[0m[0m data "azurerm_client_config" "identity_config" {
      [32m+[0m[0m client_id       = (known after apply)
      [32m+[0m[0m id              = (known after apply)
      [32m+[0m[0m object_id       = (known after apply)
      [32m+[0m[0m subscription_id = (known after apply)
      [32m+[0m[0m tenant_id       = (known after apply)
    }

[1m  # module.dev_registry.data.azurerm_subscription.current[0m will be read during apply
  # (depends on a resource or a module with changes pending)
[0m [36m<=[0m[0m data "azurerm_subscription" "current" {
      [32m+[0m[0m display_name          = (known after apply)
      [32m+[0m[0m id                    = (known after apply)
      [32m+[0m[0m location_placement_id = (known after apply)
      [32m+[0m[0m quota_id              = (known after apply)
      [32m+[0m[0m spending_limit        = (known after apply)
      [32m+[0m[0m state                 = (known after apply)
      [32m+[0m[0m subscription_id       = (known after apply)
      [32m+[0m[0m tags                  = (known after apply)
      [32m+[0m[0m tenant_id             = (known after apply)
    }

[1m  # module.dev_registry.azapi_resource.registry[0m will be created
[0m  [32m+[0m[0m resource "azapi_resource" "registry" {
      [32m+[0m[0m body                      = {
          [32m+[0m[0m identity   = {
              [32m+[0m[0m type = "SystemAssigned"
            }
          [32m+[0m[0m properties = {
              [32m+[0m[0m managedResourceGroupSettings = {
                  [32m+[0m[0m assignedIdentities = [
                      [32m+[0m[0m {
                          [32m+[0m[0m principalId = (known after apply)
                        },
                    ]
                }
              [32m+[0m[0m publicNetworkAccess          = "Disabled"
              [32m+[0m[0m regionDetails                = [
                  [32m+[0m[0m {
                      [32m+[0m[0m acrDetails            = [
                          [32m+[0m[0m {
                              [32m+[0m[0m systemCreatedAcrAccount = {
                                  [32m+[0m[0m acrAccountSku = "Premium"
                                }
                            },
                        ]
                      [32m+[0m[0m location              = "canadacentral"
                      [32m+[0m[0m storageAccountDetails = [
                          [32m+[0m[0m {
                              [32m+[0m[0m systemCreatedStorageAccount = {
                                  [32m+[0m[0m storageAccountHnsEnabled = false
                                  [32m+[0m[0m storageAccountType       = "Standard_LRS"
                                }
                            },
                        ]
                    },
                ]
            }
          [32m+[0m[0m tags       = {
              [32m+[0m[0m created_by  = "terraform"
              [32m+[0m[0m deployment  = "flat-vnet-bastion"
              [32m+[0m[0m environment = "development"
              [32m+[0m[0m owner       = "ml-team"
              [32m+[0m[0m project     = "ml-platform"
              [32m+[0m[0m purpose     = "dev"
            }
        }
      [32m+[0m[0m id                        = (known after apply)
      [32m+[0m[0m ignore_casing             = false
      [32m+[0m[0m ignore_missing_property   = true
      [32m+[0m[0m location                  = "canadacentral"
      [32m+[0m[0m name                      = "mlrdevcc03"
      [32m+[0m[0m output                    = (known after apply)
      [32m+[0m[0m parent_id                 = (known after apply)
      [32m+[0m[0m response_export_values    = [
          [32m+[0m[0m "identity.principalId",
        ]
      [32m+[0m[0m schema_validation_enabled = false
      [32m+[0m[0m tags                      = (known after apply)
      [32m+[0m[0m type                      = "Microsoft.MachineLearningServices/registries@2025-01-01-preview"
    }

[1m  # module.dev_registry.azurerm_monitor_diagnostic_setting.registry_diagnostics[0m will be created
[0m  [32m+[0m[0m resource "azurerm_monitor_diagnostic_setting" "registry_diagnostics" {
      [32m+[0m[0m id                             = (known after apply)
      [32m+[0m[0m log_analytics_destination_type = (known after apply)
      [32m+[0m[0m log_analytics_workspace_id     = (known after apply)
      [32m+[0m[0m name                           = "mlrdevcc03-diagnostics"
      [32m+[0m[0m target_resource_id             = (known after apply)

      [32m+[0m[0m enabled_log {
          [32m+[0m[0m category       = "RegistryAssetReadEvent"
            [90m# (1 unchanged attribute hidden)[0m[0m
        }
      [32m+[0m[0m enabled_log {
          [32m+[0m[0m category       = "RegistryAssetWriteEvent"
            [90m# (1 unchanged attribute hidden)[0m[0m
        }

      [32m+[0m[0m enabled_metric (known after apply)

      [32m+[0m[0m metric (known after apply)
    }

[1m  # module.dev_registry.null_resource.registry_managed_resources_diagnostics[0m will be created
[0m  [32m+[0m[0m resource "null_resource" "registry_managed_resources_diagnostics" {
      [32m+[0m[0m id       = (known after apply)
      [32m+[0m[0m triggers = {
          [32m+[0m[0m "registry_id"  = (known after apply)
          [32m+[0m[0m "workspace_id" = (known after apply)
        }
    }

[1m  # module.dev_registry.time_sleep.wait_registry_identity[0m will be created
[0m  [32m+[0m[0m resource "time_sleep" "wait_registry_identity" {
      [32m+[0m[0m create_duration = "10s"
      [32m+[0m[0m id              = (known after apply)
    }

[1m  # module.prod_managed_umi.data.azurerm_client_config.current[0m will be read during apply
  # (depends on a resource or a module with changes pending)
[0m [36m<=[0m[0m data "azurerm_client_config" "current" {
      [32m+[0m[0m client_id       = (known after apply)
      [32m+[0m[0m id              = (known after apply)
      [32m+[0m[0m object_id       = (known after apply)
      [32m+[0m[0m subscription_id = (known after apply)
      [32m+[0m[0m tenant_id       = (known after apply)
    }

[1m  # module.prod_managed_umi.data.azurerm_client_config.identity_config[0m will be read during apply
  # (depends on a resource or a module with changes pending)
[0m [36m<=[0m[0m data "azurerm_client_config" "identity_config" {
      [32m+[0m[0m client_id       = (known after apply)
      [32m+[0m[0m id              = (known after apply)
      [32m+[0m[0m object_id       = (known after apply)
      [32m+[0m[0m subscription_id = (known after apply)
      [32m+[0m[0m tenant_id       = (known after apply)
    }

[1m  # module.prod_managed_umi.data.azurerm_subscription.current[0m will be read during apply
  # (depends on a resource or a module with changes pending)
[0m [36m<=[0m[0m data "azurerm_subscription" "current" {
      [32m+[0m[0m display_name          = (known after apply)
      [32m+[0m[0m id                    = (known after apply)
      [32m+[0m[0m location_placement_id = (known after apply)
      [32m+[0m[0m quota_id              = (known after apply)
      [32m+[0m[0m spending_limit        = (known after apply)
      [32m+[0m[0m state                 = (known after apply)
      [32m+[0m[0m subscription_id       = (known after apply)
      [32m+[0m[0m tags                  = (known after apply)
      [32m+[0m[0m tenant_id             = (known after apply)
    }

[1m  # module.prod_managed_umi.azapi_resource.aml_workspace[0m will be created
[0m  [32m+[0m[0m resource "azapi_resource" "aml_workspace" {
      [32m+[0m[0m body                      = {
          [32m+[0m[0m identity   = {
              [32m+[0m[0m type                   = "UserAssigned"
              [32m+[0m[0m userAssignedIdentities = (known after apply)
            }
          [32m+[0m[0m kind       = "Default"
          [32m+[0m[0m properties = {
              [32m+[0m[0m allowRoleAssignmentOnRG     = true
              [32m+[0m[0m applicationInsights         = (known after apply)
              [32m+[0m[0m containerRegistry           = (known after apply)
              [32m+[0m[0m description                 = "Azure Machine Learning Workspace for testing"
              [32m+[0m[0m keyVault                    = (known after apply)
              [32m+[0m[0m managedNetwork              = {
                  [32m+[0m[0m firewallSku   = "Standard"
                  [32m+[0m[0m isolationMode = "AllowOnlyApprovedOutbound"
                  [32m+[0m[0m outboundRules = {
                      [32m+[0m[0m AllowAnacondaCom                = {
                          [32m+[0m[0m category    = "UserDefined"
                          [32m+[0m[0m destination = "anaconda.com"
                          [32m+[0m[0m type        = "FQDN"
                        }
                      [32m+[0m[0m AllowAnacondaComWildcard        = {
                          [32m+[0m[0m category    = "UserDefined"
                          [32m+[0m[0m destination = "*.anaconda.com"
                          [32m+[0m[0m type        = "FQDN"
                        }
                      [32m+[0m[0m AllowAnacondaOrgWildcard        = {
                          [32m+[0m[0m category    = "UserDefined"
                          [32m+[0m[0m destination = "*.anaconda.org"
                          [32m+[0m[0m type        = "FQDN"
                        }
                      [32m+[0m[0m AllowAzureMLApiWildcard         = {
                          [32m+[0m[0m category    = "UserDefined"
                          [32m+[0m[0m destination = "*.azureml.net"
                          [32m+[0m[0m type        = "FQDN"
                        }
                      [32m+[0m[0m AllowAzureMLStudioWildcard      = {
                          [32m+[0m[0m category    = "UserDefined"
                          [32m+[0m[0m destination = "*.azureml.ms"
                          [32m+[0m[0m type        = "FQDN"
                        }
                      [32m+[0m[0m AllowAzureMLWildcard            = {
                          [32m+[0m[0m category    = "UserDefined"
                          [32m+[0m[0m destination = "*.ml.azure.com"
                          [32m+[0m[0m type        = "FQDN"
                        }
                      [32m+[0m[0m AllowAzureResourceManager       = {
                          [32m+[0m[0m category    = "UserDefined"
                          [32m+[0m[0m destination = "management.azure.com"
                          [32m+[0m[0m type        = "FQDN"
                        }
                      [32m+[0m[0m AllowCdnAuth0Com                = {
                          [32m+[0m[0m category    = "UserDefined"
                          [32m+[0m[0m destination = "cdn.auth0.com"
                          [32m+[0m[0m type        = "FQDN"
                        }
                      [32m+[0m[0m AllowCdnHuggingFaceCo           = {
                          [32m+[0m[0m category    = "UserDefined"
                          [32m+[0m[0m destination = "cdn-lfs.huggingface.co"
                          [32m+[0m[0m type        = "FQDN"
                        }
                      [32m+[0m[0m AllowCodeVisualStudio           = {
                          [32m+[0m[0m category    = "UserDefined"
                          [32m+[0m[0m destination = "code.visualstudio.com"
                          [32m+[0m[0m type        = "FQDN"
                        }
                      [32m+[0m[0m AllowDefaultExpTas              = {
                          [32m+[0m[0m category    = "UserDefined"
                          [32m+[0m[0m destination = "default.exp-tas.com"
                          [32m+[0m[0m type        = "FQDN"
                        }
                      [32m+[0m[0m AllowDockerCloudFlareProduction = {
                          [32m+[0m[0m category    = "UserDefined"
                          [32m+[0m[0m destination = "production.cloudflare.docker.com"
                          [32m+[0m[0m type        = "FQDN"
                        }
                      [32m+[0m[0m AllowDockerComWildcard          = {
                          [32m+[0m[0m category    = "UserDefined"
                          [32m+[0m[0m destination = "*.docker.com"
                          [32m+[0m[0m type        = "FQDN"
                        }
                      [32m+[0m[0m AllowDockerIo                   = {
                          [32m+[0m[0m category    = "UserDefined"
                          [32m+[0m[0m destination = "docker.io"
                          [32m+[0m[0m type        = "FQDN"
                        }
                      [32m+[0m[0m AllowDockerIoWildcard           = {
                          [32m+[0m[0m category    = "UserDefined"
                          [32m+[0m[0m destination = "*.docker.io"
                          [32m+[0m[0m type        = "FQDN"
                        }
                      [32m+[0m[0m AllowGalleryCdnWildcard         = {
                          [32m+[0m[0m category    = "UserDefined"
                          [32m+[0m[0m destination = "*.gallerycdn.vsassets.io"
                          [32m+[0m[0m type        = "FQDN"
                        }
                      [32m+[0m[0m AllowMarketplaceVisualStudio    = {
                          [32m+[0m[0m category    = "UserDefined"
                          [32m+[0m[0m destination = "marketplace.visualstudio.com"
                          [32m+[0m[0m type        = "FQDN"
                        }
                      [32m+[0m[0m AllowPypi                       = {
                          [32m+[0m[0m category    = "UserDefined"
                          [32m+[0m[0m destination = "pypi.org"
                          [32m+[0m[0m type        = "FQDN"
                        }
                      [32m+[0m[0m AllowPythonHostedWildcard       = {
                          [32m+[0m[0m category    = "UserDefined"
                          [32m+[0m[0m destination = "*.pythonhosted.org"
                          [32m+[0m[0m type        = "FQDN"
                        }
                      [32m+[0m[0m AllowRawGithub                  = {
                          [32m+[0m[0m category    = "UserDefined"
                          [32m+[0m[0m destination = "raw.githubusercontent.com"
                          [32m+[0m[0m type        = "FQDN"
                        }
                      [32m+[0m[0m AllowUpdateCodeVisualStudio     = {
                          [32m+[0m[0m category    = "UserDefined"
                          [32m+[0m[0m destination = "update.code.visualstudio.com"
                          [32m+[0m[0m type        = "FQDN"
                        }
                      [32m+[0m[0m AllowVsCodeBlob                 = {
                          [32m+[0m[0m category    = "UserDefined"
                          [32m+[0m[0m destination = "vscode.blob.core.windows.net"
                          [32m+[0m[0m type        = "FQDN"
                        }
                      [32m+[0m[0m AllowVsCodeCndWildcard          = {
                          [32m+[0m[0m category    = "UserDefined"
                          [32m+[0m[0m destination = "*.vscode-cdn.net"
                          [32m+[0m[0m type        = "FQDN"
                        }
                      [32m+[0m[0m AllowVsCodeDevWildcard          = {
                          [32m+[0m[0m category    = "UserDefined"
                          [32m+[0m[0m destination = "*.vscode.dev"
                          [32m+[0m[0m type        = "FQDN"
                        }
                      [32m+[0m[0m AllowVsCodeDownload             = {
                          [32m+[0m[0m category    = "UserDefined"
                          [32m+[0m[0m destination = "vscode.download.prss.microsoft.com"
                          [32m+[0m[0m type        = "FQDN"
                        }
                      [32m+[0m[0m AllowVsCodeExperimentsWildcard  = {
                          [32m+[0m[0m category    = "UserDefined"
                          [32m+[0m[0m destination = "*.vscodeexperiments.azureedge.net"
                          [32m+[0m[0m type        = "FQDN"
                        }
                      [32m+[0m[0m AllowVsCodeUnpkWildcard         = {
                          [32m+[0m[0m category    = "UserDefined"
                          [32m+[0m[0m destination = "*.vscode-unpkg.net"
                          [32m+[0m[0m type        = "FQDN"
                        }
                      [32m+[0m[0m AllowVsMsecndNet                = {
                          [32m+[0m[0m category    = "UserDefined"
                          [32m+[0m[0m destination = "*.vo.msecnd.net"
                          [32m+[0m[0m type        = "FQDN"
                        }
                    }
                }
              [32m+[0m[0m managedNetworkKind          = "V1"
              [32m+[0m[0m primaryUserAssignedIdentity = (known after apply)
              [32m+[0m[0m provisionNetworkNow         = true
              [32m+[0m[0m publicNetworkAccess         = "disabled"
              [32m+[0m[0m storageAccount              = (known after apply)
              [32m+[0m[0m systemDatastoresAuthMode    = "identity"
            }
          [32m+[0m[0m tags       = {
              [32m+[0m[0m created_by  = "terraform"
              [32m+[0m[0m deployment  = "flat-vnet-bastion"
              [32m+[0m[0m environment = "production"
              [32m+[0m[0m owner       = "ml-team"
              [32m+[0m[0m project     = "ml-platform"
              [32m+[0m[0m purpose     = "prod"
            }
        }
      [32m+[0m[0m id                        = (known after apply)
      [32m+[0m[0m ignore_casing             = false
      [32m+[0m[0m ignore_missing_property   = true
      [32m+[0m[0m location                  = "canadacentral"
      [32m+[0m[0m name                      = "mlwprodcc03"
      [32m+[0m[0m output                    = (known after apply)
      [32m+[0m[0m parent_id                 = "/subscriptions/5784b6a5-de3f-4fa4-8b8f-e5bb70ff6b25/resourceGroups/rg-aml-ws-prod-cc-03"
      [32m+[0m[0m schema_validation_enabled = false
      [32m+[0m[0m tags                      = (known after apply)
      [32m+[0m[0m type                      = "Microsoft.MachineLearningServices/workspaces@2025-04-01-preview"
    }

[1m  # module.prod_managed_umi.azapi_resource.compute_cluster_uami[0m will be created
[0m  [32m+[0m[0m resource "azapi_resource" "compute_cluster_uami" {
      [32m+[0m[0m body                      = {
          [32m+[0m[0m identity   = {
              [32m+[0m[0m type                   = "UserAssigned"
              [32m+[0m[0m userAssignedIdentities = (known after apply)
            }
          [32m+[0m[0m properties = {
              [32m+[0m[0m computeType = "AmlCompute"
              [32m+[0m[0m description = "CPU compute cluster with user-assigned managed identity for ML training workloads"
              [32m+[0m[0m properties  = {
                  [32m+[0m[0m enableNodePublicIp          = false
                  [32m+[0m[0m isolatedNetwork             = false
                  [32m+[0m[0m osType                      = "Linux"
                  [32m+[0m[0m remoteLoginPortPublicAccess = "Disabled"
                  [32m+[0m[0m scaleSettings               = {
                      [32m+[0m[0m maxNodeCount                = 4
                      [32m+[0m[0m minNodeCount                = 2
                      [32m+[0m[0m nodeIdleTimeBeforeScaleDown = "PT2M"
                    }
                  [32m+[0m[0m vmSize                      = "Standard_F8s_v2"
                }
            }
        }
      [32m+[0m[0m id                        = (known after apply)
      [32m+[0m[0m ignore_casing             = false
      [32m+[0m[0m ignore_missing_property   = true
      [32m+[0m[0m location                  = "canadacentral"
      [32m+[0m[0m name                      = "amlcc-prod-cc03"
      [32m+[0m[0m output                    = (known after apply)
      [32m+[0m[0m parent_id                 = (known after apply)
      [32m+[0m[0m schema_validation_enabled = true
      [32m+[0m[0m tags                      = {
          [32m+[0m[0m "created_by"  = "terraform"
          [32m+[0m[0m "deployment"  = "flat-vnet-bastion"
          [32m+[0m[0m "environment" = "production"
          [32m+[0m[0m "owner"       = "ml-team"
          [32m+[0m[0m "project"     = "ml-platform"
          [32m+[0m[0m "purpose"     = "prod"
        }
      [32m+[0m[0m type                      = "Microsoft.MachineLearningServices/workspaces/computes@2024-10-01"
    }

[1m  # module.prod_managed_umi.azapi_resource.compute_instance_uami[0m will be created
[0m  [32m+[0m[0m resource "azapi_resource" "compute_instance_uami" {
      [32m+[0m[0m body                      = {
          [32m+[0m[0m identity   = {
              [32m+[0m[0m type                   = "UserAssigned"
              [32m+[0m[0m userAssignedIdentities = (known after apply)
            }
          [32m+[0m[0m properties = {
              [32m+[0m[0m computeType = "ComputeInstance"
              [32m+[0m[0m description = "Personal compute instance with user-assigned managed identity for interactive ML development"
              [32m+[0m[0m properties  = {
                  [32m+[0m[0m applicationSharingPolicy         = "Personal"
                  [32m+[0m[0m computeInstanceAuthorizationType = "personal"
                  [32m+[0m[0m enableNodePublicIp               = false
                  [32m+[0m[0m personalComputeInstanceSettings  = {
                      [32m+[0m[0m assignedUser = {
                          [32m+[0m[0m objectId = (known after apply)
                          [32m+[0m[0m tenantId = (known after apply)
                        }
                    }
                  [32m+[0m[0m sshSettings                      = {
                      [32m+[0m[0m sshPublicAccess = "Disabled"
                    }
                  [32m+[0m[0m vmSize                           = "Standard_F8s_v2"
                }
            }
        }
      [32m+[0m[0m id                        = (known after apply)
      [32m+[0m[0m ignore_casing             = false
      [32m+[0m[0m ignore_missing_property   = true
      [32m+[0m[0m location                  = "canadacentral"
      [32m+[0m[0m name                      = "amli-prod-cc03"
      [32m+[0m[0m output                    = (known after apply)
      [32m+[0m[0m parent_id                 = (known after apply)
      [32m+[0m[0m schema_validation_enabled = true
      [32m+[0m[0m tags                      = {
          [32m+[0m[0m "created_by"  = "terraform"
          [32m+[0m[0m "deployment"  = "flat-vnet-bastion"
          [32m+[0m[0m "environment" = "production"
          [32m+[0m[0m "owner"       = "ml-team"
          [32m+[0m[0m "project"     = "ml-platform"
          [32m+[0m[0m "purpose"     = "prod"
        }
      [32m+[0m[0m type                      = "Microsoft.MachineLearningServices/workspaces/computes@2024-10-01"
    }

[1m  # module.prod_managed_umi.azapi_update_resource.workspace_image_build_config[0m will be created
[0m  [32m+[0m[0m resource "azapi_update_resource" "workspace_image_build_config" {
      [32m+[0m[0m body                    = {
          [32m+[0m[0m properties = {
              [32m+[0m[0m imageBuildCompute = "amlcc-prod-cc03"
            }
        }
      [32m+[0m[0m id                      = (known after apply)
      [32m+[0m[0m ignore_casing           = false
      [32m+[0m[0m ignore_missing_property = true
      [32m+[0m[0m name                    = (known after apply)
      [32m+[0m[0m output                  = (known after apply)
      [32m+[0m[0m parent_id               = (known after apply)
      [32m+[0m[0m resource_id             = (known after apply)
      [32m+[0m[0m type                    = "Microsoft.MachineLearningServices/workspaces@2025-04-01-preview"
    }

[1m  # module.prod_managed_umi.azurerm_application_insights.aml-appins[0m will be created
[0m  [32m+[0m[0m resource "azurerm_application_insights" "aml-appins" {
      [32m+[0m[0m app_id                              = (known after apply)
      [32m+[0m[0m application_type                    = "other"
      [32m+[0m[0m connection_string                   = (sensitive value)
      [32m+[0m[0m daily_data_cap_in_gb                = 100
      [32m+[0m[0m disable_ip_masking                  = false
      [32m+[0m[0m force_customer_storage_for_profiler = false
      [32m+[0m[0m id                                  = (known after apply)
      [32m+[0m[0m instrumentation_key                 = (sensitive value)
      [32m+[0m[0m internet_ingestion_enabled          = true
      [32m+[0m[0m internet_query_enabled              = true
      [32m+[0m[0m local_authentication_disabled       = false
      [32m+[0m[0m location                            = "canadacentral"
      [32m+[0m[0m name                                = "mlwinprodcc03"
      [32m+[0m[0m resource_group_name                 = "rg-aml-ws-prod-cc-03"
      [32m+[0m[0m retention_in_days                   = 90
      [32m+[0m[0m sampling_percentage                 = 100
      [32m+[0m[0m workspace_id                        = (known after apply)
    }

[1m  # module.prod_managed_umi.azurerm_monitor_diagnostic_setting.appinsights_diagnostics[0m will be created
[0m  [32m+[0m[0m resource "azurerm_monitor_diagnostic_setting" "appinsights_diagnostics" {
      [32m+[0m[0m id                             = (known after apply)
      [32m+[0m[0m log_analytics_destination_type = (known after apply)
      [32m+[0m[0m log_analytics_workspace_id     = (known after apply)
      [32m+[0m[0m name                           = "mlwinprodcc03-diagnostics-prod-03"
      [32m+[0m[0m target_resource_id             = (known after apply)

      [32m+[0m[0m enabled_log {
          [32m+[0m[0m category       = "AppAvailabilityResults"
            [90m# (1 unchanged attribute hidden)[0m[0m
        }
      [32m+[0m[0m enabled_log {
          [32m+[0m[0m category       = "AppBrowserTimings"
            [90m# (1 unchanged attribute hidden)[0m[0m
        }
      [32m+[0m[0m enabled_log {
          [32m+[0m[0m category       = "AppDependencies"
            [90m# (1 unchanged attribute hidden)[0m[0m
        }
      [32m+[0m[0m enabled_log {
          [32m+[0m[0m category       = "AppEvents"
            [90m# (1 unchanged attribute hidden)[0m[0m
        }
      [32m+[0m[0m enabled_log {
          [32m+[0m[0m category       = "AppExceptions"
            [90m# (1 unchanged attribute hidden)[0m[0m
        }
      [32m+[0m[0m enabled_log {
          [32m+[0m[0m category       = "AppMetrics"
            [90m# (1 unchanged attribute hidden)[0m[0m
        }
      [32m+[0m[0m enabled_log {
          [32m+[0m[0m category       = "AppPageViews"
            [90m# (1 unchanged attribute hidden)[0m[0m
        }
      [32m+[0m[0m enabled_log {
          [32m+[0m[0m category       = "AppPerformanceCounters"
            [90m# (1 unchanged attribute hidden)[0m[0m
        }
      [32m+[0m[0m enabled_log {
          [32m+[0m[0m category       = "AppRequests"
            [90m# (1 unchanged attribute hidden)[0m[0m
        }
      [32m+[0m[0m enabled_log {
          [32m+[0m[0m category       = "AppSystemEvents"
            [90m# (1 unchanged attribute hidden)[0m[0m
        }
      [32m+[0m[0m enabled_log {
          [32m+[0m[0m category       = "AppTraces"
            [90m# (1 unchanged attribute hidden)[0m[0m
        }

      [32m+[0m[0m enabled_metric {
          [32m+[0m[0m category = "AllMetrics"
        }

      [32m+[0m[0m metric (known after apply)
    }

[1m  # module.prod_managed_umi.azurerm_monitor_diagnostic_setting.ml_workspace_diagnostics[0m will be created
[0m  [32m+[0m[0m resource "azurerm_monitor_diagnostic_setting" "ml_workspace_diagnostics" {
      [32m+[0m[0m id                             = (known after apply)
      [32m+[0m[0m log_analytics_destination_type = (known after apply)
      [32m+[0m[0m log_analytics_workspace_id     = (known after apply)
      [32m+[0m[0m name                           = "mlwprodcc03-diagnostics-prod-03"
      [32m+[0m[0m target_resource_id             = (known after apply)

      [32m+[0m[0m enabled_log {
          [32m+[0m[0m category       = "AmlComputeClusterEvent"
            [90m# (1 unchanged attribute hidden)[0m[0m
        }
      [32m+[0m[0m enabled_log {
          [32m+[0m[0m category       = "AmlComputeClusterNodeEvent"
            [90m# (1 unchanged attribute hidden)[0m[0m
        }
      [32m+[0m[0m enabled_log {
          [32m+[0m[0m category       = "AmlComputeCpuGpuUtilization"
            [90m# (1 unchanged attribute hidden)[0m[0m
        }
      [32m+[0m[0m enabled_log {
          [32m+[0m[0m category       = "AmlComputeJobEvent"
            [90m# (1 unchanged attribute hidden)[0m[0m
        }
      [32m+[0m[0m enabled_log {
          [32m+[0m[0m category       = "AmlRunStatusChangedEvent"
            [90m# (1 unchanged attribute hidden)[0m[0m
        }
      [32m+[0m[0m enabled_log {
          [32m+[0m[0m category       = "ComputeInstanceEvent"
            [90m# (1 unchanged attribute hidden)[0m[0m
        }
      [32m+[0m[0m enabled_log {
          [32m+[0m[0m category       = "DataLabelChangeEvent"
            [90m# (1 unchanged attribute hidden)[0m[0m
        }
      [32m+[0m[0m enabled_log {
          [32m+[0m[0m category       = "DataLabelReadEvent"
            [90m# (1 unchanged attribute hidden)[0m[0m
        }
      [32m+[0m[0m enabled_log {
          [32m+[0m[0m category       = "DataSetChangeEvent"
            [90m# (1 unchanged attribute hidden)[0m[0m
        }
      [32m+[0m[0m enabled_log {
          [32m+[0m[0m category       = "DataSetReadEvent"
            [90m# (1 unchanged attribute hidden)[0m[0m
        }
      [32m+[0m[0m enabled_log {
          [32m+[0m[0m category       = "DataStoreChangeEvent"
            [90m# (1 unchanged attribute hidden)[0m[0m
        }
      [32m+[0m[0m enabled_log {
          [32m+[0m[0m category       = "DataStoreReadEvent"
            [90m# (1 unchanged attribute hidden)[0m[0m
        }
      [32m+[0m[0m enabled_log {
          [32m+[0m[0m category       = "DeploymentEventACI"
            [90m# (1 unchanged attribute hidden)[0m[0m
        }
      [32m+[0m[0m enabled_log {
          [32m+[0m[0m category       = "DeploymentEventAKS"
            [90m# (1 unchanged attribute hidden)[0m[0m
        }
      [32m+[0m[0m enabled_log {
          [32m+[0m[0m category       = "DeploymentReadEvent"
            [90m# (1 unchanged attribute hidden)[0m[0m
        }
      [32m+[0m[0m enabled_log {
          [32m+[0m[0m category       = "EnvironmentChangeEvent"
            [90m# (1 unchanged attribute hidden)[0m[0m
        }
      [32m+[0m[0m enabled_log {
          [32m+[0m[0m category       = "EnvironmentReadEvent"
            [90m# (1 unchanged attribute hidden)[0m[0m
        }
      [32m+[0m[0m enabled_log {
          [32m+[0m[0m category       = "InferencingOperationACI"
            [90m# (1 unchanged attribute hidden)[0m[0m
        }
      [32m+[0m[0m enabled_log {
          [32m+[0m[0m category       = "InferencingOperationAKS"
            [90m# (1 unchanged attribute hidden)[0m[0m
        }
      [32m+[0m[0m enabled_log {
          [32m+[0m[0m category       = "ModelsActionEvent"
            [90m# (1 unchanged attribute hidden)[0m[0m
        }
      [32m+[0m[0m enabled_log {
          [32m+[0m[0m category       = "ModelsChangeEvent"
            [90m# (1 unchanged attribute hidden)[0m[0m
        }
      [32m+[0m[0m enabled_log {
          [32m+[0m[0m category       = "ModelsReadEvent"
            [90m# (1 unchanged attribute hidden)[0m[0m
        }
      [32m+[0m[0m enabled_log {
          [32m+[0m[0m category       = "PipelineChangeEvent"
            [90m# (1 unchanged attribute hidden)[0m[0m
        }
      [32m+[0m[0m enabled_log {
          [32m+[0m[0m category       = "PipelineReadEvent"
            [90m# (1 unchanged attribute hidden)[0m[0m
        }
      [32m+[0m[0m enabled_log {
          [32m+[0m[0m category       = "RunEvent"
            [90m# (1 unchanged attribute hidden)[0m[0m
        }
      [32m+[0m[0m enabled_log {
          [32m+[0m[0m category       = "RunReadEvent"
            [90m# (1 unchanged attribute hidden)[0m[0m
        }

      [32m+[0m[0m enabled_metric {
          [32m+[0m[0m category = "AllMetrics"
        }

      [32m+[0m[0m metric (known after apply)
    }

[1m  # module.prod_managed_umi.azurerm_role_assignment.ai_administrator[0m will be created
[0m  [32m+[0m[0m resource "azurerm_role_assignment" "ai_administrator" {
      [32m+[0m[0m condition_version                = (known after apply)
      [32m+[0m[0m id                               = (known after apply)
      [32m+[0m[0m name                             = (known after apply)
      [32m+[0m[0m principal_id                     = (known after apply)
      [32m+[0m[0m principal_type                   = (known after apply)
      [32m+[0m[0m role_definition_id               = (known after apply)
      [32m+[0m[0m role_definition_name             = "Azure AI Administrator"
      [32m+[0m[0m scope                            = "/subscriptions/5784b6a5-de3f-4fa4-8b8f-e5bb70ff6b25/resourceGroups/rg-aml-ws-prod-cc-03"
      [32m+[0m[0m skip_service_principal_aad_check = (known after apply)
    }

[1m  # module.prod_managed_umi.azurerm_role_assignment.ai_network_connection_approver[0m will be created
[0m  [32m+[0m[0m resource "azurerm_role_assignment" "ai_network_connection_approver" {
      [32m+[0m[0m condition_version                = (known after apply)
      [32m+[0m[0m id                               = (known after apply)
      [32m+[0m[0m name                             = (known after apply)
      [32m+[0m[0m principal_id                     = (known after apply)
      [32m+[0m[0m principal_type                   = (known after apply)
      [32m+[0m[0m role_definition_id               = (known after apply)
      [32m+[0m[0m role_definition_name             = "Azure AI Enterprise Network Connection Approver"
      [32m+[0m[0m scope                            = "/subscriptions/5784b6a5-de3f-4fa4-8b8f-e5bb70ff6b25/resourceGroups/rg-aml-ws-prod-cc-03"
      [32m+[0m[0m skip_service_principal_aad_check = (known after apply)
    }

[1m  # module.prod_managed_umi.azurerm_role_assignment.compute_acr_pull[0m will be created
[0m  [32m+[0m[0m resource "azurerm_role_assignment" "compute_acr_pull" {
      [32m+[0m[0m condition_version                = (known after apply)
      [32m+[0m[0m id                               = (known after apply)
      [32m+[0m[0m name                             = (known after apply)
      [32m+[0m[0m principal_id                     = (known after apply)
      [32m+[0m[0m principal_type                   = (known after apply)
      [32m+[0m[0m role_definition_id               = (known after apply)
      [32m+[0m[0m role_definition_name             = "AcrPull"
      [32m+[0m[0m scope                            = (known after apply)
      [32m+[0m[0m skip_service_principal_aad_check = (known after apply)
    }

[1m  # module.prod_managed_umi.azurerm_role_assignment.compute_acr_push[0m will be created
[0m  [32m+[0m[0m resource "azurerm_role_assignment" "compute_acr_push" {
      [32m+[0m[0m condition_version                = (known after apply)
      [32m+[0m[0m id                               = (known after apply)
      [32m+[0m[0m name                             = (known after apply)
      [32m+[0m[0m principal_id                     = (known after apply)
      [32m+[0m[0m principal_type                   = (known after apply)
      [32m+[0m[0m role_definition_id               = (known after apply)
      [32m+[0m[0m role_definition_name             = "AcrPush"
      [32m+[0m[0m scope                            = (known after apply)
      [32m+[0m[0m skip_service_principal_aad_check = (known after apply)
    }

[1m  # module.prod_managed_umi.azurerm_role_assignment.compute_keyvault_secrets_user[0m will be created
[0m  [32m+[0m[0m resource "azurerm_role_assignment" "compute_keyvault_secrets_user" {
      [32m+[0m[0m condition_version                = (known after apply)
      [32m+[0m[0m id                               = (known after apply)
      [32m+[0m[0m name                             = (known after apply)
      [32m+[0m[0m principal_id                     = (known after apply)
      [32m+[0m[0m principal_type                   = (known after apply)
      [32m+[0m[0m role_definition_id               = (known after apply)
      [32m+[0m[0m role_definition_name             = "Key Vault Secrets User"
      [32m+[0m[0m scope                            = (known after apply)
      [32m+[0m[0m skip_service_principal_aad_check = (known after apply)
    }

[1m  # module.prod_managed_umi.azurerm_role_assignment.compute_ml_data_scientist[0m will be created
[0m  [32m+[0m[0m resource "azurerm_role_assignment" "compute_ml_data_scientist" {
      [32m+[0m[0m condition_version                = (known after apply)
      [32m+[0m[0m id                               = (known after apply)
      [32m+[0m[0m name                             = (known after apply)
      [32m+[0m[0m principal_id                     = (known after apply)
      [32m+[0m[0m principal_type                   = (known after apply)
      [32m+[0m[0m role_definition_id               = (known after apply)
      [32m+[0m[0m role_definition_name             = "AzureML Data Scientist"
      [32m+[0m[0m scope                            = (known after apply)
      [32m+[0m[0m skip_service_principal_aad_check = (known after apply)
    }

[1m  # module.prod_managed_umi.azurerm_role_assignment.compute_rg_reader[0m will be created
[0m  [32m+[0m[0m resource "azurerm_role_assignment" "compute_rg_reader" {
      [32m+[0m[0m condition_version                = (known after apply)
      [32m+[0m[0m id                               = (known after apply)
      [32m+[0m[0m name                             = (known after apply)
      [32m+[0m[0m principal_id                     = (known after apply)
      [32m+[0m[0m principal_type                   = (known after apply)
      [32m+[0m[0m role_definition_id               = (known after apply)
      [32m+[0m[0m role_definition_name             = "Reader"
      [32m+[0m[0m scope                            = "/subscriptions/5784b6a5-de3f-4fa4-8b8f-e5bb70ff6b25/resourceGroups/rg-aml-ws-prod-cc-03"
      [32m+[0m[0m skip_service_principal_aad_check = (known after apply)
    }

[1m  # module.prod_managed_umi.azurerm_role_assignment.compute_storage_blob_contributor[0m will be created
[0m  [32m+[0m[0m resource "azurerm_role_assignment" "compute_storage_blob_contributor" {
      [32m+[0m[0m condition_version                = (known after apply)
      [32m+[0m[0m id                               = (known after apply)
      [32m+[0m[0m name                             = (known after apply)
      [32m+[0m[0m principal_id                     = (known after apply)
      [32m+[0m[0m principal_type                   = (known after apply)
      [32m+[0m[0m role_definition_id               = (known after apply)
      [32m+[0m[0m role_definition_name             = "Storage Blob Data Contributor"
      [32m+[0m[0m scope                            = (known after apply)
      [32m+[0m[0m skip_service_principal_aad_check = (known after apply)
    }

[1m  # module.prod_managed_umi.azurerm_role_assignment.compute_storage_file_privileged_contributor[0m will be created
[0m  [32m+[0m[0m resource "azurerm_role_assignment" "compute_storage_file_privileged_contributor" {
      [32m+[0m[0m condition_version                = (known after apply)
      [32m+[0m[0m id                               = (known after apply)
      [32m+[0m[0m name                             = (known after apply)
      [32m+[0m[0m principal_id                     = (known after apply)
      [32m+[0m[0m principal_type                   = (known after apply)
      [32m+[0m[0m role_definition_id               = (known after apply)
      [32m+[0m[0m role_definition_name             = "Storage File Data Privileged Contributor"
      [32m+[0m[0m scope                            = (known after apply)
      [32m+[0m[0m skip_service_principal_aad_check = (known after apply)
    }

[1m  # module.prod_managed_umi.azurerm_role_assignment.compute_workspace_contributor[0m will be created
[0m  [32m+[0m[0m resource "azurerm_role_assignment" "compute_workspace_contributor" {
      [32m+[0m[0m condition_version                = (known after apply)
      [32m+[0m[0m id                               = (known after apply)
      [32m+[0m[0m name                             = (known after apply)
      [32m+[0m[0m principal_id                     = (known after apply)
      [32m+[0m[0m principal_type                   = (known after apply)
      [32m+[0m[0m role_definition_id               = (known after apply)
      [32m+[0m[0m role_definition_name             = "Contributor"
      [32m+[0m[0m scope                            = (known after apply)
      [32m+[0m[0m skip_service_principal_aad_check = (known after apply)
    }

[1m  # module.prod_managed_umi.azurerm_role_assignment.rg_reader[0m will be created
[0m  [32m+[0m[0m resource "azurerm_role_assignment" "rg_reader" {
      [32m+[0m[0m condition_version                = (known after apply)
      [32m+[0m[0m id                               = (known after apply)
      [32m+[0m[0m name                             = (known after apply)
      [32m+[0m[0m principal_id                     = (known after apply)
      [32m+[0m[0m principal_type                   = (known after apply)
      [32m+[0m[0m role_definition_id               = (known after apply)
      [32m+[0m[0m role_definition_name             = "Reader"
      [32m+[0m[0m scope                            = "/subscriptions/5784b6a5-de3f-4fa4-8b8f-e5bb70ff6b25/resourceGroups/rg-aml-ws-prod-cc-03"
      [32m+[0m[0m skip_service_principal_aad_check = (known after apply)
    }

[1m  # module.prod_managed_umi.azurerm_role_assignment.workspace_key_vault_reader[0m will be created
[0m  [32m+[0m[0m resource "azurerm_role_assignment" "workspace_key_vault_reader" {
      [32m+[0m[0m condition_version                = (known after apply)
      [32m+[0m[0m id                               = (known after apply)
      [32m+[0m[0m name                             = (known after apply)
      [32m+[0m[0m principal_id                     = (known after apply)
      [32m+[0m[0m principal_type                   = (known after apply)
      [32m+[0m[0m role_definition_id               = (known after apply)
      [32m+[0m[0m role_definition_name             = "Key Vault Reader"
      [32m+[0m[0m scope                            = (known after apply)
      [32m+[0m[0m skip_service_principal_aad_check = (known after apply)
    }

[1m  # module.prod_managed_umi.azurerm_role_assignment.workspace_key_vault_secrets_user[0m will be created
[0m  [32m+[0m[0m resource "azurerm_role_assignment" "workspace_key_vault_secrets_user" {
      [32m+[0m[0m condition_version                = (known after apply)
      [32m+[0m[0m id                               = (known after apply)
      [32m+[0m[0m name                             = (known after apply)
      [32m+[0m[0m principal_id                     = (known after apply)
      [32m+[0m[0m principal_type                   = (known after apply)
      [32m+[0m[0m role_definition_id               = (known after apply)
      [32m+[0m[0m role_definition_name             = "Key Vault Secrets User"
      [32m+[0m[0m scope                            = (known after apply)
      [32m+[0m[0m skip_service_principal_aad_check = (known after apply)
    }

[1m  # module.prod_managed_umi.azurerm_role_assignment.workspace_storage_blob_owner[0m will be created
[0m  [32m+[0m[0m resource "azurerm_role_assignment" "workspace_storage_blob_owner" {
      [32m+[0m[0m condition_version                = (known after apply)
      [32m+[0m[0m id                               = (known after apply)
      [32m+[0m[0m name                             = (known after apply)
      [32m+[0m[0m principal_id                     = (known after apply)
      [32m+[0m[0m principal_type                   = (known after apply)
      [32m+[0m[0m role_definition_id               = (known after apply)
      [32m+[0m[0m role_definition_name             = "Storage Blob Data Owner"
      [32m+[0m[0m scope                            = (known after apply)
      [32m+[0m[0m skip_service_principal_aad_check = (known after apply)
    }

[1m  # module.prod_managed_umi.azurerm_user_assigned_identity.workspace_identity[0m will be created
[0m  [32m+[0m[0m resource "azurerm_user_assigned_identity" "workspace_identity" {
      [32m+[0m[0m client_id           = (known after apply)
      [32m+[0m[0m id                  = (known after apply)
      [32m+[0m[0m location            = "canadacentral"
      [32m+[0m[0m name                = "prod-mi-workspace"
      [32m+[0m[0m principal_id        = (known after apply)
      [32m+[0m[0m resource_group_name = "rg-aml-ws-prod-cc-03"
      [32m+[0m[0m tags                = {
          [32m+[0m[0m "created_by"  = "terraform"
          [32m+[0m[0m "deployment"  = "flat-vnet-bastion"
          [32m+[0m[0m "environment" = "production"
          [32m+[0m[0m "owner"       = "ml-team"
          [32m+[0m[0m "project"     = "ml-platform"
          [32m+[0m[0m "purpose"     = "prod"
        }
      [32m+[0m[0m tenant_id           = (known after apply)
    }

[1m  # module.prod_managed_umi.time_sleep.wait_for_compute_resources[0m will be created
[0m  [32m+[0m[0m resource "time_sleep" "wait_for_compute_resources" {
      [32m+[0m[0m create_duration = "180s"
      [32m+[0m[0m id              = (known after apply)
    }

[1m  # module.prod_managed_umi.time_sleep.wait_rbac_role_propagation[0m will be created
[0m  [32m+[0m[0m resource "time_sleep" "wait_rbac_role_propagation" {
      [32m+[0m[0m create_duration = "90s"
      [32m+[0m[0m id              = (known after apply)
    }

[1m  # module.prod_managed_umi.time_sleep.wait_workspace_slot[0m will be created
[0m  [32m+[0m[0m resource "time_sleep" "wait_workspace_slot" {
      [32m+[0m[0m create_duration = "150s"
      [32m+[0m[0m id              = (known after apply)
    }

[1m  # module.prod_registry.data.azurerm_client_config.identity_config[0m will be read during apply
  # (depends on a resource or a module with changes pending)
[0m [36m<=[0m[0m data "azurerm_client_config" "identity_config" {
      [32m+[0m[0m client_id       = (known after apply)
      [32m+[0m[0m id              = (known after apply)
      [32m+[0m[0m object_id       = (known after apply)
      [32m+[0m[0m subscription_id = (known after apply)
      [32m+[0m[0m tenant_id       = (known after apply)
    }

[1m  # module.prod_registry.data.azurerm_subscription.current[0m will be read during apply
  # (depends on a resource or a module with changes pending)
[0m [36m<=[0m[0m data "azurerm_subscription" "current" {
      [32m+[0m[0m display_name          = (known after apply)
      [32m+[0m[0m id                    = (known after apply)
      [32m+[0m[0m location_placement_id = (known after apply)
      [32m+[0m[0m quota_id              = (known after apply)
      [32m+[0m[0m spending_limit        = (known after apply)
      [32m+[0m[0m state                 = (known after apply)
      [32m+[0m[0m subscription_id       = (known after apply)
      [32m+[0m[0m tags                  = (known after apply)
      [32m+[0m[0m tenant_id             = (known after apply)
    }

[1m  # module.prod_registry.azapi_resource.registry[0m will be created
[0m  [32m+[0m[0m resource "azapi_resource" "registry" {
      [32m+[0m[0m body                      = {
          [32m+[0m[0m identity   = {
              [32m+[0m[0m type = "SystemAssigned"
            }
          [32m+[0m[0m properties = {
              [32m+[0m[0m managedResourceGroupSettings = {
                  [32m+[0m[0m assignedIdentities = [
                      [32m+[0m[0m {
                          [32m+[0m[0m principalId = (known after apply)
                        },
                    ]
                }
              [32m+[0m[0m publicNetworkAccess          = "Disabled"
              [32m+[0m[0m regionDetails                = [
                  [32m+[0m[0m {
                      [32m+[0m[0m acrDetails            = [
                          [32m+[0m[0m {
                              [32m+[0m[0m systemCreatedAcrAccount = {
                                  [32m+[0m[0m acrAccountSku = "Premium"
                                }
                            },
                        ]
                      [32m+[0m[0m location              = "canadacentral"
                      [32m+[0m[0m storageAccountDetails = [
                          [32m+[0m[0m {
                              [32m+[0m[0m systemCreatedStorageAccount = {
                                  [32m+[0m[0m storageAccountHnsEnabled = false
                                  [32m+[0m[0m storageAccountType       = "Standard_LRS"
                                }
                            },
                        ]
                    },
                ]
            }
          [32m+[0m[0m tags       = {
              [32m+[0m[0m created_by  = "terraform"
              [32m+[0m[0m deployment  = "flat-vnet-bastion"
              [32m+[0m[0m environment = "production"
              [32m+[0m[0m owner       = "ml-team"
              [32m+[0m[0m project     = "ml-platform"
              [32m+[0m[0m purpose     = "prod"
            }
        }
      [32m+[0m[0m id                        = (known after apply)
      [32m+[0m[0m ignore_casing             = false
      [32m+[0m[0m ignore_missing_property   = true
      [32m+[0m[0m location                  = "canadacentral"
      [32m+[0m[0m name                      = "mlrprodcc03"
      [32m+[0m[0m output                    = (known after apply)
      [32m+[0m[0m parent_id                 = (known after apply)
      [32m+[0m[0m response_export_values    = [
          [32m+[0m[0m "identity.principalId",
        ]
      [32m+[0m[0m schema_validation_enabled = false
      [32m+[0m[0m tags                      = (known after apply)
      [32m+[0m[0m type                      = "Microsoft.MachineLearningServices/registries@2025-01-01-preview"
    }

[1m  # module.prod_registry.azurerm_monitor_diagnostic_setting.registry_diagnostics[0m will be created
[0m  [32m+[0m[0m resource "azurerm_monitor_diagnostic_setting" "registry_diagnostics" {
      [32m+[0m[0m id                             = (known after apply)
      [32m+[0m[0m log_analytics_destination_type = (known after apply)
      [32m+[0m[0m log_analytics_workspace_id     = (known after apply)
      [32m+[0m[0m name                           = "mlrprodcc03-diagnostics"
      [32m+[0m[0m target_resource_id             = (known after apply)

      [32m+[0m[0m enabled_log {
          [32m+[0m[0m category       = "RegistryAssetReadEvent"
            [90m# (1 unchanged attribute hidden)[0m[0m
        }
      [32m+[0m[0m enabled_log {
          [32m+[0m[0m category       = "RegistryAssetWriteEvent"
            [90m# (1 unchanged attribute hidden)[0m[0m
        }

      [32m+[0m[0m enabled_metric (known after apply)

      [32m+[0m[0m metric (known after apply)
    }

[1m  # module.prod_registry.null_resource.registry_managed_resources_diagnostics[0m will be created
[0m  [32m+[0m[0m resource "null_resource" "registry_managed_resources_diagnostics" {
      [32m+[0m[0m id       = (known after apply)
      [32m+[0m[0m triggers = {
          [32m+[0m[0m "registry_id"  = (known after apply)
          [32m+[0m[0m "workspace_id" = (known after apply)
        }
    }

[1m  # module.prod_registry.time_sleep.wait_registry_identity[0m will be created
[0m  [32m+[0m[0m resource "time_sleep" "wait_registry_identity" {
      [32m+[0m[0m create_duration = "10s"
      [32m+[0m[0m id              = (known after apply)
    }

[1m  # module.dev_managed_umi.module.container_registry.azurerm_container_registry.acr[0m will be created
[0m  [32m+[0m[0m resource "azurerm_container_registry" "acr" {
      [32m+[0m[0m admin_enabled                 = false
      [32m+[0m[0m admin_password                = (sensitive value)
      [32m+[0m[0m admin_username                = (known after apply)
      [32m+[0m[0m anonymous_pull_enabled        = false
      [32m+[0m[0m encryption                    = (known after apply)
      [32m+[0m[0m export_policy_enabled         = true
      [32m+[0m[0m id                            = (known after apply)
      [32m+[0m[0m location                      = "canadacentral"
      [32m+[0m[0m login_server                  = (known after apply)
      [32m+[0m[0m name                          = "acrdevcc03"
      [32m+[0m[0m network_rule_bypass_option    = "AzureServices"
      [32m+[0m[0m network_rule_set              = [
          [32m+[0m[0m {
              [32m+[0m[0m default_action = "Deny"
              [32m+[0m[0m ip_rule        = (known after apply)
            },
        ]
      [32m+[0m[0m public_network_access_enabled = false
      [32m+[0m[0m resource_group_name           = "rg-aml-ws-dev-cc-03"
      [32m+[0m[0m sku                           = "Premium"
      [32m+[0m[0m tags                          = {
          [32m+[0m[0m "created_by"  = "terraform"
          [32m+[0m[0m "deployment"  = "flat-vnet-bastion"
          [32m+[0m[0m "environment" = "development"
          [32m+[0m[0m "owner"       = "ml-team"
          [32m+[0m[0m "project"     = "ml-platform"
          [32m+[0m[0m "purpose"     = "dev"
        }
      [32m+[0m[0m trust_policy_enabled          = false
      [32m+[0m[0m zone_redundancy_enabled       = false

      [32m+[0m[0m identity {
          [32m+[0m[0m principal_id = (known after apply)
          [32m+[0m[0m tenant_id    = (known after apply)
          [32m+[0m[0m type         = "SystemAssigned"
        }
    }

[1m  # module.dev_managed_umi.module.container_registry.azurerm_monitor_diagnostic_setting.diag-base[0m will be created
[0m  [32m+[0m[0m resource "azurerm_monitor_diagnostic_setting" "diag-base" {
      [32m+[0m[0m id                             = (known after apply)
      [32m+[0m[0m log_analytics_destination_type = (known after apply)
      [32m+[0m[0m log_analytics_workspace_id     = (known after apply)
      [32m+[0m[0m name                           = "acrdevcc03-diag-base-dev-03"
      [32m+[0m[0m target_resource_id             = (known after apply)

      [32m+[0m[0m enabled_log {
          [32m+[0m[0m category       = "ContainerRegistryLoginEvents"
            [90m# (1 unchanged attribute hidden)[0m[0m
        }
      [32m+[0m[0m enabled_log {
          [32m+[0m[0m category       = "ContainerRegistryRepositoryEvents"
            [90m# (1 unchanged attribute hidden)[0m[0m
        }

      [32m+[0m[0m enabled_metric {
          [32m+[0m[0m category = "AllMetrics"
        }

      [32m+[0m[0m metric (known after apply)
    }

[1m  # module.dev_managed_umi.module.container_registry.null_resource.acr_cleanup[0][0m will be created
[0m  [32m+[0m[0m resource "null_resource" "acr_cleanup" {
      [32m+[0m[0m id       = (known after apply)
      [32m+[0m[0m triggers = {
          [32m+[0m[0m "acr_name" = "acrdevcc03"
          [32m+[0m[0m "location" = "canadacentral"
        }
    }

[1m  # module.dev_managed_umi.module.keyvault_aml.data.azurerm_client_config.identity_config[0m will be read during apply
  # (depends on a resource or a module with changes pending)
[0m [36m<=[0m[0m data "azurerm_client_config" "identity_config" {
      [32m+[0m[0m client_id       = (known after apply)
      [32m+[0m[0m id              = (known after apply)
      [32m+[0m[0m object_id       = (known after apply)
      [32m+[0m[0m subscription_id = (known after apply)
      [32m+[0m[0m tenant_id       = (known after apply)
    }

[1m  # module.dev_managed_umi.module.keyvault_aml.data.azurerm_subscription.current[0m will be read during apply
  # (depends on a resource or a module with changes pending)
[0m [36m<=[0m[0m data "azurerm_subscription" "current" {
      [32m+[0m[0m display_name          = (known after apply)
      [32m+[0m[0m id                    = (known after apply)
      [32m+[0m[0m location_placement_id = (known after apply)
      [32m+[0m[0m quota_id              = (known after apply)
      [32m+[0m[0m spending_limit        = (known after apply)
      [32m+[0m[0m state                 = (known after apply)
      [32m+[0m[0m subscription_id       = (known after apply)
      [32m+[0m[0m tags                  = (known after apply)
      [32m+[0m[0m tenant_id             = (known after apply)
    }

[1m  # module.dev_managed_umi.module.keyvault_aml.azurerm_key_vault.kv[0m will be created
[0m  [32m+[0m[0m resource "azurerm_key_vault" "kv" {
      [32m+[0m[0m access_policy                   = (known after apply)
      [32m+[0m[0m enable_rbac_authorization       = true
      [32m+[0m[0m enabled_for_deployment          = true
      [32m+[0m[0m enabled_for_disk_encryption     = false
      [32m+[0m[0m enabled_for_template_deployment = true
      [32m+[0m[0m id                              = (known after apply)
      [32m+[0m[0m location                        = "canadacentral"
      [32m+[0m[0m name                            = "kvdevcc03"
      [32m+[0m[0m public_network_access_enabled   = false
      [32m+[0m[0m purge_protection_enabled        = false
      [32m+[0m[0m resource_group_name             = "rg-aml-ws-dev-cc-03"
      [32m+[0m[0m sku_name                        = "premium"
      [32m+[0m[0m soft_delete_retention_days      = 7
      [32m+[0m[0m tags                            = {
          [32m+[0m[0m "created_by"  = "terraform"
          [32m+[0m[0m "deployment"  = "flat-vnet-bastion"
          [32m+[0m[0m "environment" = "development"
          [32m+[0m[0m "owner"       = "ml-team"
          [32m+[0m[0m "project"     = "ml-platform"
          [32m+[0m[0m "purpose"     = "dev"
        }
      [32m+[0m[0m tenant_id                       = (known after apply)
      [32m+[0m[0m vault_uri                       = (known after apply)

      [32m+[0m[0m contact (known after apply)

      [32m+[0m[0m network_acls {
          [32m+[0m[0m bypass         = "AzureServices"
          [32m+[0m[0m default_action = "Deny"
        }
    }

[1m  # module.dev_managed_umi.module.keyvault_aml.azurerm_monitor_diagnostic_setting.diag-base[0m will be created
[0m  [32m+[0m[0m resource "azurerm_monitor_diagnostic_setting" "diag-base" {
      [32m+[0m[0m id                             = (known after apply)
      [32m+[0m[0m log_analytics_destination_type = (known after apply)
      [32m+[0m[0m log_analytics_workspace_id     = (known after apply)
      [32m+[0m[0m name                           = "kvdevcc03-diagnostics-dev-03"
      [32m+[0m[0m target_resource_id             = (known after apply)

      [32m+[0m[0m enabled_log {
          [32m+[0m[0m category       = "AuditEvent"
            [90m# (1 unchanged attribute hidden)[0m[0m
        }
      [32m+[0m[0m enabled_log {
          [32m+[0m[0m category       = "AzurePolicyEvaluationDetails"
            [90m# (1 unchanged attribute hidden)[0m[0m
        }

      [32m+[0m[0m enabled_metric {
          [32m+[0m[0m category = "AllMetrics"
        }

      [32m+[0m[0m metric (known after apply)
    }

[1m  # module.dev_managed_umi.module.keyvault_aml.null_resource.keyvault_purge[0][0m will be created
[0m  [32m+[0m[0m resource "null_resource" "keyvault_purge" {
      [32m+[0m[0m id       = (known after apply)
      [32m+[0m[0m triggers = {
          [32m+[0m[0m "kv_name"  = "kvdevcc03"
          [32m+[0m[0m "location" = "canadacentral"
        }
    }

[1m  # module.dev_managed_umi.module.private_endpoint_aml_workspace.azurerm_private_endpoint.pe[0m will be created
[0m  [32m+[0m[0m resource "azurerm_private_endpoint" "pe" {
      [32m+[0m[0m custom_dns_configs            = (known after apply)
      [32m+[0m[0m custom_network_interface_name = "nicpemlwdevcc03amlworkspace"
      [32m+[0m[0m id                            = (known after apply)
      [32m+[0m[0m location                      = "canadacentral"
      [32m+[0m[0m name                          = "pemlwdevcc03amlworkspace"
      [32m+[0m[0m network_interface             = (known after apply)
      [32m+[0m[0m private_dns_zone_configs      = (known after apply)
      [32m+[0m[0m resource_group_name           = "rg-aml-ws-dev-cc-03"
      [32m+[0m[0m subnet_id                     = (known after apply)
      [32m+[0m[0m tags                          = {
          [32m+[0m[0m "created_by"  = "terraform"
          [32m+[0m[0m "deployment"  = "flat-vnet-bastion"
          [32m+[0m[0m "environment" = "development"
          [32m+[0m[0m "owner"       = "ml-team"
          [32m+[0m[0m "project"     = "ml-platform"
          [32m+[0m[0m "purpose"     = "dev"
        }

      [32m+[0m[0m private_dns_zone_group {
          [32m+[0m[0m id                   = (known after apply)
          [32m+[0m[0m name                 = "pezgcmlwdevcc03"
          [32m+[0m[0m private_dns_zone_ids = (known after apply)
        }

      [32m+[0m[0m private_service_connection {
          [32m+[0m[0m is_manual_connection           = false
          [32m+[0m[0m name                           = "pecmlwdevcc03amlworkspace"
          [32m+[0m[0m private_connection_resource_id = (known after apply)
          [32m+[0m[0m private_ip_address             = (known after apply)
          [32m+[0m[0m subresource_names              = [
              [32m+[0m[0m "amlworkspace",
            ]
        }
    }

[1m  # module.dev_managed_umi.module.private_endpoint_container_registry.azurerm_private_endpoint.pe[0m will be created
[0m  [32m+[0m[0m resource "azurerm_private_endpoint" "pe" {
      [32m+[0m[0m custom_dns_configs            = (known after apply)
      [32m+[0m[0m custom_network_interface_name = "nicpeacrdevcc03registry"
      [32m+[0m[0m id                            = (known after apply)
      [32m+[0m[0m location                      = "canadacentral"
      [32m+[0m[0m name                          = "peacrdevcc03registry"
      [32m+[0m[0m network_interface             = (known after apply)
      [32m+[0m[0m private_dns_zone_configs      = (known after apply)
      [32m+[0m[0m resource_group_name           = "rg-aml-ws-dev-cc-03"
      [32m+[0m[0m subnet_id                     = (known after apply)
      [32m+[0m[0m tags                          = {
          [32m+[0m[0m "created_by"  = "terraform"
          [32m+[0m[0m "deployment"  = "flat-vnet-bastion"
          [32m+[0m[0m "environment" = "development"
          [32m+[0m[0m "owner"       = "ml-team"
          [32m+[0m[0m "project"     = "ml-platform"
          [32m+[0m[0m "purpose"     = "dev"
        }

      [32m+[0m[0m private_dns_zone_group {
          [32m+[0m[0m id                   = (known after apply)
          [32m+[0m[0m name                 = "pezgcacrdevcc03"
          [32m+[0m[0m private_dns_zone_ids = [
              [32m+[0m[0m "/subscriptions/5784b6a5-de3f-4fa4-8b8f-e5bb70ff6b25/resourceGroups/rg-aml-dns-shared-cc-03/providers/Microsoft.Network/privateDnsZones/privatelink.azurecr.io",
            ]
        }

      [32m+[0m[0m private_service_connection {
          [32m+[0m[0m is_manual_connection           = false
          [32m+[0m[0m name                           = "pecacrdevcc03registry"
          [32m+[0m[0m private_connection_resource_id = (known after apply)
          [32m+[0m[0m private_ip_address             = (known after apply)
          [32m+[0m[0m subresource_names              = [
              [32m+[0m[0m "registry",
            ]
        }
    }

[1m  # module.dev_managed_umi.module.private_endpoint_kv.azurerm_private_endpoint.pe[0m will be created
[0m  [32m+[0m[0m resource "azurerm_private_endpoint" "pe" {
      [32m+[0m[0m custom_dns_configs            = (known after apply)
      [32m+[0m[0m custom_network_interface_name = "nicpekvdevcc03vault"
      [32m+[0m[0m id                            = (known after apply)
      [32m+[0m[0m location                      = "canadacentral"
      [32m+[0m[0m name                          = "pekvdevcc03vault"
      [32m+[0m[0m network_interface             = (known after apply)
      [32m+[0m[0m private_dns_zone_configs      = (known after apply)
      [32m+[0m[0m resource_group_name           = "rg-aml-ws-dev-cc-03"
      [32m+[0m[0m subnet_id                     = (known after apply)
      [32m+[0m[0m tags                          = {
          [32m+[0m[0m "created_by"  = "terraform"
          [32m+[0m[0m "deployment"  = "flat-vnet-bastion"
          [32m+[0m[0m "environment" = "development"
          [32m+[0m[0m "owner"       = "ml-team"
          [32m+[0m[0m "project"     = "ml-platform"
          [32m+[0m[0m "purpose"     = "dev"
        }

      [32m+[0m[0m private_dns_zone_group {
          [32m+[0m[0m id                   = (known after apply)
          [32m+[0m[0m name                 = "pezgckvdevcc03"
          [32m+[0m[0m private_dns_zone_ids = [
              [32m+[0m[0m "/subscriptions/5784b6a5-de3f-4fa4-8b8f-e5bb70ff6b25/resourceGroups/rg-aml-dns-shared-cc-03/providers/Microsoft.Network/privateDnsZones/privatelink.vaultcore.azure.net",
            ]
        }

      [32m+[0m[0m private_service_connection {
          [32m+[0m[0m is_manual_connection           = false
          [32m+[0m[0m name                           = "peckvdevcc03vault"
          [32m+[0m[0m private_connection_resource_id = (known after apply)
          [32m+[0m[0m private_ip_address             = (known after apply)
          [32m+[0m[0m subresource_names              = [
              [32m+[0m[0m "vault",
            ]
        }
    }

[1m  # module.dev_managed_umi.module.private_endpoint_st_default_blob.azurerm_private_endpoint.pe[0m will be created
[0m  [32m+[0m[0m resource "azurerm_private_endpoint" "pe" {
      [32m+[0m[0m custom_dns_configs            = (known after apply)
      [32m+[0m[0m custom_network_interface_name = "nicpestdevcc03blob"
      [32m+[0m[0m id                            = (known after apply)
      [32m+[0m[0m location                      = "canadacentral"
      [32m+[0m[0m name                          = "pestdevcc03blob"
      [32m+[0m[0m network_interface             = (known after apply)
      [32m+[0m[0m private_dns_zone_configs      = (known after apply)
      [32m+[0m[0m resource_group_name           = "rg-aml-ws-dev-cc-03"
      [32m+[0m[0m subnet_id                     = (known after apply)
      [32m+[0m[0m tags                          = {
          [32m+[0m[0m "created_by"  = "terraform"
          [32m+[0m[0m "deployment"  = "flat-vnet-bastion"
          [32m+[0m[0m "environment" = "development"
          [32m+[0m[0m "owner"       = "ml-team"
          [32m+[0m[0m "project"     = "ml-platform"
          [32m+[0m[0m "purpose"     = "dev"
        }

      [32m+[0m[0m private_dns_zone_group {
          [32m+[0m[0m id                   = (known after apply)
          [32m+[0m[0m name                 = "pezgcstdevcc03"
          [32m+[0m[0m private_dns_zone_ids = [
              [32m+[0m[0m "/subscriptions/5784b6a5-de3f-4fa4-8b8f-e5bb70ff6b25/resourceGroups/rg-aml-dns-shared-cc-03/providers/Microsoft.Network/privateDnsZones/privatelink.blob.core.windows.net",
            ]
        }

      [32m+[0m[0m private_service_connection {
          [32m+[0m[0m is_manual_connection           = false
          [32m+[0m[0m name                           = "pecstdevcc03blob"
          [32m+[0m[0m private_connection_resource_id = (known after apply)
          [32m+[0m[0m private_ip_address             = (known after apply)
          [32m+[0m[0m subresource_names              = [
              [32m+[0m[0m "blob",
            ]
        }
    }

[1m  # module.dev_managed_umi.module.private_endpoint_st_default_file.azurerm_private_endpoint.pe[0m will be created
[0m  [32m+[0m[0m resource "azurerm_private_endpoint" "pe" {
      [32m+[0m[0m custom_dns_configs            = (known after apply)
      [32m+[0m[0m custom_network_interface_name = "nicpestdevcc03file"
      [32m+[0m[0m id                            = (known after apply)
      [32m+[0m[0m location                      = "canadacentral"
      [32m+[0m[0m name                          = "pestdevcc03file"
      [32m+[0m[0m network_interface             = (known after apply)
      [32m+[0m[0m private_dns_zone_configs      = (known after apply)
      [32m+[0m[0m resource_group_name           = "rg-aml-ws-dev-cc-03"
      [32m+[0m[0m subnet_id                     = (known after apply)
      [32m+[0m[0m tags                          = {
          [32m+[0m[0m "created_by"  = "terraform"
          [32m+[0m[0m "deployment"  = "flat-vnet-bastion"
          [32m+[0m[0m "environment" = "development"
          [32m+[0m[0m "owner"       = "ml-team"
          [32m+[0m[0m "project"     = "ml-platform"
          [32m+[0m[0m "purpose"     = "dev"
        }

      [32m+[0m[0m private_dns_zone_group {
          [32m+[0m[0m id                   = (known after apply)
          [32m+[0m[0m name                 = "pezgcstdevcc03"
          [32m+[0m[0m private_dns_zone_ids = [
              [32m+[0m[0m "/subscriptions/5784b6a5-de3f-4fa4-8b8f-e5bb70ff6b25/resourceGroups/rg-aml-dns-shared-cc-03/providers/Microsoft.Network/privateDnsZones/privatelink.file.core.windows.net",
            ]
        }

      [32m+[0m[0m private_service_connection {
          [32m+[0m[0m is_manual_connection           = false
          [32m+[0m[0m name                           = "pecstdevcc03file"
          [32m+[0m[0m private_connection_resource_id = (known after apply)
          [32m+[0m[0m private_ip_address             = (known after apply)
          [32m+[0m[0m subresource_names              = [
              [32m+[0m[0m "file",
            ]
        }
    }

[1m  # module.dev_managed_umi.module.private_endpoint_st_default_queue.azurerm_private_endpoint.pe[0m will be created
[0m  [32m+[0m[0m resource "azurerm_private_endpoint" "pe" {
      [32m+[0m[0m custom_dns_configs            = (known after apply)
      [32m+[0m[0m custom_network_interface_name = "nicpestdevcc03queue"
      [32m+[0m[0m id                            = (known after apply)
      [32m+[0m[0m location                      = "canadacentral"
      [32m+[0m[0m name                          = "pestdevcc03queue"
      [32m+[0m[0m network_interface             = (known after apply)
      [32m+[0m[0m private_dns_zone_configs      = (known after apply)
      [32m+[0m[0m resource_group_name           = "rg-aml-ws-dev-cc-03"
      [32m+[0m[0m subnet_id                     = (known after apply)
      [32m+[0m[0m tags                          = {
          [32m+[0m[0m "created_by"  = "terraform"
          [32m+[0m[0m "deployment"  = "flat-vnet-bastion"
          [32m+[0m[0m "environment" = "development"
          [32m+[0m[0m "owner"       = "ml-team"
          [32m+[0m[0m "project"     = "ml-platform"
          [32m+[0m[0m "purpose"     = "dev"
        }

      [32m+[0m[0m private_dns_zone_group {
          [32m+[0m[0m id                   = (known after apply)
          [32m+[0m[0m name                 = "pezgcstdevcc03"
          [32m+[0m[0m private_dns_zone_ids = [
              [32m+[0m[0m "/subscriptions/5784b6a5-de3f-4fa4-8b8f-e5bb70ff6b25/resourceGroups/rg-aml-dns-shared-cc-03/providers/Microsoft.Network/privateDnsZones/privatelink.queue.core.windows.net",
            ]
        }

      [32m+[0m[0m private_service_connection {
          [32m+[0m[0m is_manual_connection           = false
          [32m+[0m[0m name                           = "pecstdevcc03queue"
          [32m+[0m[0m private_connection_resource_id = (known after apply)
          [32m+[0m[0m private_ip_address             = (known after apply)
          [32m+[0m[0m subresource_names              = [
              [32m+[0m[0m "queue",
            ]
        }
    }

[1m  # module.dev_managed_umi.module.private_endpoint_st_default_table.azurerm_private_endpoint.pe[0m will be created
[0m  [32m+[0m[0m resource "azurerm_private_endpoint" "pe" {
      [32m+[0m[0m custom_dns_configs            = (known after apply)
      [32m+[0m[0m custom_network_interface_name = "nicpestdevcc03table"
      [32m+[0m[0m id                            = (known after apply)
      [32m+[0m[0m location                      = "canadacentral"
      [32m+[0m[0m name                          = "pestdevcc03table"
      [32m+[0m[0m network_interface             = (known after apply)
      [32m+[0m[0m private_dns_zone_configs      = (known after apply)
      [32m+[0m[0m resource_group_name           = "rg-aml-ws-dev-cc-03"
      [32m+[0m[0m subnet_id                     = (known after apply)
      [32m+[0m[0m tags                          = {
          [32m+[0m[0m "created_by"  = "terraform"
          [32m+[0m[0m "deployment"  = "flat-vnet-bastion"
          [32m+[0m[0m "environment" = "development"
          [32m+[0m[0m "owner"       = "ml-team"
          [32m+[0m[0m "project"     = "ml-platform"
          [32m+[0m[0m "purpose"     = "dev"
        }

      [32m+[0m[0m private_dns_zone_group {
          [32m+[0m[0m id                   = (known after apply)
          [32m+[0m[0m name                 = "pezgcstdevcc03"
          [32m+[0m[0m private_dns_zone_ids = [
              [32m+[0m[0m "/subscriptions/5784b6a5-de3f-4fa4-8b8f-e5bb70ff6b25/resourceGroups/rg-aml-dns-shared-cc-03/providers/Microsoft.Network/privateDnsZones/privatelink.table.core.windows.net",
            ]
        }

      [32m+[0m[0m private_service_connection {
          [32m+[0m[0m is_manual_connection           = false
          [32m+[0m[0m name                           = "pecstdevcc03table"
          [32m+[0m[0m private_connection_resource_id = (known after apply)
          [32m+[0m[0m private_ip_address             = (known after apply)
          [32m+[0m[0m subresource_names              = [
              [32m+[0m[0m "table",
            ]
        }
    }

[1m  # module.dev_managed_umi.module.storage_account_default.azurerm_monitor_diagnostic_setting.diag-base[0m will be created
[0m  [32m+[0m[0m resource "azurerm_monitor_diagnostic_setting" "diag-base" {
      [32m+[0m[0m id                             = (known after apply)
      [32m+[0m[0m log_analytics_destination_type = (known after apply)
      [32m+[0m[0m log_analytics_workspace_id     = (known after apply)
      [32m+[0m[0m name                           = "stdevcc03-diag-base-dev-03"
      [32m+[0m[0m target_resource_id             = (known after apply)

      [32m+[0m[0m enabled_metric {
          [32m+[0m[0m category = "Capacity"
        }
      [32m+[0m[0m enabled_metric {
          [32m+[0m[0m category = "Transaction"
        }

      [32m+[0m[0m metric (known after apply)
    }

[1m  # module.dev_managed_umi.module.storage_account_default.azurerm_monitor_diagnostic_setting.diag-blob[0m will be created
[0m  [32m+[0m[0m resource "azurerm_monitor_diagnostic_setting" "diag-blob" {
      [32m+[0m[0m id                             = (known after apply)
      [32m+[0m[0m log_analytics_destination_type = (known after apply)
      [32m+[0m[0m log_analytics_workspace_id     = (known after apply)
      [32m+[0m[0m name                           = "stdevcc03-diag-blob-dev-03"
      [32m+[0m[0m target_resource_id             = (known after apply)

      [32m+[0m[0m enabled_log {
          [32m+[0m[0m category       = "StorageDelete"
            [90m# (1 unchanged attribute hidden)[0m[0m
        }
      [32m+[0m[0m enabled_log {
          [32m+[0m[0m category       = "StorageRead"
            [90m# (1 unchanged attribute hidden)[0m[0m
        }
      [32m+[0m[0m enabled_log {
          [32m+[0m[0m category       = "StorageWrite"
            [90m# (1 unchanged attribute hidden)[0m[0m
        }

      [32m+[0m[0m enabled_metric (known after apply)

      [32m+[0m[0m metric (known after apply)
    }

[1m  # module.dev_managed_umi.module.storage_account_default.azurerm_monitor_diagnostic_setting.diag-file[0m will be created
[0m  [32m+[0m[0m resource "azurerm_monitor_diagnostic_setting" "diag-file" {
      [32m+[0m[0m id                             = (known after apply)
      [32m+[0m[0m log_analytics_destination_type = (known after apply)
      [32m+[0m[0m log_analytics_workspace_id     = (known after apply)
      [32m+[0m[0m name                           = "stdevcc03-diag-file-dev-03"
      [32m+[0m[0m target_resource_id             = (known after apply)

      [32m+[0m[0m enabled_log {
          [32m+[0m[0m category       = "StorageDelete"
            [90m# (1 unchanged attribute hidden)[0m[0m
        }
      [32m+[0m[0m enabled_log {
          [32m+[0m[0m category       = "StorageRead"
            [90m# (1 unchanged attribute hidden)[0m[0m
        }
      [32m+[0m[0m enabled_log {
          [32m+[0m[0m category       = "StorageWrite"
            [90m# (1 unchanged attribute hidden)[0m[0m
        }

      [32m+[0m[0m enabled_metric (known after apply)

      [32m+[0m[0m metric (known after apply)
    }

[1m  # module.dev_managed_umi.module.storage_account_default.azurerm_monitor_diagnostic_setting.diag-queue[0m will be created
[0m  [32m+[0m[0m resource "azurerm_monitor_diagnostic_setting" "diag-queue" {
      [32m+[0m[0m id                             = (known after apply)
      [32m+[0m[0m log_analytics_destination_type = (known after apply)
      [32m+[0m[0m log_analytics_workspace_id     = (known after apply)
      [32m+[0m[0m name                           = "stdevcc03-diag-queue-dev-03"
      [32m+[0m[0m target_resource_id             = (known after apply)

      [32m+[0m[0m enabled_log {
          [32m+[0m[0m category       = "StorageDelete"
            [90m# (1 unchanged attribute hidden)[0m[0m
        }
      [32m+[0m[0m enabled_log {
          [32m+[0m[0m category       = "StorageRead"
            [90m# (1 unchanged attribute hidden)[0m[0m
        }
      [32m+[0m[0m enabled_log {
          [32m+[0m[0m category       = "StorageWrite"
            [90m# (1 unchanged attribute hidden)[0m[0m
        }

      [32m+[0m[0m enabled_metric (known after apply)

      [32m+[0m[0m metric (known after apply)
    }

[1m  # module.dev_managed_umi.module.storage_account_default.azurerm_monitor_diagnostic_setting.diag-table[0m will be created
[0m  [32m+[0m[0m resource "azurerm_monitor_diagnostic_setting" "diag-table" {
      [32m+[0m[0m id                             = (known after apply)
      [32m+[0m[0m log_analytics_destination_type = (known after apply)
      [32m+[0m[0m log_analytics_workspace_id     = (known after apply)
      [32m+[0m[0m name                           = "stdevcc03-diag-table-dev-03"
      [32m+[0m[0m target_resource_id             = (known after apply)

      [32m+[0m[0m enabled_log {
          [32m+[0m[0m category       = "StorageDelete"
            [90m# (1 unchanged attribute hidden)[0m[0m
        }
      [32m+[0m[0m enabled_log {
          [32m+[0m[0m category       = "StorageRead"
            [90m# (1 unchanged attribute hidden)[0m[0m
        }
      [32m+[0m[0m enabled_log {
          [32m+[0m[0m category       = "StorageWrite"
            [90m# (1 unchanged attribute hidden)[0m[0m
        }

      [32m+[0m[0m enabled_metric (known after apply)

      [32m+[0m[0m metric (known after apply)
    }

[1m  # module.dev_managed_umi.module.storage_account_default.azurerm_storage_account.storage_account[0m will be created
[0m  [32m+[0m[0m resource "azurerm_storage_account" "storage_account" {
      [32m+[0m[0m access_tier                        = (known after apply)
      [32m+[0m[0m account_kind                       = "StorageV2"
      [32m+[0m[0m account_replication_type           = "LRS"
      [32m+[0m[0m account_tier                       = "Standard"
      [32m+[0m[0m allow_nested_items_to_be_public    = false
      [32m+[0m[0m cross_tenant_replication_enabled   = false
      [32m+[0m[0m default_to_oauth_authentication    = false
      [32m+[0m[0m dns_endpoint_type                  = "Standard"
      [32m+[0m[0m https_traffic_only_enabled         = true
      [32m+[0m[0m id                                 = (known after apply)
      [32m+[0m[0m infrastructure_encryption_enabled  = false
      [32m+[0m[0m is_hns_enabled                     = false
      [32m+[0m[0m large_file_share_enabled           = (known after apply)
      [32m+[0m[0m local_user_enabled                 = true
      [32m+[0m[0m location                           = "canadacentral"
      [32m+[0m[0m min_tls_version                    = "TLS1_2"
      [32m+[0m[0m name                               = "stdevcc03"
      [32m+[0m[0m nfsv3_enabled                      = false
      [32m+[0m[0m primary_access_key                 = (sensitive value)
      [32m+[0m[0m primary_blob_connection_string     = (sensitive value)
      [32m+[0m[0m primary_blob_endpoint              = (known after apply)
      [32m+[0m[0m primary_blob_host                  = (known after apply)
      [32m+[0m[0m primary_blob_internet_endpoint     = (known after apply)
      [32m+[0m[0m primary_blob_internet_host         = (known after apply)
      [32m+[0m[0m primary_blob_microsoft_endpoint    = (known after apply)
      [32m+[0m[0m primary_blob_microsoft_host        = (known after apply)
      [32m+[0m[0m primary_connection_string          = (sensitive value)
      [32m+[0m[0m primary_dfs_endpoint               = (known after apply)
      [32m+[0m[0m primary_dfs_host                   = (known after apply)
      [32m+[0m[0m primary_dfs_internet_endpoint      = (known after apply)
      [32m+[0m[0m primary_dfs_internet_host          = (known after apply)
      [32m+[0m[0m primary_dfs_microsoft_endpoint     = (known after apply)
      [32m+[0m[0m primary_dfs_microsoft_host         = (known after apply)
      [32m+[0m[0m primary_file_endpoint              = (known after apply)
      [32m+[0m[0m primary_file_host                  = (known after apply)
      [32m+[0m[0m primary_file_internet_endpoint     = (known after apply)
      [32m+[0m[0m primary_file_internet_host         = (known after apply)
      [32m+[0m[0m primary_file_microsoft_endpoint    = (known after apply)
      [32m+[0m[0m primary_file_microsoft_host        = (known after apply)
      [32m+[0m[0m primary_location                   = (known after apply)
      [32m+[0m[0m primary_queue_endpoint             = (known after apply)
      [32m+[0m[0m primary_queue_host                 = (known after apply)
      [32m+[0m[0m primary_queue_microsoft_endpoint   = (known after apply)
      [32m+[0m[0m primary_queue_microsoft_host       = (known after apply)
      [32m+[0m[0m primary_table_endpoint             = (known after apply)
      [32m+[0m[0m primary_table_host                 = (known after apply)
      [32m+[0m[0m primary_table_microsoft_endpoint   = (known after apply)
      [32m+[0m[0m primary_table_microsoft_host       = (known after apply)
      [32m+[0m[0m primary_web_endpoint               = (known after apply)
      [32m+[0m[0m primary_web_host                   = (known after apply)
      [32m+[0m[0m primary_web_internet_endpoint      = (known after apply)
      [32m+[0m[0m primary_web_internet_host          = (known after apply)
      [32m+[0m[0m primary_web_microsoft_endpoint     = (known after apply)
      [32m+[0m[0m primary_web_microsoft_host         = (known after apply)
      [32m+[0m[0m public_network_access_enabled      = false
      [32m+[0m[0m queue_encryption_key_type          = "Service"
      [32m+[0m[0m resource_group_name                = "rg-aml-ws-dev-cc-03"
      [32m+[0m[0m secondary_access_key               = (sensitive value)
      [32m+[0m[0m secondary_blob_connection_string   = (sensitive value)
      [32m+[0m[0m secondary_blob_endpoint            = (known after apply)
      [32m+[0m[0m secondary_blob_host                = (known after apply)
      [32m+[0m[0m secondary_blob_internet_endpoint   = (known after apply)
      [32m+[0m[0m secondary_blob_internet_host       = (known after apply)
      [32m+[0m[0m secondary_blob_microsoft_endpoint  = (known after apply)
      [32m+[0m[0m secondary_blob_microsoft_host      = (known after apply)
      [32m+[0m[0m secondary_connection_string        = (sensitive value)
      [32m+[0m[0m secondary_dfs_endpoint             = (known after apply)
      [32m+[0m[0m secondary_dfs_host                 = (known after apply)
      [32m+[0m[0m secondary_dfs_internet_endpoint    = (known after apply)
      [32m+[0m[0m secondary_dfs_internet_host        = (known after apply)
      [32m+[0m[0m secondary_dfs_microsoft_endpoint   = (known after apply)
      [32m+[0m[0m secondary_dfs_microsoft_host       = (known after apply)
      [32m+[0m[0m secondary_file_endpoint            = (known after apply)
      [32m+[0m[0m secondary_file_host                = (known after apply)
      [32m+[0m[0m secondary_file_internet_endpoint   = (known after apply)
      [32m+[0m[0m secondary_file_internet_host       = (known after apply)
      [32m+[0m[0m secondary_file_microsoft_endpoint  = (known after apply)
      [32m+[0m[0m secondary_file_microsoft_host      = (known after apply)
      [32m+[0m[0m secondary_location                 = (known after apply)
      [32m+[0m[0m secondary_queue_endpoint           = (known after apply)
      [32m+[0m[0m secondary_queue_host               = (known after apply)
      [32m+[0m[0m secondary_queue_microsoft_endpoint = (known after apply)
      [32m+[0m[0m secondary_queue_microsoft_host     = (known after apply)
      [32m+[0m[0m secondary_table_endpoint           = (known after apply)
      [32m+[0m[0m secondary_table_host               = (known after apply)
      [32m+[0m[0m secondary_table_microsoft_endpoint = (known after apply)
      [32m+[0m[0m secondary_table_microsoft_host     = (known after apply)
      [32m+[0m[0m secondary_web_endpoint             = (known after apply)
      [32m+[0m[0m secondary_web_host                 = (known after apply)
      [32m+[0m[0m secondary_web_internet_endpoint    = (known after apply)
      [32m+[0m[0m secondary_web_internet_host        = (known after apply)
      [32m+[0m[0m secondary_web_microsoft_endpoint   = (known after apply)
      [32m+[0m[0m secondary_web_microsoft_host       = (known after apply)
      [32m+[0m[0m sftp_enabled                       = false
      [32m+[0m[0m shared_access_key_enabled          = true
      [32m+[0m[0m table_encryption_key_type          = "Service"
      [32m+[0m[0m tags                               = {
          [32m+[0m[0m "created_by"  = "terraform"
          [32m+[0m[0m "deployment"  = "flat-vnet-bastion"
          [32m+[0m[0m "environment" = "development"
          [32m+[0m[0m "owner"       = "ml-team"
          [32m+[0m[0m "project"     = "ml-platform"
          [32m+[0m[0m "purpose"     = "dev"
        }

      [32m+[0m[0m blob_properties {
          [32m+[0m[0m change_feed_enabled      = false
          [32m+[0m[0m default_service_version  = (known after apply)
          [32m+[0m[0m last_access_time_enabled = false
          [32m+[0m[0m versioning_enabled       = false
        }

      [32m+[0m[0m network_rules {
          [32m+[0m[0m bypass                     = [
              [32m+[0m[0m "AzureServices",
            ]
          [32m+[0m[0m default_action             = "Deny"
          [32m+[0m[0m ip_rules                   = (known after apply)
          [32m+[0m[0m virtual_network_subnet_ids = (known after apply)

          [32m+[0m[0m private_link_access {
              [32m+[0m[0m endpoint_resource_id = "/subscriptions/5784b6a5-de3f-4fa4-8b8f-e5bb70ff6b25/resourcegroups/*/providers/Microsoft.MachineLearningServices/workspaces/*"
              [32m+[0m[0m endpoint_tenant_id   = (known after apply)
            }
        }

      [32m+[0m[0m queue_properties (known after apply)

      [32m+[0m[0m routing (known after apply)

      [32m+[0m[0m share_properties (known after apply)

      [32m+[0m[0m static_website (known after apply)
    }

[1m  # module.dev_managed_umi.module.storage_account_default.null_resource.storage_cleanup[0][0m will be created
[0m  [32m+[0m[0m resource "null_resource" "storage_cleanup" {
      [32m+[0m[0m id       = (known after apply)
      [32m+[0m[0m triggers = {
          [32m+[0m[0m "resource_group" = "rg-aml-ws-dev-cc-03"
          [32m+[0m[0m "storage_name"   = "stdevcc03"
        }
    }

[1m  # module.dev_registry.module.private_endpoint_aml_registry.azurerm_private_endpoint.pe[0m will be created
[0m  [32m+[0m[0m resource "azurerm_private_endpoint" "pe" {
      [32m+[0m[0m custom_dns_configs            = (known after apply)
      [32m+[0m[0m custom_network_interface_name = "nicpemlrdevcc03amlregistry"
      [32m+[0m[0m id                            = (known after apply)
      [32m+[0m[0m location                      = "canadacentral"
      [32m+[0m[0m name                          = "pemlrdevcc03amlregistry"
      [32m+[0m[0m network_interface             = (known after apply)
      [32m+[0m[0m private_dns_zone_configs      = (known after apply)
      [32m+[0m[0m resource_group_name           = "rg-aml-reg-dev-cc-03"
      [32m+[0m[0m subnet_id                     = (known after apply)
      [32m+[0m[0m tags                          = {
          [32m+[0m[0m "created_by"  = "terraform"
          [32m+[0m[0m "deployment"  = "flat-vnet-bastion"
          [32m+[0m[0m "environment" = "development"
          [32m+[0m[0m "owner"       = "ml-team"
          [32m+[0m[0m "project"     = "ml-platform"
          [32m+[0m[0m "purpose"     = "dev"
        }

      [32m+[0m[0m private_dns_zone_group {
          [32m+[0m[0m id                   = (known after apply)
          [32m+[0m[0m name                 = "pezgcmlrdevcc03"
          [32m+[0m[0m private_dns_zone_ids = (known after apply)
        }

      [32m+[0m[0m private_service_connection {
          [32m+[0m[0m is_manual_connection           = false
          [32m+[0m[0m name                           = "pecmlrdevcc03amlregistry"
          [32m+[0m[0m private_connection_resource_id = (known after apply)
          [32m+[0m[0m private_ip_address             = (known after apply)
          [32m+[0m[0m subresource_names              = [
              [32m+[0m[0m "amlregistry",
            ]
        }
    }

[1m  # module.prod_managed_umi.module.container_registry.azurerm_container_registry.acr[0m will be created
[0m  [32m+[0m[0m resource "azurerm_container_registry" "acr" {
      [32m+[0m[0m admin_enabled                 = false
      [32m+[0m[0m admin_password                = (sensitive value)
      [32m+[0m[0m admin_username                = (known after apply)
      [32m+[0m[0m anonymous_pull_enabled        = false
      [32m+[0m[0m encryption                    = (known after apply)
      [32m+[0m[0m export_policy_enabled         = true
      [32m+[0m[0m id                            = (known after apply)
      [32m+[0m[0m location                      = "canadacentral"
      [32m+[0m[0m login_server                  = (known after apply)
      [32m+[0m[0m name                          = "acrprodcc03"
      [32m+[0m[0m network_rule_bypass_option    = "AzureServices"
      [32m+[0m[0m network_rule_set              = [
          [32m+[0m[0m {
              [32m+[0m[0m default_action = "Deny"
              [32m+[0m[0m ip_rule        = (known after apply)
            },
        ]
      [32m+[0m[0m public_network_access_enabled = false
      [32m+[0m[0m resource_group_name           = "rg-aml-ws-prod-cc-03"
      [32m+[0m[0m sku                           = "Premium"
      [32m+[0m[0m tags                          = {
          [32m+[0m[0m "created_by"  = "terraform"
          [32m+[0m[0m "deployment"  = "flat-vnet-bastion"
          [32m+[0m[0m "environment" = "production"
          [32m+[0m[0m "owner"       = "ml-team"
          [32m+[0m[0m "project"     = "ml-platform"
          [32m+[0m[0m "purpose"     = "prod"
        }
      [32m+[0m[0m trust_policy_enabled          = false
      [32m+[0m[0m zone_redundancy_enabled       = false

      [32m+[0m[0m identity {
          [32m+[0m[0m principal_id = (known after apply)
          [32m+[0m[0m tenant_id    = (known after apply)
          [32m+[0m[0m type         = "SystemAssigned"
        }
    }

[1m  # module.prod_managed_umi.module.container_registry.azurerm_monitor_diagnostic_setting.diag-base[0m will be created
[0m  [32m+[0m[0m resource "azurerm_monitor_diagnostic_setting" "diag-base" {
      [32m+[0m[0m id                             = (known after apply)
      [32m+[0m[0m log_analytics_destination_type = (known after apply)
      [32m+[0m[0m log_analytics_workspace_id     = (known after apply)
      [32m+[0m[0m name                           = "acrprodcc03-diag-base-prod-03"
      [32m+[0m[0m target_resource_id             = (known after apply)

      [32m+[0m[0m enabled_log {
          [32m+[0m[0m category       = "ContainerRegistryLoginEvents"
            [90m# (1 unchanged attribute hidden)[0m[0m
        }
      [32m+[0m[0m enabled_log {
          [32m+[0m[0m category       = "ContainerRegistryRepositoryEvents"
            [90m# (1 unchanged attribute hidden)[0m[0m
        }

      [32m+[0m[0m enabled_metric {
          [32m+[0m[0m category = "AllMetrics"
        }

      [32m+[0m[0m metric (known after apply)
    }

[1m  # module.prod_managed_umi.module.container_registry.null_resource.acr_cleanup[0][0m will be created
[0m  [32m+[0m[0m resource "null_resource" "acr_cleanup" {
      [32m+[0m[0m id       = (known after apply)
      [32m+[0m[0m triggers = {
          [32m+[0m[0m "acr_name" = "acrprodcc03"
          [32m+[0m[0m "location" = "canadacentral"
        }
    }

[1m  # module.prod_managed_umi.module.keyvault_aml.data.azurerm_client_config.identity_config[0m will be read during apply
  # (depends on a resource or a module with changes pending)
[0m [36m<=[0m[0m data "azurerm_client_config" "identity_config" {
      [32m+[0m[0m client_id       = (known after apply)
      [32m+[0m[0m id              = (known after apply)
      [32m+[0m[0m object_id       = (known after apply)
      [32m+[0m[0m subscription_id = (known after apply)
      [32m+[0m[0m tenant_id       = (known after apply)
    }

[1m  # module.prod_managed_umi.module.keyvault_aml.data.azurerm_subscription.current[0m will be read during apply
  # (depends on a resource or a module with changes pending)
[0m [36m<=[0m[0m data "azurerm_subscription" "current" {
      [32m+[0m[0m display_name          = (known after apply)
      [32m+[0m[0m id                    = (known after apply)
      [32m+[0m[0m location_placement_id = (known after apply)
      [32m+[0m[0m quota_id              = (known after apply)
      [32m+[0m[0m spending_limit        = (known after apply)
      [32m+[0m[0m state                 = (known after apply)
      [32m+[0m[0m subscription_id       = (known after apply)
      [32m+[0m[0m tags                  = (known after apply)
      [32m+[0m[0m tenant_id             = (known after apply)
    }

[1m  # module.prod_managed_umi.module.keyvault_aml.azurerm_key_vault.kv[0m will be created
[0m  [32m+[0m[0m resource "azurerm_key_vault" "kv" {
      [32m+[0m[0m access_policy                   = (known after apply)
      [32m+[0m[0m enable_rbac_authorization       = true
      [32m+[0m[0m enabled_for_deployment          = true
      [32m+[0m[0m enabled_for_disk_encryption     = false
      [32m+[0m[0m enabled_for_template_deployment = true
      [32m+[0m[0m id                              = (known after apply)
      [32m+[0m[0m location                        = "canadacentral"
      [32m+[0m[0m name                            = "kvprodcc03"
      [32m+[0m[0m public_network_access_enabled   = false
      [32m+[0m[0m purge_protection_enabled        = false
      [32m+[0m[0m resource_group_name             = "rg-aml-ws-prod-cc-03"
      [32m+[0m[0m sku_name                        = "premium"
      [32m+[0m[0m soft_delete_retention_days      = 7
      [32m+[0m[0m tags                            = {
          [32m+[0m[0m "created_by"  = "terraform"
          [32m+[0m[0m "deployment"  = "flat-vnet-bastion"
          [32m+[0m[0m "environment" = "production"
          [32m+[0m[0m "owner"       = "ml-team"
          [32m+[0m[0m "project"     = "ml-platform"
          [32m+[0m[0m "purpose"     = "prod"
        }
      [32m+[0m[0m tenant_id                       = (known after apply)
      [32m+[0m[0m vault_uri                       = (known after apply)

      [32m+[0m[0m contact (known after apply)

      [32m+[0m[0m network_acls {
          [32m+[0m[0m bypass         = "AzureServices"
          [32m+[0m[0m default_action = "Deny"
        }
    }

[1m  # module.prod_managed_umi.module.keyvault_aml.azurerm_monitor_diagnostic_setting.diag-base[0m will be created
[0m  [32m+[0m[0m resource "azurerm_monitor_diagnostic_setting" "diag-base" {
      [32m+[0m[0m id                             = (known after apply)
      [32m+[0m[0m log_analytics_destination_type = (known after apply)
      [32m+[0m[0m log_analytics_workspace_id     = (known after apply)
      [32m+[0m[0m name                           = "kvprodcc03-diagnostics-prod-03"
      [32m+[0m[0m target_resource_id             = (known after apply)

      [32m+[0m[0m enabled_log {
          [32m+[0m[0m category       = "AuditEvent"
            [90m# (1 unchanged attribute hidden)[0m[0m
        }
      [32m+[0m[0m enabled_log {
          [32m+[0m[0m category       = "AzurePolicyEvaluationDetails"
            [90m# (1 unchanged attribute hidden)[0m[0m
        }

      [32m+[0m[0m enabled_metric {
          [32m+[0m[0m category = "AllMetrics"
        }

      [32m+[0m[0m metric (known after apply)
    }

[1m  # module.prod_managed_umi.module.keyvault_aml.null_resource.keyvault_purge[0][0m will be created
[0m  [32m+[0m[0m resource "null_resource" "keyvault_purge" {
      [32m+[0m[0m id       = (known after apply)
      [32m+[0m[0m triggers = {
          [32m+[0m[0m "kv_name"  = "kvprodcc03"
          [32m+[0m[0m "location" = "canadacentral"
        }
    }

[1m  # module.prod_managed_umi.module.private_endpoint_aml_workspace.azurerm_private_endpoint.pe[0m will be created
[0m  [32m+[0m[0m resource "azurerm_private_endpoint" "pe" {
      [32m+[0m[0m custom_dns_configs            = (known after apply)
      [32m+[0m[0m custom_network_interface_name = "nicpemlwprodcc03amlworkspace"
      [32m+[0m[0m id                            = (known after apply)
      [32m+[0m[0m location                      = "canadacentral"
      [32m+[0m[0m name                          = "pemlwprodcc03amlworkspace"
      [32m+[0m[0m network_interface             = (known after apply)
      [32m+[0m[0m private_dns_zone_configs      = (known after apply)
      [32m+[0m[0m resource_group_name           = "rg-aml-ws-prod-cc-03"
      [32m+[0m[0m subnet_id                     = (known after apply)
      [32m+[0m[0m tags                          = {
          [32m+[0m[0m "created_by"  = "terraform"
          [32m+[0m[0m "deployment"  = "flat-vnet-bastion"
          [32m+[0m[0m "environment" = "production"
          [32m+[0m[0m "owner"       = "ml-team"
          [32m+[0m[0m "project"     = "ml-platform"
          [32m+[0m[0m "purpose"     = "prod"
        }

      [32m+[0m[0m private_dns_zone_group {
          [32m+[0m[0m id                   = (known after apply)
          [32m+[0m[0m name                 = "pezgcmlwprodcc03"
          [32m+[0m[0m private_dns_zone_ids = (known after apply)
        }

      [32m+[0m[0m private_service_connection {
          [32m+[0m[0m is_manual_connection           = false
          [32m+[0m[0m name                           = "pecmlwprodcc03amlworkspace"
          [32m+[0m[0m private_connection_resource_id = (known after apply)
          [32m+[0m[0m private_ip_address             = (known after apply)
          [32m+[0m[0m subresource_names              = [
              [32m+[0m[0m "amlworkspace",
            ]
        }
    }

[1m  # module.prod_managed_umi.module.private_endpoint_container_registry.azurerm_private_endpoint.pe[0m will be created
[0m  [32m+[0m[0m resource "azurerm_private_endpoint" "pe" {
      [32m+[0m[0m custom_dns_configs            = (known after apply)
      [32m+[0m[0m custom_network_interface_name = "nicpeacrprodcc03registry"
      [32m+[0m[0m id                            = (known after apply)
      [32m+[0m[0m location                      = "canadacentral"
      [32m+[0m[0m name                          = "peacrprodcc03registry"
      [32m+[0m[0m network_interface             = (known after apply)
      [32m+[0m[0m private_dns_zone_configs      = (known after apply)
      [32m+[0m[0m resource_group_name           = "rg-aml-ws-prod-cc-03"
      [32m+[0m[0m subnet_id                     = (known after apply)
      [32m+[0m[0m tags                          = {
          [32m+[0m[0m "created_by"  = "terraform"
          [32m+[0m[0m "deployment"  = "flat-vnet-bastion"
          [32m+[0m[0m "environment" = "production"
          [32m+[0m[0m "owner"       = "ml-team"
          [32m+[0m[0m "project"     = "ml-platform"
          [32m+[0m[0m "purpose"     = "prod"
        }

      [32m+[0m[0m private_dns_zone_group {
          [32m+[0m[0m id                   = (known after apply)
          [32m+[0m[0m name                 = "pezgcacrprodcc03"
          [32m+[0m[0m private_dns_zone_ids = [
              [32m+[0m[0m "/subscriptions/5784b6a5-de3f-4fa4-8b8f-e5bb70ff6b25/resourceGroups/rg-aml-dns-shared-cc-03/providers/Microsoft.Network/privateDnsZones/privatelink.azurecr.io",
            ]
        }

      [32m+[0m[0m private_service_connection {
          [32m+[0m[0m is_manual_connection           = false
          [32m+[0m[0m name                           = "pecacrprodcc03registry"
          [32m+[0m[0m private_connection_resource_id = (known after apply)
          [32m+[0m[0m private_ip_address             = (known after apply)
          [32m+[0m[0m subresource_names              = [
              [32m+[0m[0m "registry",
            ]
        }
    }

[1m  # module.prod_managed_umi.module.private_endpoint_kv.azurerm_private_endpoint.pe[0m will be created
[0m  [32m+[0m[0m resource "azurerm_private_endpoint" "pe" {
      [32m+[0m[0m custom_dns_configs            = (known after apply)
      [32m+[0m[0m custom_network_interface_name = "nicpekvprodcc03vault"
      [32m+[0m[0m id                            = (known after apply)
      [32m+[0m[0m location                      = "canadacentral"
      [32m+[0m[0m name                          = "pekvprodcc03vault"
      [32m+[0m[0m network_interface             = (known after apply)
      [32m+[0m[0m private_dns_zone_configs      = (known after apply)
      [32m+[0m[0m resource_group_name           = "rg-aml-ws-prod-cc-03"
      [32m+[0m[0m subnet_id                     = (known after apply)
      [32m+[0m[0m tags                          = {
          [32m+[0m[0m "created_by"  = "terraform"
          [32m+[0m[0m "deployment"  = "flat-vnet-bastion"
          [32m+[0m[0m "environment" = "production"
          [32m+[0m[0m "owner"       = "ml-team"
          [32m+[0m[0m "project"     = "ml-platform"
          [32m+[0m[0m "purpose"     = "prod"
        }

      [32m+[0m[0m private_dns_zone_group {
          [32m+[0m[0m id                   = (known after apply)
          [32m+[0m[0m name                 = "pezgckvprodcc03"
          [32m+[0m[0m private_dns_zone_ids = [
              [32m+[0m[0m "/subscriptions/5784b6a5-de3f-4fa4-8b8f-e5bb70ff6b25/resourceGroups/rg-aml-dns-shared-cc-03/providers/Microsoft.Network/privateDnsZones/privatelink.vaultcore.azure.net",
            ]
        }

      [32m+[0m[0m private_service_connection {
          [32m+[0m[0m is_manual_connection           = false
          [32m+[0m[0m name                           = "peckvprodcc03vault"
          [32m+[0m[0m private_connection_resource_id = (known after apply)
          [32m+[0m[0m private_ip_address             = (known after apply)
          [32m+[0m[0m subresource_names              = [
              [32m+[0m[0m "vault",
            ]
        }
    }

[1m  # module.prod_managed_umi.module.private_endpoint_st_default_blob.azurerm_private_endpoint.pe[0m will be created
[0m  [32m+[0m[0m resource "azurerm_private_endpoint" "pe" {
      [32m+[0m[0m custom_dns_configs            = (known after apply)
      [32m+[0m[0m custom_network_interface_name = "nicpestprodcc03blob"
      [32m+[0m[0m id                            = (known after apply)
      [32m+[0m[0m location                      = "canadacentral"
      [32m+[0m[0m name                          = "pestprodcc03blob"
      [32m+[0m[0m network_interface             = (known after apply)
      [32m+[0m[0m private_dns_zone_configs      = (known after apply)
      [32m+[0m[0m resource_group_name           = "rg-aml-ws-prod-cc-03"
      [32m+[0m[0m subnet_id                     = (known after apply)
      [32m+[0m[0m tags                          = {
          [32m+[0m[0m "created_by"  = "terraform"
          [32m+[0m[0m "deployment"  = "flat-vnet-bastion"
          [32m+[0m[0m "environment" = "production"
          [32m+[0m[0m "owner"       = "ml-team"
          [32m+[0m[0m "project"     = "ml-platform"
          [32m+[0m[0m "purpose"     = "prod"
        }

      [32m+[0m[0m private_dns_zone_group {
          [32m+[0m[0m id                   = (known after apply)
          [32m+[0m[0m name                 = "pezgcstprodcc03"
          [32m+[0m[0m private_dns_zone_ids = [
              [32m+[0m[0m "/subscriptions/5784b6a5-de3f-4fa4-8b8f-e5bb70ff6b25/resourceGroups/rg-aml-dns-shared-cc-03/providers/Microsoft.Network/privateDnsZones/privatelink.blob.core.windows.net",
            ]
        }

      [32m+[0m[0m private_service_connection {
          [32m+[0m[0m is_manual_connection           = false
          [32m+[0m[0m name                           = "pecstprodcc03blob"
          [32m+[0m[0m private_connection_resource_id = (known after apply)
          [32m+[0m[0m private_ip_address             = (known after apply)
          [32m+[0m[0m subresource_names              = [
              [32m+[0m[0m "blob",
            ]
        }
    }

[1m  # module.prod_managed_umi.module.private_endpoint_st_default_file.azurerm_private_endpoint.pe[0m will be created
[0m  [32m+[0m[0m resource "azurerm_private_endpoint" "pe" {
      [32m+[0m[0m custom_dns_configs            = (known after apply)
      [32m+[0m[0m custom_network_interface_name = "nicpestprodcc03file"
      [32m+[0m[0m id                            = (known after apply)
      [32m+[0m[0m location                      = "canadacentral"
      [32m+[0m[0m name                          = "pestprodcc03file"
      [32m+[0m[0m network_interface             = (known after apply)
      [32m+[0m[0m private_dns_zone_configs      = (known after apply)
      [32m+[0m[0m resource_group_name           = "rg-aml-ws-prod-cc-03"
      [32m+[0m[0m subnet_id                     = (known after apply)
      [32m+[0m[0m tags                          = {
          [32m+[0m[0m "created_by"  = "terraform"
          [32m+[0m[0m "deployment"  = "flat-vnet-bastion"
          [32m+[0m[0m "environment" = "production"
          [32m+[0m[0m "owner"       = "ml-team"
          [32m+[0m[0m "project"     = "ml-platform"
          [32m+[0m[0m "purpose"     = "prod"
        }

      [32m+[0m[0m private_dns_zone_group {
          [32m+[0m[0m id                   = (known after apply)
          [32m+[0m[0m name                 = "pezgcstprodcc03"
          [32m+[0m[0m private_dns_zone_ids = [
              [32m+[0m[0m "/subscriptions/5784b6a5-de3f-4fa4-8b8f-e5bb70ff6b25/resourceGroups/rg-aml-dns-shared-cc-03/providers/Microsoft.Network/privateDnsZones/privatelink.file.core.windows.net",
            ]
        }

      [32m+[0m[0m private_service_connection {
          [32m+[0m[0m is_manual_connection           = false
          [32m+[0m[0m name                           = "pecstprodcc03file"
          [32m+[0m[0m private_connection_resource_id = (known after apply)
          [32m+[0m[0m private_ip_address             = (known after apply)
          [32m+[0m[0m subresource_names              = [
              [32m+[0m[0m "file",
            ]
        }
    }

[1m  # module.prod_managed_umi.module.private_endpoint_st_default_queue.azurerm_private_endpoint.pe[0m will be created
[0m  [32m+[0m[0m resource "azurerm_private_endpoint" "pe" {
      [32m+[0m[0m custom_dns_configs            = (known after apply)
      [32m+[0m[0m custom_network_interface_name = "nicpestprodcc03queue"
      [32m+[0m[0m id                            = (known after apply)
      [32m+[0m[0m location                      = "canadacentral"
      [32m+[0m[0m name                          = "pestprodcc03queue"
      [32m+[0m[0m network_interface             = (known after apply)
      [32m+[0m[0m private_dns_zone_configs      = (known after apply)
      [32m+[0m[0m resource_group_name           = "rg-aml-ws-prod-cc-03"
      [32m+[0m[0m subnet_id                     = (known after apply)
      [32m+[0m[0m tags                          = {
          [32m+[0m[0m "created_by"  = "terraform"
          [32m+[0m[0m "deployment"  = "flat-vnet-bastion"
          [32m+[0m[0m "environment" = "production"
          [32m+[0m[0m "owner"       = "ml-team"
          [32m+[0m[0m "project"     = "ml-platform"
          [32m+[0m[0m "purpose"     = "prod"
        }

      [32m+[0m[0m private_dns_zone_group {
          [32m+[0m[0m id                   = (known after apply)
          [32m+[0m[0m name                 = "pezgcstprodcc03"
          [32m+[0m[0m private_dns_zone_ids = [
              [32m+[0m[0m "/subscriptions/5784b6a5-de3f-4fa4-8b8f-e5bb70ff6b25/resourceGroups/rg-aml-dns-shared-cc-03/providers/Microsoft.Network/privateDnsZones/privatelink.queue.core.windows.net",
            ]
        }

      [32m+[0m[0m private_service_connection {
          [32m+[0m[0m is_manual_connection           = false
          [32m+[0m[0m name                           = "pecstprodcc03queue"
          [32m+[0m[0m private_connection_resource_id = (known after apply)
          [32m+[0m[0m private_ip_address             = (known after apply)
          [32m+[0m[0m subresource_names              = [
              [32m+[0m[0m "queue",
            ]
        }
    }

[1m  # module.prod_managed_umi.module.private_endpoint_st_default_table.azurerm_private_endpoint.pe[0m will be created
[0m  [32m+[0m[0m resource "azurerm_private_endpoint" "pe" {
      [32m+[0m[0m custom_dns_configs            = (known after apply)
      [32m+[0m[0m custom_network_interface_name = "nicpestprodcc03table"
      [32m+[0m[0m id                            = (known after apply)
      [32m+[0m[0m location                      = "canadacentral"
      [32m+[0m[0m name                          = "pestprodcc03table"
      [32m+[0m[0m network_interface             = (known after apply)
      [32m+[0m[0m private_dns_zone_configs      = (known after apply)
      [32m+[0m[0m resource_group_name           = "rg-aml-ws-prod-cc-03"
      [32m+[0m[0m subnet_id                     = (known after apply)
      [32m+[0m[0m tags                          = {
          [32m+[0m[0m "created_by"  = "terraform"
          [32m+[0m[0m "deployment"  = "flat-vnet-bastion"
          [32m+[0m[0m "environment" = "production"
          [32m+[0m[0m "owner"       = "ml-team"
          [32m+[0m[0m "project"     = "ml-platform"
          [32m+[0m[0m "purpose"     = "prod"
        }

      [32m+[0m[0m private_dns_zone_group {
          [32m+[0m[0m id                   = (known after apply)
          [32m+[0m[0m name                 = "pezgcstprodcc03"
          [32m+[0m[0m private_dns_zone_ids = [
              [32m+[0m[0m "/subscriptions/5784b6a5-de3f-4fa4-8b8f-e5bb70ff6b25/resourceGroups/rg-aml-dns-shared-cc-03/providers/Microsoft.Network/privateDnsZones/privatelink.table.core.windows.net",
            ]
        }

      [32m+[0m[0m private_service_connection {
          [32m+[0m[0m is_manual_connection           = false
          [32m+[0m[0m name                           = "pecstprodcc03table"
          [32m+[0m[0m private_connection_resource_id = (known after apply)
          [32m+[0m[0m private_ip_address             = (known after apply)
          [32m+[0m[0m subresource_names              = [
              [32m+[0m[0m "table",
            ]
        }
    }

[1m  # module.prod_managed_umi.module.storage_account_default.azurerm_monitor_diagnostic_setting.diag-base[0m will be created
[0m  [32m+[0m[0m resource "azurerm_monitor_diagnostic_setting" "diag-base" {
      [32m+[0m[0m id                             = (known after apply)
      [32m+[0m[0m log_analytics_destination_type = (known after apply)
      [32m+[0m[0m log_analytics_workspace_id     = (known after apply)
      [32m+[0m[0m name                           = "stprodcc03-diag-base-prod-03"
      [32m+[0m[0m target_resource_id             = (known after apply)

      [32m+[0m[0m enabled_metric {
          [32m+[0m[0m category = "Capacity"
        }
      [32m+[0m[0m enabled_metric {
          [32m+[0m[0m category = "Transaction"
        }

      [32m+[0m[0m metric (known after apply)
    }

[1m  # module.prod_managed_umi.module.storage_account_default.azurerm_monitor_diagnostic_setting.diag-blob[0m will be created
[0m  [32m+[0m[0m resource "azurerm_monitor_diagnostic_setting" "diag-blob" {
      [32m+[0m[0m id                             = (known after apply)
      [32m+[0m[0m log_analytics_destination_type = (known after apply)
      [32m+[0m[0m log_analytics_workspace_id     = (known after apply)
      [32m+[0m[0m name                           = "stprodcc03-diag-blob-prod-03"
      [32m+[0m[0m target_resource_id             = (known after apply)

      [32m+[0m[0m enabled_log {
          [32m+[0m[0m category       = "StorageDelete"
            [90m# (1 unchanged attribute hidden)[0m[0m
        }
      [32m+[0m[0m enabled_log {
          [32m+[0m[0m category       = "StorageRead"
            [90m# (1 unchanged attribute hidden)[0m[0m
        }
      [32m+[0m[0m enabled_log {
          [32m+[0m[0m category       = "StorageWrite"
            [90m# (1 unchanged attribute hidden)[0m[0m
        }

      [32m+[0m[0m enabled_metric (known after apply)

      [32m+[0m[0m metric (known after apply)
    }

[1m  # module.prod_managed_umi.module.storage_account_default.azurerm_monitor_diagnostic_setting.diag-file[0m will be created
[0m  [32m+[0m[0m resource "azurerm_monitor_diagnostic_setting" "diag-file" {
      [32m+[0m[0m id                             = (known after apply)
      [32m+[0m[0m log_analytics_destination_type = (known after apply)
      [32m+[0m[0m log_analytics_workspace_id     = (known after apply)
      [32m+[0m[0m name                           = "stprodcc03-diag-file-prod-03"
      [32m+[0m[0m target_resource_id             = (known after apply)

      [32m+[0m[0m enabled_log {
          [32m+[0m[0m category       = "StorageDelete"
            [90m# (1 unchanged attribute hidden)[0m[0m
        }
      [32m+[0m[0m enabled_log {
          [32m+[0m[0m category       = "StorageRead"
            [90m# (1 unchanged attribute hidden)[0m[0m
        }
      [32m+[0m[0m enabled_log {
          [32m+[0m[0m category       = "StorageWrite"
            [90m# (1 unchanged attribute hidden)[0m[0m
        }

      [32m+[0m[0m enabled_metric (known after apply)

      [32m+[0m[0m metric (known after apply)
    }

[1m  # module.prod_managed_umi.module.storage_account_default.azurerm_monitor_diagnostic_setting.diag-queue[0m will be created
[0m  [32m+[0m[0m resource "azurerm_monitor_diagnostic_setting" "diag-queue" {
      [32m+[0m[0m id                             = (known after apply)
      [32m+[0m[0m log_analytics_destination_type = (known after apply)
      [32m+[0m[0m log_analytics_workspace_id     = (known after apply)
      [32m+[0m[0m name                           = "stprodcc03-diag-queue-prod-03"
      [32m+[0m[0m target_resource_id             = (known after apply)

      [32m+[0m[0m enabled_log {
          [32m+[0m[0m category       = "StorageDelete"
            [90m# (1 unchanged attribute hidden)[0m[0m
        }
      [32m+[0m[0m enabled_log {
          [32m+[0m[0m category       = "StorageRead"
            [90m# (1 unchanged attribute hidden)[0m[0m
        }
      [32m+[0m[0m enabled_log {
          [32m+[0m[0m category       = "StorageWrite"
            [90m# (1 unchanged attribute hidden)[0m[0m
        }

      [32m+[0m[0m enabled_metric (known after apply)

      [32m+[0m[0m metric (known after apply)
    }

[1m  # module.prod_managed_umi.module.storage_account_default.azurerm_monitor_diagnostic_setting.diag-table[0m will be created
[0m  [32m+[0m[0m resource "azurerm_monitor_diagnostic_setting" "diag-table" {
      [32m+[0m[0m id                             = (known after apply)
      [32m+[0m[0m log_analytics_destination_type = (known after apply)
      [32m+[0m[0m log_analytics_workspace_id     = (known after apply)
      [32m+[0m[0m name                           = "stprodcc03-diag-table-prod-03"
      [32m+[0m[0m target_resource_id             = (known after apply)

      [32m+[0m[0m enabled_log {
          [32m+[0m[0m category       = "StorageDelete"
            [90m# (1 unchanged attribute hidden)[0m[0m
        }
      [32m+[0m[0m enabled_log {
          [32m+[0m[0m category       = "StorageRead"
            [90m# (1 unchanged attribute hidden)[0m[0m
        }
      [32m+[0m[0m enabled_log {
          [32m+[0m[0m category       = "StorageWrite"
            [90m# (1 unchanged attribute hidden)[0m[0m
        }

      [32m+[0m[0m enabled_metric (known after apply)

      [32m+[0m[0m metric (known after apply)
    }

[1m  # module.prod_managed_umi.module.storage_account_default.azurerm_storage_account.storage_account[0m will be created
[0m  [32m+[0m[0m resource "azurerm_storage_account" "storage_account" {
      [32m+[0m[0m access_tier                        = (known after apply)
      [32m+[0m[0m account_kind                       = "StorageV2"
      [32m+[0m[0m account_replication_type           = "LRS"
      [32m+[0m[0m account_tier                       = "Standard"
      [32m+[0m[0m allow_nested_items_to_be_public    = false
      [32m+[0m[0m cross_tenant_replication_enabled   = false
      [32m+[0m[0m default_to_oauth_authentication    = false
      [32m+[0m[0m dns_endpoint_type                  = "Standard"
      [32m+[0m[0m https_traffic_only_enabled         = true
      [32m+[0m[0m id                                 = (known after apply)
      [32m+[0m[0m infrastructure_encryption_enabled  = false
      [32m+[0m[0m is_hns_enabled                     = false
      [32m+[0m[0m large_file_share_enabled           = (known after apply)
      [32m+[0m[0m local_user_enabled                 = true
      [32m+[0m[0m location                           = "canadacentral"
      [32m+[0m[0m min_tls_version                    = "TLS1_2"
      [32m+[0m[0m name                               = "stprodcc03"
      [32m+[0m[0m nfsv3_enabled                      = false
      [32m+[0m[0m primary_access_key                 = (sensitive value)
      [32m+[0m[0m primary_blob_connection_string     = (sensitive value)
      [32m+[0m[0m primary_blob_endpoint              = (known after apply)
      [32m+[0m[0m primary_blob_host                  = (known after apply)
      [32m+[0m[0m primary_blob_internet_endpoint     = (known after apply)
      [32m+[0m[0m primary_blob_internet_host         = (known after apply)
      [32m+[0m[0m primary_blob_microsoft_endpoint    = (known after apply)
      [32m+[0m[0m primary_blob_microsoft_host        = (known after apply)
      [32m+[0m[0m primary_connection_string          = (sensitive value)
      [32m+[0m[0m primary_dfs_endpoint               = (known after apply)
      [32m+[0m[0m primary_dfs_host                   = (known after apply)
      [32m+[0m[0m primary_dfs_internet_endpoint      = (known after apply)
      [32m+[0m[0m primary_dfs_internet_host          = (known after apply)
      [32m+[0m[0m primary_dfs_microsoft_endpoint     = (known after apply)
      [32m+[0m[0m primary_dfs_microsoft_host         = (known after apply)
      [32m+[0m[0m primary_file_endpoint              = (known after apply)
      [32m+[0m[0m primary_file_host                  = (known after apply)
      [32m+[0m[0m primary_file_internet_endpoint     = (known after apply)
      [32m+[0m[0m primary_file_internet_host         = (known after apply)
      [32m+[0m[0m primary_file_microsoft_endpoint    = (known after apply)
      [32m+[0m[0m primary_file_microsoft_host        = (known after apply)
      [32m+[0m[0m primary_location                   = (known after apply)
      [32m+[0m[0m primary_queue_endpoint             = (known after apply)
      [32m+[0m[0m primary_queue_host                 = (known after apply)
      [32m+[0m[0m primary_queue_microsoft_endpoint   = (known after apply)
      [32m+[0m[0m primary_queue_microsoft_host       = (known after apply)
      [32m+[0m[0m primary_table_endpoint             = (known after apply)
      [32m+[0m[0m primary_table_host                 = (known after apply)
      [32m+[0m[0m primary_table_microsoft_endpoint   = (known after apply)
      [32m+[0m[0m primary_table_microsoft_host       = (known after apply)
      [32m+[0m[0m primary_web_endpoint               = (known after apply)
      [32m+[0m[0m primary_web_host                   = (known after apply)
      [32m+[0m[0m primary_web_internet_endpoint      = (known after apply)
      [32m+[0m[0m primary_web_internet_host          = (known after apply)
      [32m+[0m[0m primary_web_microsoft_endpoint     = (known after apply)
      [32m+[0m[0m primary_web_microsoft_host         = (known after apply)
      [32m+[0m[0m public_network_access_enabled      = false
      [32m+[0m[0m queue_encryption_key_type          = "Service"
      [32m+[0m[0m resource_group_name                = "rg-aml-ws-prod-cc-03"
      [32m+[0m[0m secondary_access_key               = (sensitive value)
      [32m+[0m[0m secondary_blob_connection_string   = (sensitive value)
      [32m+[0m[0m secondary_blob_endpoint            = (known after apply)
      [32m+[0m[0m secondary_blob_host                = (known after apply)
      [32m+[0m[0m secondary_blob_internet_endpoint   = (known after apply)
      [32m+[0m[0m secondary_blob_internet_host       = (known after apply)
      [32m+[0m[0m secondary_blob_microsoft_endpoint  = (known after apply)
      [32m+[0m[0m secondary_blob_microsoft_host      = (known after apply)
      [32m+[0m[0m secondary_connection_string        = (sensitive value)
      [32m+[0m[0m secondary_dfs_endpoint             = (known after apply)
      [32m+[0m[0m secondary_dfs_host                 = (known after apply)
      [32m+[0m[0m secondary_dfs_internet_endpoint    = (known after apply)
      [32m+[0m[0m secondary_dfs_internet_host        = (known after apply)
      [32m+[0m[0m secondary_dfs_microsoft_endpoint   = (known after apply)
      [32m+[0m[0m secondary_dfs_microsoft_host       = (known after apply)
      [32m+[0m[0m secondary_file_endpoint            = (known after apply)
      [32m+[0m[0m secondary_file_host                = (known after apply)
      [32m+[0m[0m secondary_file_internet_endpoint   = (known after apply)
      [32m+[0m[0m secondary_file_internet_host       = (known after apply)
      [32m+[0m[0m secondary_file_microsoft_endpoint  = (known after apply)
      [32m+[0m[0m secondary_file_microsoft_host      = (known after apply)
      [32m+[0m[0m secondary_location                 = (known after apply)
      [32m+[0m[0m secondary_queue_endpoint           = (known after apply)
      [32m+[0m[0m secondary_queue_host               = (known after apply)
      [32m+[0m[0m secondary_queue_microsoft_endpoint = (known after apply)
      [32m+[0m[0m secondary_queue_microsoft_host     = (known after apply)
      [32m+[0m[0m secondary_table_endpoint           = (known after apply)
      [32m+[0m[0m secondary_table_host               = (known after apply)
      [32m+[0m[0m secondary_table_microsoft_endpoint = (known after apply)
      [32m+[0m[0m secondary_table_microsoft_host     = (known after apply)
      [32m+[0m[0m secondary_web_endpoint             = (known after apply)
      [32m+[0m[0m secondary_web_host                 = (known after apply)
      [32m+[0m[0m secondary_web_internet_endpoint    = (known after apply)
      [32m+[0m[0m secondary_web_internet_host        = (known after apply)
      [32m+[0m[0m secondary_web_microsoft_endpoint   = (known after apply)
      [32m+[0m[0m secondary_web_microsoft_host       = (known after apply)
      [32m+[0m[0m sftp_enabled                       = false
      [32m+[0m[0m shared_access_key_enabled          = true
      [32m+[0m[0m table_encryption_key_type          = "Service"
      [32m+[0m[0m tags                               = {
          [32m+[0m[0m "created_by"  = "terraform"
          [32m+[0m[0m "deployment"  = "flat-vnet-bastion"
          [32m+[0m[0m "environment" = "production"
          [32m+[0m[0m "owner"       = "ml-team"
          [32m+[0m[0m "project"     = "ml-platform"
          [32m+[0m[0m "purpose"     = "prod"
        }

      [32m+[0m[0m blob_properties {
          [32m+[0m[0m change_feed_enabled      = false
          [32m+[0m[0m default_service_version  = (known after apply)
          [32m+[0m[0m last_access_time_enabled = false
          [32m+[0m[0m versioning_enabled       = false
        }

      [32m+[0m[0m network_rules {
          [32m+[0m[0m bypass                     = [
              [32m+[0m[0m "AzureServices",
            ]
          [32m+[0m[0m default_action             = "Deny"
          [32m+[0m[0m ip_rules                   = (known after apply)
          [32m+[0m[0m virtual_network_subnet_ids = (known after apply)

          [32m+[0m[0m private_link_access {
              [32m+[0m[0m endpoint_resource_id = "/subscriptions/5784b6a5-de3f-4fa4-8b8f-e5bb70ff6b25/resourcegroups/*/providers/Microsoft.MachineLearningServices/workspaces/*"
              [32m+[0m[0m endpoint_tenant_id   = (known after apply)
            }
        }

      [32m+[0m[0m queue_properties (known after apply)

      [32m+[0m[0m routing (known after apply)

      [32m+[0m[0m share_properties (known after apply)

      [32m+[0m[0m static_website (known after apply)
    }

[1m  # module.prod_managed_umi.module.storage_account_default.null_resource.storage_cleanup[0][0m will be created
[0m  [32m+[0m[0m resource "null_resource" "storage_cleanup" {
      [32m+[0m[0m id       = (known after apply)
      [32m+[0m[0m triggers = {
          [32m+[0m[0m "resource_group" = "rg-aml-ws-prod-cc-03"
          [32m+[0m[0m "storage_name"   = "stprodcc03"
        }
    }

[1m  # module.prod_registry.module.private_endpoint_aml_registry.azurerm_private_endpoint.pe[0m will be created
[0m  [32m+[0m[0m resource "azurerm_private_endpoint" "pe" {
      [32m+[0m[0m custom_dns_configs            = (known after apply)
      [32m+[0m[0m custom_network_interface_name = "nicpemlrprodcc03amlregistry"
      [32m+[0m[0m id                            = (known after apply)
      [32m+[0m[0m location                      = "canadacentral"
      [32m+[0m[0m name                          = "pemlrprodcc03amlregistry"
      [32m+[0m[0m network_interface             = (known after apply)
      [32m+[0m[0m private_dns_zone_configs      = (known after apply)
      [32m+[0m[0m resource_group_name           = "rg-aml-reg-prod-cc-03"
      [32m+[0m[0m subnet_id                     = (known after apply)
      [32m+[0m[0m tags                          = {
          [32m+[0m[0m "created_by"  = "terraform"
          [32m+[0m[0m "deployment"  = "flat-vnet-bastion"
          [32m+[0m[0m "environment" = "production"
          [32m+[0m[0m "owner"       = "ml-team"
          [32m+[0m[0m "project"     = "ml-platform"
          [32m+[0m[0m "purpose"     = "prod"
        }

      [32m+[0m[0m private_dns_zone_group {
          [32m+[0m[0m id                   = (known after apply)
          [32m+[0m[0m name                 = "pezgcmlrprodcc03"
          [32m+[0m[0m private_dns_zone_ids = (known after apply)
        }

      [32m+[0m[0m private_service_connection {
          [32m+[0m[0m is_manual_connection           = false
          [32m+[0m[0m name                           = "pecmlrprodcc03amlregistry"
          [32m+[0m[0m private_connection_resource_id = (known after apply)
          [32m+[0m[0m private_ip_address             = (known after apply)
          [32m+[0m[0m subresource_names              = [
              [32m+[0m[0m "amlregistry",
            ]
        }
    }

[1mPlan:[0m 200 to add, 0 to change, 0 to destroy.
[0m
Changes to Outputs:
  [32m+[0m[0m cross_environment_connectivity     = {
      [32m+[0m[0m dev_to_prod_registry_access = {
          [32m+[0m[0m description = "Production workspace can pull from development registry"
          [32m+[0m[0m enabled     = true
        }
      [32m+[0m[0m prod_workspace_permissions  = {
          [32m+[0m[0m dev_registry_contributor = "Configured for asset promotion"
          [32m+[0m[0m dev_registry_reader      = "Configured"
        }
    }
  [32m+[0m[0m dev_container_registry_name        = "acrdevcc03"
  [32m+[0m[0m dev_key_vault_name                 = "kvdevcc03"
  [32m+[0m[0m dev_private_endpoint_fqdns         = {
      [32m+[0m[0m container_registry = "acrdevcc03.azurecr.io"
      [32m+[0m[0m key_vault          = "kvdevcc03.vaultcore.azure.net"
      [32m+[0m[0m storage_blob       = "stdevcc03.blob.core.windows.net"
      [32m+[0m[0m storage_file       = "stdevcc03.file.core.windows.net"
      [32m+[0m[0m workspace_api      = "mlwdevcc03.privatelink.api.azureml.ms"
    }
  [32m+[0m[0m dev_registry_id                    = (known after apply)
  [32m+[0m[0m dev_registry_name                  = "mlrdevcc03"
  [32m+[0m[0m dev_storage_account_name           = "stdevcc03"
  [32m+[0m[0m dev_subnet_id                      = (known after apply)
  [32m+[0m[0m dev_vnet_id                        = (known after apply)
  [32m+[0m[0m dev_workspace_id                   = (known after apply)
  [32m+[0m[0m dev_workspace_name                 = "mlwdevcc03"
  [32m+[0m[0m dev_workspace_private_endpoint_ip  = (known after apply)
  [32m+[0m[0m key_vault_purge_protection_enabled = false
  [32m+[0m[0m naming_suffix                      = "03"
  [32m+[0m[0m platform_deployment_summary        = {
      [32m+[0m[0m deployment_timestamp  = (known after apply)
      [32m+[0m[0m environment_config    = {
          [32m+[0m[0m development = {
              [32m+[0m[0m auto_purge_enabled    = true
              [32m+[0m[0m cross_env_rbac        = false
              [32m+[0m[0m purpose               = "dev"
              [32m+[0m[0m subnet_address_prefix = "10.1.1.0/24"
              [32m+[0m[0m vnet_address_space    = "10.1.0.0/16"
            }
          [32m+[0m[0m production  = {
              [32m+[0m[0m auto_purge_enabled    = false
              [32m+[0m[0m cross_env_rbac        = true
              [32m+[0m[0m purpose               = "prod"
              [32m+[0m[0m subnet_address_prefix = "10.2.1.0/24"
              [32m+[0m[0m vnet_address_space    = "10.2.0.0/16"
            }
        }
      [32m+[0m[0m environments_deployed = [
          [32m+[0m[0m "development",
          [32m+[0m[0m "production",
        ]
      [32m+[0m[0m key_endpoints         = {
          [32m+[0m[0m development = {
              [32m+[0m[0m container_registry = "acrdevcc03.azurecr.io"
              [32m+[0m[0m key_vault          = "https://kvdevcc03.vault.azure.net"
              [32m+[0m[0m registry_endpoint  = "https://mlrdevcc03.registry.azureml.ms"
              [32m+[0m[0m storage_account    = "https://stdevcc03.blob.core.windows.net"
              [32m+[0m[0m workspace_endpoint = "https://mlwdevcc03.api.azureml.ms"
            }
          [32m+[0m[0m production  = {
              [32m+[0m[0m container_registry = "acrprodcc03.azurecr.io"
              [32m+[0m[0m key_vault          = "https://kvprodcc03.vault.azure.net"
              [32m+[0m[0m registry_endpoint  = "https://mlrprodcc03.registry.azureml.ms"
              [32m+[0m[0m storage_account    = "https://stprodcc03.blob.core.windows.net"
              [32m+[0m[0m workspace_endpoint = "https://mlwprodcc03.api.azureml.ms"
            }
        }
      [32m+[0m[0m key_vault_security    = {
          [32m+[0m[0m auto_purge_enabled       = true
          [32m+[0m[0m purge_protection_enabled = false
        }
      [32m+[0m[0m region                = "canadacentral"
      [32m+[0m[0m region_code           = "cc"
      [32m+[0m[0m resource_groups       = {
          [32m+[0m[0m dev_registry_rg   = "rg-aml-reg-dev-cc-03"
          [32m+[0m[0m dev_vnet_rg       = "rg-aml-vnet-dev-cc-03"
          [32m+[0m[0m dev_workspace_rg  = "rg-aml-ws-dev-cc-03"
          [32m+[0m[0m prod_registry_rg  = "rg-aml-reg-prod-cc-03"
          [32m+[0m[0m prod_vnet_rg      = "rg-aml-vnet-prod-cc-03"
          [32m+[0m[0m prod_workspace_rg = "rg-aml-ws-prod-cc-03"
          [32m+[0m[0m shared_dns_rg     = "rg-aml-dns-shared-cc-03"
        }
      [32m+[0m[0m resource_naming       = {
          [32m+[0m[0m example_dev  = "mlwdevcc03"
          [32m+[0m[0m example_prod = "mlwprodcc03"
          [32m+[0m[0m pattern      = "[prefix][service][purpose][location_code][naming_suffix]"
        }
      [32m+[0m[0m service_principal     = {
          [32m+[0m[0m application_id = (known after apply)
          [32m+[0m[0m name           = "sp-aml-deployment-platform"
        }
      [32m+[0m[0m tags_applied          = {
          [32m+[0m[0m created_by  = "terraform"
          [32m+[0m[0m deployment  = "flat-vnet-bastion"
          [32m+[0m[0m environment = "multi-env"
          [32m+[0m[0m owner       = "ml-team"
          [32m+[0m[0m project     = "ml-platform"
        }
      [32m+[0m[0m terraform_version     = "~> 1.0"
    }
  [32m+[0m[0m prod_container_registry_name       = "acrprodcc03"
  [32m+[0m[0m prod_key_vault_name                = "kvprodcc03"
  [32m+[0m[0m prod_private_endpoint_fqdns        = {
      [32m+[0m[0m container_registry = "acrprodcc03.azurecr.io"
      [32m+[0m[0m key_vault          = "kvprodcc03.vaultcore.azure.net"
      [32m+[0m[0m storage_blob       = "stprodcc03.blob.core.windows.net"
      [32m+[0m[0m storage_file       = "stprodcc03.file.core.windows.net"
      [32m+[0m[0m workspace_api      = "mlwprodcc03.privatelink.api.azureml.ms"
    }
  [32m+[0m[0m prod_registry_id                   = (known after apply)
  [32m+[0m[0m prod_registry_name                 = "mlrprodcc03"
  [32m+[0m[0m prod_storage_account_name          = "stprodcc03"
  [32m+[0m[0m prod_subnet_id                     = (known after apply)
  [32m+[0m[0m prod_vnet_id                       = (known after apply)
  [32m+[0m[0m prod_workspace_id                  = (known after apply)
  [32m+[0m[0m prod_workspace_name                = "mlwprodcc03"
  [32m+[0m[0m prod_workspace_private_endpoint_ip = (known after apply)
  [32m+[0m[0m resource_group_names               = {
      [32m+[0m[0m dev_registry   = "rg-aml-reg-dev-cc-03"
      [32m+[0m[0m dev_vnet       = "rg-aml-vnet-dev-cc-03"
      [32m+[0m[0m dev_workspace  = "rg-aml-ws-dev-cc-03"
      [32m+[0m[0m prod_registry  = "rg-aml-reg-prod-cc-03"
      [32m+[0m[0m prod_vnet      = "rg-aml-vnet-prod-cc-03"
      [32m+[0m[0m prod_workspace = "rg-aml-ws-prod-cc-03"
      [32m+[0m[0m shared_dns     = "rg-aml-dns-shared-cc-03"
    }
  [32m+[0m[0m service_principal_application_id   = (known after apply)
  [32m+[0m[0m service_principal_display_name     = "sp-aml-deployment-platform"
  [32m+[0m[0m service_principal_object_id        = (known after apply)
  [32m+[0m[0m shared_aml_dns_zone_ids            = {
      [32m+[0m[0m api       = (known after apply)
      [32m+[0m[0m instances = (known after apply)
      [32m+[0m[0m notebooks = (known after apply)
    }
[90m
ΓöÇΓöÇΓöÇΓöÇΓöÇΓöÇΓöÇΓöÇΓöÇΓöÇΓöÇΓöÇΓöÇΓöÇΓöÇΓöÇΓöÇΓöÇΓöÇΓöÇΓöÇΓöÇΓöÇΓöÇΓöÇΓöÇΓöÇΓöÇΓöÇΓöÇΓöÇΓöÇΓöÇΓöÇΓöÇΓöÇΓöÇΓöÇΓöÇΓöÇΓöÇΓöÇΓöÇΓöÇΓöÇΓöÇΓöÇΓöÇΓöÇΓöÇΓöÇΓöÇΓöÇΓöÇΓöÇΓöÇΓöÇΓöÇΓöÇΓöÇΓöÇΓöÇΓöÇΓöÇΓöÇΓöÇΓöÇΓöÇΓöÇΓöÇΓöÇΓöÇΓöÇΓöÇΓöÇΓöÇΓöÇ[0m

Saved the plan to: tfplan

To perform exactly these actions, run the following command to apply:
    terraform apply "tfplan"
